
Microsoft Visual Studio Solution File, Format Version 12.00
# Visual Studio 15
VisualStudioVersion = 15.0.26124.0
MinimumVisualStudioVersion = 15.0.26124.0
Project("{9A19103F-16F7-4668-BE54-9A1E7A4F7556}") = "R5T.D0037.Construction", "R5T.D0037.Construction\R5T.D0037.Construction.csproj", "{0FDC3F50-144E-4381-8FBD-F18ADF363E25}"
EndProject
Project("{9A19103F-16F7-4668-BE54-9A1E7A4F7556}") = "R5T.D0037", "R5T.D0037\R5T.D0037.csproj", "{32277632-8C76-4EFC-B9EE-3ABF788606F6}"
EndProject
Project("{9A19103F-16F7-4668-BE54-9A1E7A4F7556}") = "R5T.D0037.Base", "R5T.D0037.Base\R5T.D0037.Base.csproj", "{7DBE76CB-D35F-4EC2-9F6D-C8BDA9778E42}"
EndProject
Project("{9A19103F-16F7-4668-BE54-9A1E7A4F7556}") = "R5T.D0038.Base", "..\..\R5T.D0038\source\R5T.D0038.Base\R5T.D0038.Base.csproj", "{C1A4A020-5504-4A47-87F9-79E697EF6038}"
EndProject
Project("{2150E333-8FDC-42A3-9474-1A3956D46DE8}") = "_Dependencies", "_Dependencies", "{EEA616BB-6AD2-4F34-BC4B-1F430277B31D}"
EndProject
Project("{9A19103F-16F7-4668-BE54-9A1E7A4F7556}") = "R5T.D0037.D0038", "R5T.D0037.D0038\R5T.D0037.D0038.csproj", "{6DBE04EC-D945-4A24-B16A-2DB556637F13}"
EndProject
Project("{9A19103F-16F7-4668-BE54-9A1E7A4F7556}") = "R5T.T0010", "..\..\R5T.T0010\source\R5T.T0010\R5T.T0010.csproj", "{532DB39C-B5CF-46E8-A9FA-C6A7A36CF622}"
EndProject
Project("{9A19103F-16F7-4668-BE54-9A1E7A4F7556}") = "R5T.Stagira", "..\..\R5T.Stagira\source\R5T.Stagira\R5T.Stagira.csproj", "{B6443248-A5A9-4A65-A27D-578CA53B6D48}"
EndProject
Project("{9A19103F-16F7-4668-BE54-9A1E7A4F7556}") = "R5T.Dacia.Extensions", "..\..\R5T.Dacia.Extensions\source\R5T.Dacia.Extensions\R5T.Dacia.Extensions.csproj", "{643C89A8-AE7D-44EC-B39A-38FD007F24FD}"
EndProject
Project("{9A19103F-16F7-4668-BE54-9A1E7A4F7556}") = "R5T.Dacia", "..\..\R5T.Dacia\source\R5T.Dacia\R5T.Dacia.csproj", "{C1DC7DCC-7F55-4F64-81DD-C07FBB59DD3F}"
EndProject
Project("{FAE04EC0-301F-11D3-BF4B-00C04F79EFBC}") = "R5T.D0037.Standard", "R5T.D0037.Standard\R5T.D0037.Standard.csproj", "{674D9CE9-E5F5-432C-B413-27120B629350}"
EndProject
Project("{9A19103F-16F7-4668-BE54-9A1E7A4F7556}") = "R5T.D0038.L0001", "..\..\R5T.D0038\source\R5T.D0038.L0001\R5T.D0038.L0001.csproj", "{39940DE5-DCAE-407C-9E6C-75FB3578F535}"
EndProject
Project("{9A19103F-16F7-4668-BE54-9A1E7A4F7556}") = "R5T.L0001.Extensions", "..\..\R5T.L0001\source\R5T.L0001.Extensions\R5T.L0001.Extensions.csproj", "{FD6B7E3C-4708-40E1-979B-7D00227177FA}"
EndProject
Project("{9A19103F-16F7-4668-BE54-9A1E7A4F7556}") = "R5T.L0001", "..\..\R5T.L0001\source\R5T.L0001\R5T.L0001.csproj", "{4BB9D65F-A406-4C2B-B2C4-F0ED3826DDBD}"
EndProject
Project("{9A19103F-16F7-4668-BE54-9A1E7A4F7556}") = "R5T.T0008", "..\..\R5T.T0008\source\R5T.T0008\R5T.T0008.csproj", "{80C27A9F-E150-4525-9EAA-E0E448398815}"
EndProject
Global
	GlobalSection(SolutionConfigurationPlatforms) = preSolution
		Debug|Any CPU = Debug|Any CPU
		Debug|x64 = Debug|x64
		Debug|x86 = Debug|x86
		Release|Any CPU = Release|Any CPU
		Release|x64 = Release|x64
		Release|x86 = Release|x86
	EndGlobalSection
	GlobalSection(ProjectConfigurationPlatforms) = postSolution
		{0FDC3F50-144E-4381-8FBD-F18ADF363E25}.Debug|Any CPU.ActiveCfg = Debug|Any CPU
		{0FDC3F50-144E-4381-8FBD-F18ADF363E25}.Debug|Any CPU.Build.0 = Debug|Any CPU
		{0FDC3F50-144E-4381-8FBD-F18ADF363E25}.Debug|x64.ActiveCfg = Debug|Any CPU
		{0FDC3F50-144E-4381-8FBD-F18ADF363E25}.Debug|x64.Build.0 = Debug|Any CPU
		{0FDC3F50-144E-4381-8FBD-F18ADF363E25}.Debug|x86.ActiveCfg = Debug|Any CPU
		{0FDC3F50-144E-4381-8FBD-F18ADF363E25}.Debug|x86.Build.0 = Debug|Any CPU
		{0FDC3F50-144E-4381-8FBD-F18ADF363E25}.Release|Any CPU.ActiveCfg = Release|Any CPU
		{0FDC3F50-144E-4381-8FBD-F18ADF363E25}.Release|Any CPU.Build.0 = Release|Any CPU
		{0FDC3F50-144E-4381-8FBD-F18ADF363E25}.Release|x64.ActiveCfg = Release|Any CPU
		{0FDC3F50-144E-4381-8FBD-F18ADF363E25}.Release|x64.Build.0 = Release|Any CPU
		{0FDC3F50-144E-4381-8FBD-F18ADF363E25}.Release|x86.ActiveCfg = Release|Any CPU
		{0FDC3F50-144E-4381-8FBD-F18ADF363E25}.Release|x86.Build.0 = Release|Any CPU
		{32277632-8C76-4EFC-B9EE-3ABF788606F6}.Debug|Any CPU.ActiveCfg = Debug|Any CPU
		{32277632-8C76-4EFC-B9EE-3ABF788606F6}.Debug|Any CPU.Build.0 = Debug|Any CPU
		{32277632-8C76-4EFC-B9EE-3ABF788606F6}.Debug|x64.ActiveCfg = Debug|Any CPU
		{32277632-8C76-4EFC-B9EE-3ABF788606F6}.Debug|x64.Build.0 = Debug|Any CPU
		{32277632-8C76-4EFC-B9EE-3ABF788606F6}.Debug|x86.ActiveCfg = Debug|Any CPU
		{32277632-8C76-4EFC-B9EE-3ABF788606F6}.Debug|x86.Build.0 = Debug|Any CPU
		{32277632-8C76-4EFC-B9EE-3ABF788606F6}.Release|Any CPU.ActiveCfg = Release|Any CPU
		{32277632-8C76-4EFC-B9EE-3ABF788606F6}.Release|Any CPU.Build.0 = Release|Any CPU
		{32277632-8C76-4EFC-B9EE-3ABF788606F6}.Release|x64.ActiveCfg = Release|Any CPU
		{32277632-8C76-4EFC-B9EE-3ABF788606F6}.Release|x64.Build.0 = Release|Any CPU
		{32277632-8C76-4EFC-B9EE-3ABF788606F6}.Release|x86.ActiveCfg = Release|Any CPU
		{32277632-8C76-4EFC-B9EE-3ABF788606F6}.Release|x86.Build.0 = Release|Any CPU
		{7DBE76CB-D35F-4EC2-9F6D-C8BDA9778E42}.Debug|Any CPU.ActiveCfg = Debug|Any CPU
		{7DBE76CB-D35F-4EC2-9F6D-C8BDA9778E42}.Debug|Any CPU.Build.0 = Debug|Any CPU
		{7DBE76CB-D35F-4EC2-9F6D-C8BDA9778E42}.Debug|x64.ActiveCfg = Debug|Any CPU
		{7DBE76CB-D35F-4EC2-9F6D-C8BDA9778E42}.Debug|x64.Build.0 = Debug|Any CPU
		{7DBE76CB-D35F-4EC2-9F6D-C8BDA9778E42}.Debug|x86.ActiveCfg = Debug|Any CPU
		{7DBE76CB-D35F-4EC2-9F6D-C8BDA9778E42}.Debug|x86.Build.0 = Debug|Any CPU
		{7DBE76CB-D35F-4EC2-9F6D-C8BDA9778E42}.Release|Any CPU.ActiveCfg = Release|Any CPU
		{7DBE76CB-D35F-4EC2-9F6D-C8BDA9778E42}.Release|Any CPU.Build.0 = Release|Any CPU
		{7DBE76CB-D35F-4EC2-9F6D-C8BDA9778E42}.Release|x64.ActiveCfg = Release|Any CPU
		{7DBE76CB-D35F-4EC2-9F6D-C8BDA9778E42}.Release|x64.Build.0 = Release|Any CPU
		{7DBE76CB-D35F-4EC2-9F6D-C8BDA9778E42}.Release|x86.ActiveCfg = Release|Any CPU
		{7DBE76CB-D35F-4EC2-9F6D-C8BDA9778E42}.Release|x86.Build.0 = Release|Any CPU
		{C1A4A020-5504-4A47-87F9-79E697EF6038}.Debug|Any CPU.ActiveCfg = Debug|Any CPU
		{C1A4A020-5504-4A47-87F9-79E697EF6038}.Debug|Any CPU.Build.0 = Debug|Any CPU
		{C1A4A020-5504-4A47-87F9-79E697EF6038}.Debug|x64.ActiveCfg = Debug|Any CPU
		{C1A4A020-5504-4A47-87F9-79E697EF6038}.Debug|x64.Build.0 = Debug|Any CPU
		{C1A4A020-5504-4A47-87F9-79E697EF6038}.Debug|x86.ActiveCfg = Debug|Any CPU
		{C1A4A020-5504-4A47-87F9-79E697EF6038}.Debug|x86.Build.0 = Debug|Any CPU
		{C1A4A020-5504-4A47-87F9-79E697EF6038}.Release|Any CPU.ActiveCfg = Release|Any CPU
		{C1A4A020-5504-4A47-87F9-79E697EF6038}.Release|Any CPU.Build.0 = Release|Any CPU
		{C1A4A020-5504-4A47-87F9-79E697EF6038}.Release|x64.ActiveCfg = Release|Any CPU
		{C1A4A020-5504-4A47-87F9-79E697EF6038}.Release|x64.Build.0 = Release|Any CPU
		{C1A4A020-5504-4A47-87F9-79E697EF6038}.Release|x86.ActiveCfg = Release|Any CPU
		{C1A4A020-5504-4A47-87F9-79E697EF6038}.Release|x86.Build.0 = Release|Any CPU
		{6DBE04EC-D945-4A24-B16A-2DB556637F13}.Debug|Any CPU.ActiveCfg = Debug|Any CPU
		{6DBE04EC-D945-4A24-B16A-2DB556637F13}.Debug|Any CPU.Build.0 = Debug|Any CPU
		{6DBE04EC-D945-4A24-B16A-2DB556637F13}.Debug|x64.ActiveCfg = Debug|Any CPU
		{6DBE04EC-D945-4A24-B16A-2DB556637F13}.Debug|x64.Build.0 = Debug|Any CPU
		{6DBE04EC-D945-4A24-B16A-2DB556637F13}.Debug|x86.ActiveCfg = Debug|Any CPU
		{6DBE04EC-D945-4A24-B16A-2DB556637F13}.Debug|x86.Build.0 = Debug|Any CPU
		{6DBE04EC-D945-4A24-B16A-2DB556637F13}.Release|Any CPU.ActiveCfg = Release|Any CPU
		{6DBE04EC-D945-4A24-B16A-2DB556637F13}.Release|Any CPU.Build.0 = Release|Any CPU
		{6DBE04EC-D945-4A24-B16A-2DB556637F13}.Release|x64.ActiveCfg = Release|Any CPU
		{6DBE04EC-D945-4A24-B16A-2DB556637F13}.Release|x64.Build.0 = Release|Any CPU
		{6DBE04EC-D945-4A24-B16A-2DB556637F13}.Release|x86.ActiveCfg = Release|Any CPU
		{6DBE04EC-D945-4A24-B16A-2DB556637F13}.Release|x86.Build.0 = Release|Any CPU
		{532DB39C-B5CF-46E8-A9FA-C6A7A36CF622}.Debug|Any CPU.ActiveCfg = Debug|Any CPU
		{532DB39C-B5CF-46E8-A9FA-C6A7A36CF622}.Debug|Any CPU.Build.0 = Debug|Any CPU
		{532DB39C-B5CF-46E8-A9FA-C6A7A36CF622}.Debug|x64.ActiveCfg = Debug|Any CPU
		{532DB39C-B5CF-46E8-A9FA-C6A7A36CF622}.Debug|x64.Build.0 = Debug|Any CPU
		{532DB39C-B5CF-46E8-A9FA-C6A7A36CF622}.Debug|x86.ActiveCfg = Debug|Any CPU
		{532DB39C-B5CF-46E8-A9FA-C6A7A36CF622}.Debug|x86.Build.0 = Debug|Any CPU
		{532DB39C-B5CF-46E8-A9FA-C6A7A36CF622}.Release|Any CPU.ActiveCfg = Release|Any CPU
		{532DB39C-B5CF-46E8-A9FA-C6A7A36CF622}.Release|Any CPU.Build.0 = Release|Any CPU
		{532DB39C-B5CF-46E8-A9FA-C6A7A36CF622}.Release|x64.ActiveCfg = Release|Any CPU
		{532DB39C-B5CF-46E8-A9FA-C6A7A36CF622}.Release|x64.Build.0 = Release|Any CPU
		{532DB39C-B5CF-46E8-A9FA-C6A7A36CF622}.Release|x86.ActiveCfg = Release|Any CPU
		{532DB39C-B5CF-46E8-A9FA-C6A7A36CF622}.Release|x86.Build.0 = Release|Any CPU
		{B6443248-A5A9-4A65-A27D-578CA53B6D48}.Debug|Any CPU.ActiveCfg = Debug|Any CPU
		{B6443248-A5A9-4A65-A27D-578CA53B6D48}.Debug|Any CPU.Build.0 = Debug|Any CPU
		{B6443248-A5A9-4A65-A27D-578CA53B6D48}.Debug|x64.ActiveCfg = Debug|Any CPU
		{B6443248-A5A9-4A65-A27D-578CA53B6D48}.Debug|x64.Build.0 = Debug|Any CPU
		{B6443248-A5A9-4A65-A27D-578CA53B6D48}.Debug|x86.ActiveCfg = Debug|Any CPU
		{B6443248-A5A9-4A65-A27D-578CA53B6D48}.Debug|x86.Build.0 = Debug|Any CPU
		{B6443248-A5A9-4A65-A27D-578CA53B6D48}.Release|Any CPU.ActiveCfg = Release|Any CPU
		{B6443248-A5A9-4A65-A27D-578CA53B6D48}.Release|Any CPU.Build.0 = Release|Any CPU
		{B6443248-A5A9-4A65-A27D-578CA53B6D48}.Release|x64.ActiveCfg = Release|Any CPU
		{B6443248-A5A9-4A65-A27D-578CA53B6D48}.Release|x64.Build.0 = Release|Any CPU
		{B6443248-A5A9-4A65-A27D-578CA53B6D48}.Release|x86.ActiveCfg = Release|Any CPU
		{B6443248-A5A9-4A65-A27D-578CA53B6D48}.Release|x86.Build.0 = Release|Any CPU
		{643C89A8-AE7D-44EC-B39A-38FD007F24FD}.Debug|Any CPU.ActiveCfg = Debug|Any CPU
		{643C89A8-AE7D-44EC-B39A-38FD007F24FD}.Debug|Any CPU.Build.0 = Debug|Any CPU
		{643C89A8-AE7D-44EC-B39A-38FD007F24FD}.Debug|x64.ActiveCfg = Debug|Any CPU
		{643C89A8-AE7D-44EC-B39A-38FD007F24FD}.Debug|x64.Build.0 = Debug|Any CPU
		{643C89A8-AE7D-44EC-B39A-38FD007F24FD}.Debug|x86.ActiveCfg = Debug|Any CPU
		{643C89A8-AE7D-44EC-B39A-38FD007F24FD}.Debug|x86.Build.0 = Debug|Any CPU
		{643C89A8-AE7D-44EC-B39A-38FD007F24FD}.Release|Any CPU.ActiveCfg = Release|Any CPU
		{643C89A8-AE7D-44EC-B39A-38FD007F24FD}.Release|Any CPU.Build.0 = Release|Any CPU
		{643C89A8-AE7D-44EC-B39A-38FD007F24FD}.Release|x64.ActiveCfg = Release|Any CPU
		{643C89A8-AE7D-44EC-B39A-38FD007F24FD}.Release|x64.Build.0 = Release|Any CPU
		{643C89A8-AE7D-44EC-B39A-38FD007F24FD}.Release|x86.ActiveCfg = Release|Any CPU
		{643C89A8-AE7D-44EC-B39A-38FD007F24FD}.Release|x86.Build.0 = Release|Any CPU
		{C1DC7DCC-7F55-4F64-81DD-C07FBB59DD3F}.Debug|Any CPU.ActiveCfg = Debug|Any CPU
		{C1DC7DCC-7F55-4F64-81DD-C07FBB59DD3F}.Debug|Any CPU.Build.0 = Debug|Any CPU
		{C1DC7DCC-7F55-4F64-81DD-C07FBB59DD3F}.Debug|x64.ActiveCfg = Debug|Any CPU
		{C1DC7DCC-7F55-4F64-81DD-C07FBB59DD3F}.Debug|x64.Build.0 = Debug|Any CPU
		{C1DC7DCC-7F55-4F64-81DD-C07FBB59DD3F}.Debug|x86.ActiveCfg = Debug|Any CPU
		{C1DC7DCC-7F55-4F64-81DD-C07FBB59DD3F}.Debug|x86.Build.0 = Debug|Any CPU
		{C1DC7DCC-7F55-4F64-81DD-C07FBB59DD3F}.Release|Any CPU.ActiveCfg = Release|Any CPU
		{C1DC7DCC-7F55-4F64-81DD-C07FBB59DD3F}.Release|Any CPU.Build.0 = Release|Any CPU
		{C1DC7DCC-7F55-4F64-81DD-C07FBB59DD3F}.Release|x64.ActiveCfg = Release|Any CPU
		{C1DC7DCC-7F55-4F64-81DD-C07FBB59DD3F}.Release|x64.Build.0 = Release|Any CPU
		{C1DC7DCC-7F55-4F64-81DD-C07FBB59DD3F}.Release|x86.ActiveCfg = Release|Any CPU
		{C1DC7DCC-7F55-4F64-81DD-C07FBB59DD3F}.Release|x86.Build.0 = Release|Any CPU
		{674D9CE9-E5F5-432C-B413-27120B629350}.Debug|Any CPU.ActiveCfg = Debug|Any CPU
		{674D9CE9-E5F5-432C-B413-27120B629350}.Debug|Any CPU.Build.0 = Debug|Any CPU
		{674D9CE9-E5F5-432C-B413-27120B629350}.Debug|x64.ActiveCfg = Debug|Any CPU
		{674D9CE9-E5F5-432C-B413-27120B629350}.Debug|x64.Build.0 = Debug|Any CPU
		{674D9CE9-E5F5-432C-B413-27120B629350}.Debug|x86.ActiveCfg = Debug|Any CPU
		{674D9CE9-E5F5-432C-B413-27120B629350}.Debug|x86.Build.0 = Debug|Any CPU
		{674D9CE9-E5F5-432C-B413-27120B629350}.Release|Any CPU.ActiveCfg = Release|Any CPU
		{674D9CE9-E5F5-432C-B413-27120B629350}.Release|Any CPU.Build.0 = Release|Any CPU
		{674D9CE9-E5F5-432C-B413-27120B629350}.Release|x64.ActiveCfg = Release|Any CPU
		{674D9CE9-E5F5-432C-B413-27120B629350}.Release|x64.Build.0 = Release|Any CPU
		{674D9CE9-E5F5-432C-B413-27120B629350}.Release|x86.ActiveCfg = Release|Any CPU
		{674D9CE9-E5F5-432C-B413-27120B629350}.Release|x86.Build.0 = Release|Any CPU
		{39940DE5-DCAE-407C-9E6C-75FB3578F535}.Debug|Any CPU.ActiveCfg = Debug|Any CPU
		{39940DE5-DCAE-407C-9E6C-75FB3578F535}.Debug|Any CPU.Build.0 = Debug|Any CPU
		{39940DE5-DCAE-407C-9E6C-75FB3578F535}.Debug|x64.ActiveCfg = Debug|Any CPU
		{39940DE5-DCAE-407C-9E6C-75FB3578F535}.Debug|x64.Build.0 = Debug|Any CPU
		{39940DE5-DCAE-407C-9E6C-75FB3578F535}.Debug|x86.ActiveCfg = Debug|Any CPU
		{39940DE5-DCAE-407C-9E6C-75FB3578F535}.Debug|x86.Build.0 = Debug|Any CPU
		{39940DE5-DCAE-407C-9E6C-75FB3578F535}.Release|Any CPU.ActiveCfg = Release|Any CPU
		{39940DE5-DCAE-407C-9E6C-75FB3578F535}.Release|Any CPU.Build.0 = Release|Any CPU
		{39940DE5-DCAE-407C-9E6C-75FB3578F535}.Release|x64.ActiveCfg = Release|Any CPU
		{39940DE5-DCAE-407C-9E6C-75FB3578F535}.Release|x64.Build.0 = Release|Any CPU
		{39940DE5-DCAE-407C-9E6C-75FB3578F535}.Release|x86.ActiveCfg = Release|Any CPU
		{39940DE5-DCAE-407C-9E6C-75FB3578F535}.Release|x86.Build.0 = Release|Any CPU
		{FD6B7E3C-4708-40E1-979B-7D00227177FA}.Debug|Any CPU.ActiveCfg = Debug|Any CPU
		{FD6B7E3C-4708-40E1-979B-7D00227177FA}.Debug|Any CPU.Build.0 = Debug|Any CPU
		{FD6B7E3C-4708-40E1-979B-7D00227177FA}.Debug|x64.ActiveCfg = Debug|Any CPU
		{FD6B7E3C-4708-40E1-979B-7D00227177FA}.Debug|x64.Build.0 = Debug|Any CPU
		{FD6B7E3C-4708-40E1-979B-7D00227177FA}.Debug|x86.ActiveCfg = Debug|Any CPU
		{FD6B7E3C-4708-40E1-979B-7D00227177FA}.Debug|x86.Build.0 = Debug|Any CPU
		{FD6B7E3C-4708-40E1-979B-7D00227177FA}.Release|Any CPU.ActiveCfg = Release|Any CPU
		{FD6B7E3C-4708-40E1-979B-7D00227177FA}.Release|Any CPU.Build.0 = Release|Any CPU
		{FD6B7E3C-4708-40E1-979B-7D00227177FA}.Release|x64.ActiveCfg = Release|Any CPU
		{FD6B7E3C-4708-40E1-979B-7D00227177FA}.Release|x64.Build.0 = Release|Any CPU
		{FD6B7E3C-4708-40E1-979B-7D00227177FA}.Release|x86.ActiveCfg = Release|Any CPU
		{FD6B7E3C-4708-40E1-979B-7D00227177FA}.Release|x86.Build.0 = Release|Any CPU
		{4BB9D65F-A406-4C2B-B2C4-F0ED3826DDBD}.Debug|Any CPU.ActiveCfg = Debug|Any CPU
		{4BB9D65F-A406-4C2B-B2C4-F0ED3826DDBD}.Debug|Any CPU.Build.0 = Debug|Any CPU
		{4BB9D65F-A406-4C2B-B2C4-F0ED3826DDBD}.Debug|x64.ActiveCfg = Debug|Any CPU
		{4BB9D65F-A406-4C2B-B2C4-F0ED3826DDBD}.Debug|x64.Build.0 = Debug|Any CPU
		{4BB9D65F-A406-4C2B-B2C4-F0ED3826DDBD}.Debug|x86.ActiveCfg = Debug|Any CPU
		{4BB9D65F-A406-4C2B-B2C4-F0ED3826DDBD}.Debug|x86.Build.0 = Debug|Any CPU
		{4BB9D65F-A406-4C2B-B2C4-F0ED3826DDBD}.Release|Any CPU.ActiveCfg = Release|Any CPU
		{4BB9D65F-A406-4C2B-B2C4-F0ED3826DDBD}.Release|Any CPU.Build.0 = Release|Any CPU
		{4BB9D65F-A406-4C2B-B2C4-F0ED3826DDBD}.Release|x64.ActiveCfg = Release|Any CPU
		{4BB9D65F-A406-4C2B-B2C4-F0ED3826DDBD}.Release|x64.Build.0 = Release|Any CPU
		{4BB9D65F-A406-4C2B-B2C4-F0ED3826DDBD}.Release|x86.ActiveCfg = Release|Any CPU
		{4BB9D65F-A406-4C2B-B2C4-F0ED3826DDBD}.Release|x86.Build.0 = Release|Any CPU
		{80C27A9F-E150-4525-9EAA-E0E448398815}.Debug|Any CPU.ActiveCfg = Debug|Any CPU
		{80C27A9F-E150-4525-9EAA-E0E448398815}.Debug|Any CPU.Build.0 = Debug|Any CPU
		{80C27A9F-E150-4525-9EAA-E0E448398815}.Debug|x64.ActiveCfg = Debug|Any CPU
		{80C27A9F-E150-4525-9EAA-E0E448398815}.Debug|x64.Build.0 = Debug|Any CPU
		{80C27A9F-E150-4525-9EAA-E0E448398815}.Debug|x86.ActiveCfg = Debug|Any CPU
		{80C27A9F-E150-4525-9EAA-E0E448398815}.Debug|x86.Build.0 = Debug|Any CPU
		{80C27A9F-E150-4525-9EAA-E0E448398815}.Release|Any CPU.ActiveCfg = Release|Any CPU
		{80C27A9F-E150-4525-9EAA-E0E448398815}.Release|Any CPU.Build.0 = Release|Any CPU
		{80C27A9F-E150-4525-9EAA-E0E448398815}.Release|x64.ActiveCfg = Release|Any CPU
		{80C27A9F-E150-4525-9EAA-E0E448398815}.Release|x64.Build.0 = Release|Any CPU
		{80C27A9F-E150-4525-9EAA-E0E448398815}.Release|x86.ActiveCfg = Release|Any CPU
		{80C27A9F-E150-4525-9EAA-E0E448398815}.Release|x86.Build.0 = Release|Any CPU
	EndGlobalSection
	GlobalSection(SolutionProperties) = preSolution
		HideSolutionNode = FALSE
	EndGlobalSection
	GlobalSection(NestedProjects) = preSolution
		{C1A4A020-5504-4A47-87F9-79E697EF6038} = {EEA616BB-6AD2-4F34-BC4B-1F430277B31D}
		{532DB39C-B5CF-46E8-A9FA-C6A7A36CF622} = {EEA616BB-6AD2-4F34-BC4B-1F430277B31D}
		{B6443248-A5A9-4A65-A27D-578CA53B6D48} = {EEA616BB-6AD2-4F34-BC4B-1F430277B31D}
		{643C89A8-AE7D-44EC-B39A-38FD007F24FD} = {EEA616BB-6AD2-4F34-BC4B-1F430277B31D}
		{C1DC7DCC-7F55-4F64-81DD-C07FBB59DD3F} = {EEA616BB-6AD2-4F34-BC4B-1F430277B31D}
		{39940DE5-DCAE-407C-9E6C-75FB3578F535} = {EEA616BB-6AD2-4F34-BC4B-1F430277B31D}
		{FD6B7E3C-4708-40E1-979B-7D00227177FA} = {EEA616BB-6AD2-4F34-BC4B-1F430277B31D}
		{4BB9D65F-A406-4C2B-B2C4-F0ED3826DDBD} = {EEA616BB-6AD2-4F34-BC4B-1F430277B31D}
		{80C27A9F-E150-4525-9EAA-E0E448398815} = {EEA616BB-6AD2-4F34-BC4B-1F430277B31D}
	EndGlobalSection
	GlobalSection(ExtensibilityGlobals) = postSolution
		SolutionGuid = {5EDA2D1C-FA1E-49A0-A67C-5267D7503BB2}
	EndGlobalSection
EndGlobal
