
Microsoft Visual Studio Solution File, Format Version 12.00
# Visual Studio Version 16
VisualStudioVersion = 16.6.30114.105
MinimumVisualStudioVersion = 10.0.40219.1
Project("{9A19103F-16F7-4668-BE54-9A1E7A4F7556}") = "R5T.D0037.Base", "R5T.D0037.Base\R5T.D0037.Base.csproj", "{7DBE76CB-D35F-4EC2-9F6D-C8BDA9778E42}"
EndProject
Project("{9A19103F-16F7-4668-BE54-9A1E7A4F7556}") = "R5T.D0038.Base", "..\..\R5T.D0038\source\R5T.D0038.Base\R5T.D0038.Base.csproj", "{C1A4A020-5504-4A47-87F9-79E697EF6038}"
EndProject
Project("{2150E333-8FDC-42A3-9474-1A3956D46DE8}") = "_Dependencies", "_Dependencies", "{EEA616BB-6AD2-4F34-BC4B-1F430277B31D}"
EndProject
Project("{9A19103F-16F7-4668-BE54-9A1E7A4F7556}") = "R5T.D0037.D0038", "R5T.D0037.D0038\R5T.D0037.D0038.csproj", "{6DBE04EC-D945-4A24-B16A-2DB556637F13}"
EndProject
Project("{9A19103F-16F7-4668-BE54-9A1E7A4F7556}") = "R5T.T0010", "..\..\R5T.T0010\source\R5T.T0010\R5T.T0010.csproj", "{532DB39C-B5CF-46E8-A9FA-C6A7A36CF622}"
EndProject
Project("{9A19103F-16F7-4668-BE54-9A1E7A4F7556}") = "R5T.Stagira", "..\..\R5T.Stagira\source\R5T.Stagira\R5T.Stagira.csproj", "{B6443248-A5A9-4A65-A27D-578CA53B6D48}"
EndProject
Project("{9A19103F-16F7-4668-BE54-9A1E7A4F7556}") = "R5T.Dacia.Extensions", "..\..\R5T.Dacia.Extensions\source\R5T.Dacia.Extensions\R5T.Dacia.Extensions.csproj", "{643C89A8-AE7D-44EC-B39A-38FD007F24FD}"
EndProject
Project("{9A19103F-16F7-4668-BE54-9A1E7A4F7556}") = "R5T.Dacia", "..\..\R5T.Dacia\source\R5T.Dacia\R5T.Dacia.csproj", "{C1DC7DCC-7F55-4F64-81DD-C07FBB59DD3F}"
EndProject
Project("{9A19103F-16F7-4668-BE54-9A1E7A4F7556}") = "R5T.Magyar", "..\..\R5T.Magyar\source\R5T.Magyar\R5T.Magyar.csproj", "{F1CC4E4C-EA65-43F9-8D46-9C7C5198C9DF}"
EndProject
Project("{FAE04EC0-301F-11D3-BF4B-00C04F79EFBC}") = "R5T.D0037.A002", "R5T.D0037.A002\R5T.D0037.A002.csproj", "{97781631-3EC7-436E-9F76-BB7AE30845F9}"
EndProject
Project("{9A19103F-16F7-4668-BE54-9A1E7A4F7556}") = "R5T.D0038.A002", "..\..\R5T.D0038\source\R5T.D0038.A002\R5T.D0038.A002.csproj", "{19066B60-E3F8-4841-B1D9-4BDFCF89006E}"
EndProject
Project("{9A19103F-16F7-4668-BE54-9A1E7A4F7556}") = "R5T.D0046.Default", "..\..\R5T.D0046\source\R5T.D0046.Default\R5T.D0046.Default.csproj", "{4599BBDB-B78D-4DA6-AA04-B35EA8930C2D}"
EndProject
Project("{9A19103F-16F7-4668-BE54-9A1E7A4F7556}") = "R5T.D0082.D001.Base", "..\..\R5T.D0082\source\R5T.D0082.D001.Base\R5T.D0082.D001.Base.csproj", "{2CED22C5-2069-4C60-B105-D1511C7BED3E}"
EndProject
Project("{9A19103F-16F7-4668-BE54-9A1E7A4F7556}") = "R5T.Dacia.T002", "..\..\R5T.Dacia\source\R5T.Dacia.T002\R5T.Dacia.T002.csproj", "{D4AA3216-5580-4FA8-B710-666B6AD997DC}"
EndProject
Project("{9A19103F-16F7-4668-BE54-9A1E7A4F7556}") = "R5T.Aalborg.Abstractions", "..\..\R5T.Aalborg\source\R5T.Aalborg.Abstractions\R5T.Aalborg.Abstractions.csproj", "{31ABE287-5E31-43E0-BCF6-26CF5CFF6BCF}"
EndProject
Project("{9A19103F-16F7-4668-BE54-9A1E7A4F7556}") = "R5T.D0046.Base", "..\..\R5T.D0046\source\R5T.D0046.Base\R5T.D0046.Base.csproj", "{3D83B373-85D3-4CD2-A782-4A6B13C4BF32}"
EndProject
Project("{9A19103F-16F7-4668-BE54-9A1E7A4F7556}") = "R5T.Aalborg", "..\..\R5T.Aalborg\source\R5T.Aalborg\R5T.Aalborg.csproj", "{04BFD98B-F344-4049-B960-11EE25B0CF77}"
EndProject
Project("{9A19103F-16F7-4668-BE54-9A1E7A4F7556}") = "R5T.D0038.L0001", "..\..\R5T.D0038\source\R5T.D0038.L0001\R5T.D0038.L0001.csproj", "{B0066630-39BD-4EA4-8B10-03D08ADB6FFF}"
EndProject
Project("{9A19103F-16F7-4668-BE54-9A1E7A4F7556}") = "R5T.L0001.Extensions", "..\..\R5T.L0001\source\R5T.L0001.Extensions\R5T.L0001.Extensions.csproj", "{30B6E5FF-E2C2-44C6-A23B-4320C5916551}"
EndProject
Project("{9A19103F-16F7-4668-BE54-9A1E7A4F7556}") = "R5T.L0001", "..\..\R5T.L0001\source\R5T.L0001\R5T.L0001.csproj", "{4C51BF15-563F-4CCF-8ED1-B99C3012BF8D}"
EndProject
Project("{9A19103F-16F7-4668-BE54-9A1E7A4F7556}") = "R5T.T0008", "..\..\R5T.T0008\source\R5T.T0008\R5T.T0008.csproj", "{7A374CCD-AF39-4EFE-97B6-9E782DC6C807}"
EndProject
Project("{9A19103F-16F7-4668-BE54-9A1E7A4F7556}") = "R5T.T0046", "..\..\R5T.T0046\source\R5T.T0046\R5T.T0046.csproj", "{9327A779-27D9-479C-9B36-E5C93213B3C3}"
EndProject
Project("{9A19103F-16F7-4668-BE54-9A1E7A4F7556}") = "R5T.D0046.I001", "..\..\R5T.D0046\source\R5T.D0046.I001\R5T.D0046.I001.csproj", "{8F861581-2F74-4A2F-B777-4E6B4E0CBE36}"
EndProject
Project("{9A19103F-16F7-4668-BE54-9A1E7A4F7556}") = "R5T.Newport.Extensions", "..\..\R5T.Newport\source\R5T.Newport.Extensions\R5T.Newport.Extensions.csproj", "{FAE36FFE-8277-497A-A537-BBAD964404E8}"
EndProject
Project("{9A19103F-16F7-4668-BE54-9A1E7A4F7556}") = "R5T.T0039.T002", "..\..\R5T.T0039\source\R5T.T0039.T002\R5T.T0039.T002.csproj", "{1E8AD4AC-A62F-4127-B91E-0A81EC72CEB3}"
EndProject
Project("{9A19103F-16F7-4668-BE54-9A1E7A4F7556}") = "R5T.Newport", "..\..\R5T.Newport\source\R5T.Newport\R5T.Newport.csproj", "{DC03C078-92E6-4A95-B66B-C9671EB0FB10}"
EndProject
Project("{9A19103F-16F7-4668-BE54-9A1E7A4F7556}") = "R5T.Suebia.Base", "..\..\R5T.Suebia\source\R5T.Suebia.Base\R5T.Suebia.Base.csproj", "{C4BD7874-E62C-4B49-A3C2-C2A2EAE7729C}"
EndProject
Project("{9A19103F-16F7-4668-BE54-9A1E7A4F7556}") = "R5T.T0021", "..\..\R5T.T0021\source\R5T.T0021\R5T.T0021.csproj", "{CD8BD9DD-F36D-45DA-A314-B98C0C177405}"
EndProject
Global
	GlobalSection(SolutionConfigurationPlatforms) = preSolution
		Debug|Any CPU = Debug|Any CPU
		Debug|x64 = Debug|x64
		Debug|x86 = Debug|x86
		Release|Any CPU = Release|Any CPU
		Release|x64 = Release|x64
		Release|x86 = Release|x86
	EndGlobalSection
	GlobalSection(ProjectConfigurationPlatforms) = postSolution
		{7DBE76CB-D35F-4EC2-9F6D-C8BDA9778E42}.Debug|Any CPU.ActiveCfg = Debug|Any CPU
		{7DBE76CB-D35F-4EC2-9F6D-C8BDA9778E42}.Debug|Any CPU.Build.0 = Debug|Any CPU
		{7DBE76CB-D35F-4EC2-9F6D-C8BDA9778E42}.Debug|x64.ActiveCfg = Debug|Any CPU
		{7DBE76CB-D35F-4EC2-9F6D-C8BDA9778E42}.Debug|x64.Build.0 = Debug|Any CPU
		{7DBE76CB-D35F-4EC2-9F6D-C8BDA9778E42}.Debug|x86.ActiveCfg = Debug|Any CPU
		{7DBE76CB-D35F-4EC2-9F6D-C8BDA9778E42}.Debug|x86.Build.0 = Debug|Any CPU
		{7DBE76CB-D35F-4EC2-9F6D-C8BDA9778E42}.Release|Any CPU.ActiveCfg = Release|Any CPU
		{7DBE76CB-D35F-4EC2-9F6D-C8BDA9778E42}.Release|Any CPU.Build.0 = Release|Any CPU
		{7DBE76CB-D35F-4EC2-9F6D-C8BDA9778E42}.Release|x64.ActiveCfg = Release|Any CPU
		{7DBE76CB-D35F-4EC2-9F6D-C8BDA9778E42}.Release|x64.Build.0 = Release|Any CPU
		{7DBE76CB-D35F-4EC2-9F6D-C8BDA9778E42}.Release|x86.ActiveCfg = Release|Any CPU
		{7DBE76CB-D35F-4EC2-9F6D-C8BDA9778E42}.Release|x86.Build.0 = Release|Any CPU
		{C1A4A020-5504-4A47-87F9-79E697EF6038}.Debug|Any CPU.ActiveCfg = Debug|Any CPU
		{C1A4A020-5504-4A47-87F9-79E697EF6038}.Debug|Any CPU.Build.0 = Debug|Any CPU
		{C1A4A020-5504-4A47-87F9-79E697EF6038}.Debug|x64.ActiveCfg = Debug|Any CPU
		{C1A4A020-5504-4A47-87F9-79E697EF6038}.Debug|x64.Build.0 = Debug|Any CPU
		{C1A4A020-5504-4A47-87F9-79E697EF6038}.Debug|x86.ActiveCfg = Debug|Any CPU
		{C1A4A020-5504-4A47-87F9-79E697EF6038}.Debug|x86.Build.0 = Debug|Any CPU
		{C1A4A020-5504-4A47-87F9-79E697EF6038}.Release|Any CPU.ActiveCfg = Release|Any CPU
		{C1A4A020-5504-4A47-87F9-79E697EF6038}.Release|Any CPU.Build.0 = Release|Any CPU
		{C1A4A020-5504-4A47-87F9-79E697EF6038}.Release|x64.ActiveCfg = Release|Any CPU
		{C1A4A020-5504-4A47-87F9-79E697EF6038}.Release|x64.Build.0 = Release|Any CPU
		{C1A4A020-5504-4A47-87F9-79E697EF6038}.Release|x86.ActiveCfg = Release|Any CPU
		{C1A4A020-5504-4A47-87F9-79E697EF6038}.Release|x86.Build.0 = Release|Any CPU
		{6DBE04EC-D945-4A24-B16A-2DB556637F13}.Debug|Any CPU.ActiveCfg = Debug|Any CPU
		{6DBE04EC-D945-4A24-B16A-2DB556637F13}.Debug|Any CPU.Build.0 = Debug|Any CPU
		{6DBE04EC-D945-4A24-B16A-2DB556637F13}.Debug|x64.ActiveCfg = Debug|Any CPU
		{6DBE04EC-D945-4A24-B16A-2DB556637F13}.Debug|x64.Build.0 = Debug|Any CPU
		{6DBE04EC-D945-4A24-B16A-2DB556637F13}.Debug|x86.ActiveCfg = Debug|Any CPU
		{6DBE04EC-D945-4A24-B16A-2DB556637F13}.Debug|x86.Build.0 = Debug|Any CPU
		{6DBE04EC-D945-4A24-B16A-2DB556637F13}.Release|Any CPU.ActiveCfg = Release|Any CPU
		{6DBE04EC-D945-4A24-B16A-2DB556637F13}.Release|Any CPU.Build.0 = Release|Any CPU
		{6DBE04EC-D945-4A24-B16A-2DB556637F13}.Release|x64.ActiveCfg = Release|Any CPU
		{6DBE04EC-D945-4A24-B16A-2DB556637F13}.Release|x64.Build.0 = Release|Any CPU
		{6DBE04EC-D945-4A24-B16A-2DB556637F13}.Release|x86.ActiveCfg = Release|Any CPU
		{6DBE04EC-D945-4A24-B16A-2DB556637F13}.Release|x86.Build.0 = Release|Any CPU
		{532DB39C-B5CF-46E8-A9FA-C6A7A36CF622}.Debug|Any CPU.ActiveCfg = Debug|Any CPU
		{532DB39C-B5CF-46E8-A9FA-C6A7A36CF622}.Debug|Any CPU.Build.0 = Debug|Any CPU
		{532DB39C-B5CF-46E8-A9FA-C6A7A36CF622}.Debug|x64.ActiveCfg = Debug|Any CPU
		{532DB39C-B5CF-46E8-A9FA-C6A7A36CF622}.Debug|x64.Build.0 = Debug|Any CPU
		{532DB39C-B5CF-46E8-A9FA-C6A7A36CF622}.Debug|x86.ActiveCfg = Debug|Any CPU
		{532DB39C-B5CF-46E8-A9FA-C6A7A36CF622}.Debug|x86.Build.0 = Debug|Any CPU
		{532DB39C-B5CF-46E8-A9FA-C6A7A36CF622}.Release|Any CPU.ActiveCfg = Release|Any CPU
		{532DB39C-B5CF-46E8-A9FA-C6A7A36CF622}.Release|Any CPU.Build.0 = Release|Any CPU
		{532DB39C-B5CF-46E8-A9FA-C6A7A36CF622}.Release|x64.ActiveCfg = Release|Any CPU
		{532DB39C-B5CF-46E8-A9FA-C6A7A36CF622}.Release|x64.Build.0 = Release|Any CPU
		{532DB39C-B5CF-46E8-A9FA-C6A7A36CF622}.Release|x86.ActiveCfg = Release|Any CPU
		{532DB39C-B5CF-46E8-A9FA-C6A7A36CF622}.Release|x86.Build.0 = Release|Any CPU
		{B6443248-A5A9-4A65-A27D-578CA53B6D48}.Debug|Any CPU.ActiveCfg = Debug|Any CPU
		{B6443248-A5A9-4A65-A27D-578CA53B6D48}.Debug|Any CPU.Build.0 = Debug|Any CPU
		{B6443248-A5A9-4A65-A27D-578CA53B6D48}.Debug|x64.ActiveCfg = Debug|Any CPU
		{B6443248-A5A9-4A65-A27D-578CA53B6D48}.Debug|x64.Build.0 = Debug|Any CPU
		{B6443248-A5A9-4A65-A27D-578CA53B6D48}.Debug|x86.ActiveCfg = Debug|Any CPU
		{B6443248-A5A9-4A65-A27D-578CA53B6D48}.Debug|x86.Build.0 = Debug|Any CPU
		{B6443248-A5A9-4A65-A27D-578CA53B6D48}.Release|Any CPU.ActiveCfg = Release|Any CPU
		{B6443248-A5A9-4A65-A27D-578CA53B6D48}.Release|Any CPU.Build.0 = Release|Any CPU
		{B6443248-A5A9-4A65-A27D-578CA53B6D48}.Release|x64.ActiveCfg = Release|Any CPU
		{B6443248-A5A9-4A65-A27D-578CA53B6D48}.Release|x64.Build.0 = Release|Any CPU
		{B6443248-A5A9-4A65-A27D-578CA53B6D48}.Release|x86.ActiveCfg = Release|Any CPU
		{B6443248-A5A9-4A65-A27D-578CA53B6D48}.Release|x86.Build.0 = Release|Any CPU
		{643C89A8-AE7D-44EC-B39A-38FD007F24FD}.Debug|Any CPU.ActiveCfg = Debug|Any CPU
		{643C89A8-AE7D-44EC-B39A-38FD007F24FD}.Debug|Any CPU.Build.0 = Debug|Any CPU
		{643C89A8-AE7D-44EC-B39A-38FD007F24FD}.Debug|x64.ActiveCfg = Debug|Any CPU
		{643C89A8-AE7D-44EC-B39A-38FD007F24FD}.Debug|x64.Build.0 = Debug|Any CPU
		{643C89A8-AE7D-44EC-B39A-38FD007F24FD}.Debug|x86.ActiveCfg = Debug|Any CPU
		{643C89A8-AE7D-44EC-B39A-38FD007F24FD}.Debug|x86.Build.0 = Debug|Any CPU
		{643C89A8-AE7D-44EC-B39A-38FD007F24FD}.Release|Any CPU.ActiveCfg = Release|Any CPU
		{643C89A8-AE7D-44EC-B39A-38FD007F24FD}.Release|Any CPU.Build.0 = Release|Any CPU
		{643C89A8-AE7D-44EC-B39A-38FD007F24FD}.Release|x64.ActiveCfg = Release|Any CPU
		{643C89A8-AE7D-44EC-B39A-38FD007F24FD}.Release|x64.Build.0 = Release|Any CPU
		{643C89A8-AE7D-44EC-B39A-38FD007F24FD}.Release|x86.ActiveCfg = Release|Any CPU
		{643C89A8-AE7D-44EC-B39A-38FD007F24FD}.Release|x86.Build.0 = Release|Any CPU
		{C1DC7DCC-7F55-4F64-81DD-C07FBB59DD3F}.Debug|Any CPU.ActiveCfg = Debug|Any CPU
		{C1DC7DCC-7F55-4F64-81DD-C07FBB59DD3F}.Debug|Any CPU.Build.0 = Debug|Any CPU
		{C1DC7DCC-7F55-4F64-81DD-C07FBB59DD3F}.Debug|x64.ActiveCfg = Debug|Any CPU
		{C1DC7DCC-7F55-4F64-81DD-C07FBB59DD3F}.Debug|x64.Build.0 = Debug|Any CPU
		{C1DC7DCC-7F55-4F64-81DD-C07FBB59DD3F}.Debug|x86.ActiveCfg = Debug|Any CPU
		{C1DC7DCC-7F55-4F64-81DD-C07FBB59DD3F}.Debug|x86.Build.0 = Debug|Any CPU
		{C1DC7DCC-7F55-4F64-81DD-C07FBB59DD3F}.Release|Any CPU.ActiveCfg = Release|Any CPU
		{C1DC7DCC-7F55-4F64-81DD-C07FBB59DD3F}.Release|Any CPU.Build.0 = Release|Any CPU
		{C1DC7DCC-7F55-4F64-81DD-C07FBB59DD3F}.Release|x64.ActiveCfg = Release|Any CPU
		{C1DC7DCC-7F55-4F64-81DD-C07FBB59DD3F}.Release|x64.Build.0 = Release|Any CPU
		{C1DC7DCC-7F55-4F64-81DD-C07FBB59DD3F}.Release|x86.ActiveCfg = Release|Any CPU
		{C1DC7DCC-7F55-4F64-81DD-C07FBB59DD3F}.Release|x86.Build.0 = Release|Any CPU
		{F1CC4E4C-EA65-43F9-8D46-9C7C5198C9DF}.Debug|Any CPU.ActiveCfg = Debug|Any CPU
		{F1CC4E4C-EA65-43F9-8D46-9C7C5198C9DF}.Debug|Any CPU.Build.0 = Debug|Any CPU
		{F1CC4E4C-EA65-43F9-8D46-9C7C5198C9DF}.Debug|x64.ActiveCfg = Debug|Any CPU
		{F1CC4E4C-EA65-43F9-8D46-9C7C5198C9DF}.Debug|x64.Build.0 = Debug|Any CPU
		{F1CC4E4C-EA65-43F9-8D46-9C7C5198C9DF}.Debug|x86.ActiveCfg = Debug|Any CPU
		{F1CC4E4C-EA65-43F9-8D46-9C7C5198C9DF}.Debug|x86.Build.0 = Debug|Any CPU
		{F1CC4E4C-EA65-43F9-8D46-9C7C5198C9DF}.Release|Any CPU.ActiveCfg = Release|Any CPU
		{F1CC4E4C-EA65-43F9-8D46-9C7C5198C9DF}.Release|Any CPU.Build.0 = Release|Any CPU
		{F1CC4E4C-EA65-43F9-8D46-9C7C5198C9DF}.Release|x64.ActiveCfg = Release|Any CPU
		{F1CC4E4C-EA65-43F9-8D46-9C7C5198C9DF}.Release|x64.Build.0 = Release|Any CPU
		{F1CC4E4C-EA65-43F9-8D46-9C7C5198C9DF}.Release|x86.ActiveCfg = Release|Any CPU
		{F1CC4E4C-EA65-43F9-8D46-9C7C5198C9DF}.Release|x86.Build.0 = Release|Any CPU
		{97781631-3EC7-436E-9F76-BB7AE30845F9}.Debug|Any CPU.ActiveCfg = Debug|Any CPU
		{97781631-3EC7-436E-9F76-BB7AE30845F9}.Debug|Any CPU.Build.0 = Debug|Any CPU
		{97781631-3EC7-436E-9F76-BB7AE30845F9}.Debug|x64.ActiveCfg = Debug|Any CPU
		{97781631-3EC7-436E-9F76-BB7AE30845F9}.Debug|x64.Build.0 = Debug|Any CPU
		{97781631-3EC7-436E-9F76-BB7AE30845F9}.Debug|x86.ActiveCfg = Debug|Any CPU
		{97781631-3EC7-436E-9F76-BB7AE30845F9}.Debug|x86.Build.0 = Debug|Any CPU
		{97781631-3EC7-436E-9F76-BB7AE30845F9}.Release|Any CPU.ActiveCfg = Release|Any CPU
		{97781631-3EC7-436E-9F76-BB7AE30845F9}.Release|Any CPU.Build.0 = Release|Any CPU
		{97781631-3EC7-436E-9F76-BB7AE30845F9}.Release|x64.ActiveCfg = Release|Any CPU
		{97781631-3EC7-436E-9F76-BB7AE30845F9}.Release|x64.Build.0 = Release|Any CPU
		{97781631-3EC7-436E-9F76-BB7AE30845F9}.Release|x86.ActiveCfg = Release|Any CPU
		{97781631-3EC7-436E-9F76-BB7AE30845F9}.Release|x86.Build.0 = Release|Any CPU
		{19066B60-E3F8-4841-B1D9-4BDFCF89006E}.Debug|Any CPU.ActiveCfg = Debug|Any CPU
		{19066B60-E3F8-4841-B1D9-4BDFCF89006E}.Debug|Any CPU.Build.0 = Debug|Any CPU
		{19066B60-E3F8-4841-B1D9-4BDFCF89006E}.Debug|x64.ActiveCfg = Debug|Any CPU
		{19066B60-E3F8-4841-B1D9-4BDFCF89006E}.Debug|x64.Build.0 = Debug|Any CPU
		{19066B60-E3F8-4841-B1D9-4BDFCF89006E}.Debug|x86.ActiveCfg = Debug|Any CPU
		{19066B60-E3F8-4841-B1D9-4BDFCF89006E}.Debug|x86.Build.0 = Debug|Any CPU
		{19066B60-E3F8-4841-B1D9-4BDFCF89006E}.Release|Any CPU.ActiveCfg = Release|Any CPU
		{19066B60-E3F8-4841-B1D9-4BDFCF89006E}.Release|Any CPU.Build.0 = Release|Any CPU
		{19066B60-E3F8-4841-B1D9-4BDFCF89006E}.Release|x64.ActiveCfg = Release|Any CPU
		{19066B60-E3F8-4841-B1D9-4BDFCF89006E}.Release|x64.Build.0 = Release|Any CPU
		{19066B60-E3F8-4841-B1D9-4BDFCF89006E}.Release|x86.ActiveCfg = Release|Any CPU
		{19066B60-E3F8-4841-B1D9-4BDFCF89006E}.Release|x86.Build.0 = Release|Any CPU
		{4599BBDB-B78D-4DA6-AA04-B35EA8930C2D}.Debug|Any CPU.ActiveCfg = Debug|Any CPU
		{4599BBDB-B78D-4DA6-AA04-B35EA8930C2D}.Debug|Any CPU.Build.0 = Debug|Any CPU
		{4599BBDB-B78D-4DA6-AA04-B35EA8930C2D}.Debug|x64.ActiveCfg = Debug|Any CPU
		{4599BBDB-B78D-4DA6-AA04-B35EA8930C2D}.Debug|x64.Build.0 = Debug|Any CPU
		{4599BBDB-B78D-4DA6-AA04-B35EA8930C2D}.Debug|x86.ActiveCfg = Debug|Any CPU
		{4599BBDB-B78D-4DA6-AA04-B35EA8930C2D}.Debug|x86.Build.0 = Debug|Any CPU
		{4599BBDB-B78D-4DA6-AA04-B35EA8930C2D}.Release|Any CPU.ActiveCfg = Release|Any CPU
		{4599BBDB-B78D-4DA6-AA04-B35EA8930C2D}.Release|Any CPU.Build.0 = Release|Any CPU
		{4599BBDB-B78D-4DA6-AA04-B35EA8930C2D}.Release|x64.ActiveCfg = Release|Any CPU
		{4599BBDB-B78D-4DA6-AA04-B35EA8930C2D}.Release|x64.Build.0 = Release|Any CPU
		{4599BBDB-B78D-4DA6-AA04-B35EA8930C2D}.Release|x86.ActiveCfg = Release|Any CPU
		{4599BBDB-B78D-4DA6-AA04-B35EA8930C2D}.Release|x86.Build.0 = Release|Any CPU
		{2CED22C5-2069-4C60-B105-D1511C7BED3E}.Debug|Any CPU.ActiveCfg = Debug|Any CPU
		{2CED22C5-2069-4C60-B105-D1511C7BED3E}.Debug|Any CPU.Build.0 = Debug|Any CPU
		{2CED22C5-2069-4C60-B105-D1511C7BED3E}.Debug|x64.ActiveCfg = Debug|Any CPU
		{2CED22C5-2069-4C60-B105-D1511C7BED3E}.Debug|x64.Build.0 = Debug|Any CPU
		{2CED22C5-2069-4C60-B105-D1511C7BED3E}.Debug|x86.ActiveCfg = Debug|Any CPU
		{2CED22C5-2069-4C60-B105-D1511C7BED3E}.Debug|x86.Build.0 = Debug|Any CPU
		{2CED22C5-2069-4C60-B105-D1511C7BED3E}.Release|Any CPU.ActiveCfg = Release|Any CPU
		{2CED22C5-2069-4C60-B105-D1511C7BED3E}.Release|Any CPU.Build.0 = Release|Any CPU
		{2CED22C5-2069-4C60-B105-D1511C7BED3E}.Release|x64.ActiveCfg = Release|Any CPU
		{2CED22C5-2069-4C60-B105-D1511C7BED3E}.Release|x64.Build.0 = Release|Any CPU
		{2CED22C5-2069-4C60-B105-D1511C7BED3E}.Release|x86.ActiveCfg = Release|Any CPU
		{2CED22C5-2069-4C60-B105-D1511C7BED3E}.Release|x86.Build.0 = Release|Any CPU
		{D4AA3216-5580-4FA8-B710-666B6AD997DC}.Debug|Any CPU.ActiveCfg = Debug|Any CPU
		{D4AA3216-5580-4FA8-B710-666B6AD997DC}.Debug|Any CPU.Build.0 = Debug|Any CPU
		{D4AA3216-5580-4FA8-B710-666B6AD997DC}.Debug|x64.ActiveCfg = Debug|Any CPU
		{D4AA3216-5580-4FA8-B710-666B6AD997DC}.Debug|x64.Build.0 = Debug|Any CPU
		{D4AA3216-5580-4FA8-B710-666B6AD997DC}.Debug|x86.ActiveCfg = Debug|Any CPU
		{D4AA3216-5580-4FA8-B710-666B6AD997DC}.Debug|x86.Build.0 = Debug|Any CPU
		{D4AA3216-5580-4FA8-B710-666B6AD997DC}.Release|Any CPU.ActiveCfg = Release|Any CPU
		{D4AA3216-5580-4FA8-B710-666B6AD997DC}.Release|Any CPU.Build.0 = Release|Any CPU
		{D4AA3216-5580-4FA8-B710-666B6AD997DC}.Release|x64.ActiveCfg = Release|Any CPU
		{D4AA3216-5580-4FA8-B710-666B6AD997DC}.Release|x64.Build.0 = Release|Any CPU
		{D4AA3216-5580-4FA8-B710-666B6AD997DC}.Release|x86.ActiveCfg = Release|Any CPU
		{D4AA3216-5580-4FA8-B710-666B6AD997DC}.Release|x86.Build.0 = Release|Any CPU
		{31ABE287-5E31-43E0-BCF6-26CF5CFF6BCF}.Debug|Any CPU.ActiveCfg = Debug|Any CPU
		{31ABE287-5E31-43E0-BCF6-26CF5CFF6BCF}.Debug|Any CPU.Build.0 = Debug|Any CPU
		{31ABE287-5E31-43E0-BCF6-26CF5CFF6BCF}.Debug|x64.ActiveCfg = Debug|Any CPU
		{31ABE287-5E31-43E0-BCF6-26CF5CFF6BCF}.Debug|x64.Build.0 = Debug|Any CPU
		{31ABE287-5E31-43E0-BCF6-26CF5CFF6BCF}.Debug|x86.ActiveCfg = Debug|Any CPU
		{31ABE287-5E31-43E0-BCF6-26CF5CFF6BCF}.Debug|x86.Build.0 = Debug|Any CPU
		{31ABE287-5E31-43E0-BCF6-26CF5CFF6BCF}.Release|Any CPU.ActiveCfg = Release|Any CPU
		{31ABE287-5E31-43E0-BCF6-26CF5CFF6BCF}.Release|Any CPU.Build.0 = Release|Any CPU
		{31ABE287-5E31-43E0-BCF6-26CF5CFF6BCF}.Release|x64.ActiveCfg = Release|Any CPU
		{31ABE287-5E31-43E0-BCF6-26CF5CFF6BCF}.Release|x64.Build.0 = Release|Any CPU
		{31ABE287-5E31-43E0-BCF6-26CF5CFF6BCF}.Release|x86.ActiveCfg = Release|Any CPU
		{31ABE287-5E31-43E0-BCF6-26CF5CFF6BCF}.Release|x86.Build.0 = Release|Any CPU
		{3D83B373-85D3-4CD2-A782-4A6B13C4BF32}.Debug|Any CPU.ActiveCfg = Debug|Any CPU
		{3D83B373-85D3-4CD2-A782-4A6B13C4BF32}.Debug|Any CPU.Build.0 = Debug|Any CPU
		{3D83B373-85D3-4CD2-A782-4A6B13C4BF32}.Debug|x64.ActiveCfg = Debug|Any CPU
		{3D83B373-85D3-4CD2-A782-4A6B13C4BF32}.Debug|x64.Build.0 = Debug|Any CPU
		{3D83B373-85D3-4CD2-A782-4A6B13C4BF32}.Debug|x86.ActiveCfg = Debug|Any CPU
		{3D83B373-85D3-4CD2-A782-4A6B13C4BF32}.Debug|x86.Build.0 = Debug|Any CPU
		{3D83B373-85D3-4CD2-A782-4A6B13C4BF32}.Release|Any CPU.ActiveCfg = Release|Any CPU
		{3D83B373-85D3-4CD2-A782-4A6B13C4BF32}.Release|Any CPU.Build.0 = Release|Any CPU
		{3D83B373-85D3-4CD2-A782-4A6B13C4BF32}.Release|x64.ActiveCfg = Release|Any CPU
		{3D83B373-85D3-4CD2-A782-4A6B13C4BF32}.Release|x64.Build.0 = Release|Any CPU
		{3D83B373-85D3-4CD2-A782-4A6B13C4BF32}.Release|x86.ActiveCfg = Release|Any CPU
		{3D83B373-85D3-4CD2-A782-4A6B13C4BF32}.Release|x86.Build.0 = Release|Any CPU
		{04BFD98B-F344-4049-B960-11EE25B0CF77}.Debug|Any CPU.ActiveCfg = Debug|Any CPU
		{04BFD98B-F344-4049-B960-11EE25B0CF77}.Debug|Any CPU.Build.0 = Debug|Any CPU
		{04BFD98B-F344-4049-B960-11EE25B0CF77}.Debug|x64.ActiveCfg = Debug|Any CPU
		{04BFD98B-F344-4049-B960-11EE25B0CF77}.Debug|x64.Build.0 = Debug|Any CPU
		{04BFD98B-F344-4049-B960-11EE25B0CF77}.Debug|x86.ActiveCfg = Debug|Any CPU
		{04BFD98B-F344-4049-B960-11EE25B0CF77}.Debug|x86.Build.0 = Debug|Any CPU
		{04BFD98B-F344-4049-B960-11EE25B0CF77}.Release|Any CPU.ActiveCfg = Release|Any CPU
		{04BFD98B-F344-4049-B960-11EE25B0CF77}.Release|Any CPU.Build.0 = Release|Any CPU
		{04BFD98B-F344-4049-B960-11EE25B0CF77}.Release|x64.ActiveCfg = Release|Any CPU
		{04BFD98B-F344-4049-B960-11EE25B0CF77}.Release|x64.Build.0 = Release|Any CPU
		{04BFD98B-F344-4049-B960-11EE25B0CF77}.Release|x86.ActiveCfg = Release|Any CPU
		{04BFD98B-F344-4049-B960-11EE25B0CF77}.Release|x86.Build.0 = Release|Any CPU
		{B0066630-39BD-4EA4-8B10-03D08ADB6FFF}.Debug|Any CPU.ActiveCfg = Debug|Any CPU
		{B0066630-39BD-4EA4-8B10-03D08ADB6FFF}.Debug|Any CPU.Build.0 = Debug|Any CPU
		{B0066630-39BD-4EA4-8B10-03D08ADB6FFF}.Debug|x64.ActiveCfg = Debug|Any CPU
		{B0066630-39BD-4EA4-8B10-03D08ADB6FFF}.Debug|x64.Build.0 = Debug|Any CPU
		{B0066630-39BD-4EA4-8B10-03D08ADB6FFF}.Debug|x86.ActiveCfg = Debug|Any CPU
		{B0066630-39BD-4EA4-8B10-03D08ADB6FFF}.Debug|x86.Build.0 = Debug|Any CPU
		{B0066630-39BD-4EA4-8B10-03D08ADB6FFF}.Release|Any CPU.ActiveCfg = Release|Any CPU
		{B0066630-39BD-4EA4-8B10-03D08ADB6FFF}.Release|Any CPU.Build.0 = Release|Any CPU
		{B0066630-39BD-4EA4-8B10-03D08ADB6FFF}.Release|x64.ActiveCfg = Release|Any CPU
		{B0066630-39BD-4EA4-8B10-03D08ADB6FFF}.Release|x64.Build.0 = Release|Any CPU
		{B0066630-39BD-4EA4-8B10-03D08ADB6FFF}.Release|x86.ActiveCfg = Release|Any CPU
		{B0066630-39BD-4EA4-8B10-03D08ADB6FFF}.Release|x86.Build.0 = Release|Any CPU
		{30B6E5FF-E2C2-44C6-A23B-4320C5916551}.Debug|Any CPU.ActiveCfg = Debug|Any CPU
		{30B6E5FF-E2C2-44C6-A23B-4320C5916551}.Debug|Any CPU.Build.0 = Debug|Any CPU
		{30B6E5FF-E2C2-44C6-A23B-4320C5916551}.Debug|x64.ActiveCfg = Debug|Any CPU
		{30B6E5FF-E2C2-44C6-A23B-4320C5916551}.Debug|x64.Build.0 = Debug|Any CPU
		{30B6E5FF-E2C2-44C6-A23B-4320C5916551}.Debug|x86.ActiveCfg = Debug|Any CPU
		{30B6E5FF-E2C2-44C6-A23B-4320C5916551}.Debug|x86.Build.0 = Debug|Any CPU
		{30B6E5FF-E2C2-44C6-A23B-4320C5916551}.Release|Any CPU.ActiveCfg = Release|Any CPU
		{30B6E5FF-E2C2-44C6-A23B-4320C5916551}.Release|Any CPU.Build.0 = Release|Any CPU
		{30B6E5FF-E2C2-44C6-A23B-4320C5916551}.Release|x64.ActiveCfg = Release|Any CPU
		{30B6E5FF-E2C2-44C6-A23B-4320C5916551}.Release|x64.Build.0 = Release|Any CPU
		{30B6E5FF-E2C2-44C6-A23B-4320C5916551}.Release|x86.ActiveCfg = Release|Any CPU
		{30B6E5FF-E2C2-44C6-A23B-4320C5916551}.Release|x86.Build.0 = Release|Any CPU
		{4C51BF15-563F-4CCF-8ED1-B99C3012BF8D}.Debug|Any CPU.ActiveCfg = Debug|Any CPU
		{4C51BF15-563F-4CCF-8ED1-B99C3012BF8D}.Debug|Any CPU.Build.0 = Debug|Any CPU
		{4C51BF15-563F-4CCF-8ED1-B99C3012BF8D}.Debug|x64.ActiveCfg = Debug|Any CPU
		{4C51BF15-563F-4CCF-8ED1-B99C3012BF8D}.Debug|x64.Build.0 = Debug|Any CPU
		{4C51BF15-563F-4CCF-8ED1-B99C3012BF8D}.Debug|x86.ActiveCfg = Debug|Any CPU
		{4C51BF15-563F-4CCF-8ED1-B99C3012BF8D}.Debug|x86.Build.0 = Debug|Any CPU
		{4C51BF15-563F-4CCF-8ED1-B99C3012BF8D}.Release|Any CPU.ActiveCfg = Release|Any CPU
		{4C51BF15-563F-4CCF-8ED1-B99C3012BF8D}.Release|Any CPU.Build.0 = Release|Any CPU
		{4C51BF15-563F-4CCF-8ED1-B99C3012BF8D}.Release|x64.ActiveCfg = Release|Any CPU
		{4C51BF15-563F-4CCF-8ED1-B99C3012BF8D}.Release|x64.Build.0 = Release|Any CPU
		{4C51BF15-563F-4CCF-8ED1-B99C3012BF8D}.Release|x86.ActiveCfg = Release|Any CPU
		{4C51BF15-563F-4CCF-8ED1-B99C3012BF8D}.Release|x86.Build.0 = Release|Any CPU
		{7A374CCD-AF39-4EFE-97B6-9E782DC6C807}.Debug|Any CPU.ActiveCfg = Debug|Any CPU
		{7A374CCD-AF39-4EFE-97B6-9E782DC6C807}.Debug|Any CPU.Build.0 = Debug|Any CPU
		{7A374CCD-AF39-4EFE-97B6-9E782DC6C807}.Debug|x64.ActiveCfg = Debug|Any CPU
		{7A374CCD-AF39-4EFE-97B6-9E782DC6C807}.Debug|x64.Build.0 = Debug|Any CPU
		{7A374CCD-AF39-4EFE-97B6-9E782DC6C807}.Debug|x86.ActiveCfg = Debug|Any CPU
		{7A374CCD-AF39-4EFE-97B6-9E782DC6C807}.Debug|x86.Build.0 = Debug|Any CPU
		{7A374CCD-AF39-4EFE-97B6-9E782DC6C807}.Release|Any CPU.ActiveCfg = Release|Any CPU
		{7A374CCD-AF39-4EFE-97B6-9E782DC6C807}.Release|Any CPU.Build.0 = Release|Any CPU
		{7A374CCD-AF39-4EFE-97B6-9E782DC6C807}.Release|x64.ActiveCfg = Release|Any CPU
		{7A374CCD-AF39-4EFE-97B6-9E782DC6C807}.Release|x64.Build.0 = Release|Any CPU
		{7A374CCD-AF39-4EFE-97B6-9E782DC6C807}.Release|x86.ActiveCfg = Release|Any CPU
		{7A374CCD-AF39-4EFE-97B6-9E782DC6C807}.Release|x86.Build.0 = Release|Any CPU
		{9327A779-27D9-479C-9B36-E5C93213B3C3}.Debug|Any CPU.ActiveCfg = Debug|Any CPU
		{9327A779-27D9-479C-9B36-E5C93213B3C3}.Debug|Any CPU.Build.0 = Debug|Any CPU
		{9327A779-27D9-479C-9B36-E5C93213B3C3}.Debug|x64.ActiveCfg = Debug|Any CPU
		{9327A779-27D9-479C-9B36-E5C93213B3C3}.Debug|x64.Build.0 = Debug|Any CPU
		{9327A779-27D9-479C-9B36-E5C93213B3C3}.Debug|x86.ActiveCfg = Debug|Any CPU
		{9327A779-27D9-479C-9B36-E5C93213B3C3}.Debug|x86.Build.0 = Debug|Any CPU
		{9327A779-27D9-479C-9B36-E5C93213B3C3}.Release|Any CPU.ActiveCfg = Release|Any CPU
		{9327A779-27D9-479C-9B36-E5C93213B3C3}.Release|Any CPU.Build.0 = Release|Any CPU
		{9327A779-27D9-479C-9B36-E5C93213B3C3}.Release|x64.ActiveCfg = Release|Any CPU
		{9327A779-27D9-479C-9B36-E5C93213B3C3}.Release|x64.Build.0 = Release|Any CPU
		{9327A779-27D9-479C-9B36-E5C93213B3C3}.Release|x86.ActiveCfg = Release|Any CPU
		{9327A779-27D9-479C-9B36-E5C93213B3C3}.Release|x86.Build.0 = Release|Any CPU
		{8F861581-2F74-4A2F-B777-4E6B4E0CBE36}.Debug|Any CPU.ActiveCfg = Debug|Any CPU
		{8F861581-2F74-4A2F-B777-4E6B4E0CBE36}.Debug|Any CPU.Build.0 = Debug|Any CPU
		{8F861581-2F74-4A2F-B777-4E6B4E0CBE36}.Debug|x64.ActiveCfg = Debug|Any CPU
		{8F861581-2F74-4A2F-B777-4E6B4E0CBE36}.Debug|x64.Build.0 = Debug|Any CPU
		{8F861581-2F74-4A2F-B777-4E6B4E0CBE36}.Debug|x86.ActiveCfg = Debug|Any CPU
		{8F861581-2F74-4A2F-B777-4E6B4E0CBE36}.Debug|x86.Build.0 = Debug|Any CPU
		{8F861581-2F74-4A2F-B777-4E6B4E0CBE36}.Release|Any CPU.ActiveCfg = Release|Any CPU
		{8F861581-2F74-4A2F-B777-4E6B4E0CBE36}.Release|Any CPU.Build.0 = Release|Any CPU
		{8F861581-2F74-4A2F-B777-4E6B4E0CBE36}.Release|x64.ActiveCfg = Release|Any CPU
		{8F861581-2F74-4A2F-B777-4E6B4E0CBE36}.Release|x64.Build.0 = Release|Any CPU
		{8F861581-2F74-4A2F-B777-4E6B4E0CBE36}.Release|x86.ActiveCfg = Release|Any CPU
		{8F861581-2F74-4A2F-B777-4E6B4E0CBE36}.Release|x86.Build.0 = Release|Any CPU
		{FAE36FFE-8277-497A-A537-BBAD964404E8}.Debug|Any CPU.ActiveCfg = Debug|Any CPU
		{FAE36FFE-8277-497A-A537-BBAD964404E8}.Debug|Any CPU.Build.0 = Debug|Any CPU
		{FAE36FFE-8277-497A-A537-BBAD964404E8}.Debug|x64.ActiveCfg = Debug|Any CPU
		{FAE36FFE-8277-497A-A537-BBAD964404E8}.Debug|x64.Build.0 = Debug|Any CPU
		{FAE36FFE-8277-497A-A537-BBAD964404E8}.Debug|x86.ActiveCfg = Debug|Any CPU
		{FAE36FFE-8277-497A-A537-BBAD964404E8}.Debug|x86.Build.0 = Debug|Any CPU
		{FAE36FFE-8277-497A-A537-BBAD964404E8}.Release|Any CPU.ActiveCfg = Release|Any CPU
		{FAE36FFE-8277-497A-A537-BBAD964404E8}.Release|Any CPU.Build.0 = Release|Any CPU
		{FAE36FFE-8277-497A-A537-BBAD964404E8}.Release|x64.ActiveCfg = Release|Any CPU
		{FAE36FFE-8277-497A-A537-BBAD964404E8}.Release|x64.Build.0 = Release|Any CPU
		{FAE36FFE-8277-497A-A537-BBAD964404E8}.Release|x86.ActiveCfg = Release|Any CPU
		{FAE36FFE-8277-497A-A537-BBAD964404E8}.Release|x86.Build.0 = Release|Any CPU
		{1E8AD4AC-A62F-4127-B91E-0A81EC72CEB3}.Debug|Any CPU.ActiveCfg = Debug|Any CPU
		{1E8AD4AC-A62F-4127-B91E-0A81EC72CEB3}.Debug|Any CPU.Build.0 = Debug|Any CPU
		{1E8AD4AC-A62F-4127-B91E-0A81EC72CEB3}.Debug|x64.ActiveCfg = Debug|Any CPU
		{1E8AD4AC-A62F-4127-B91E-0A81EC72CEB3}.Debug|x64.Build.0 = Debug|Any CPU
		{1E8AD4AC-A62F-4127-B91E-0A81EC72CEB3}.Debug|x86.ActiveCfg = Debug|Any CPU
		{1E8AD4AC-A62F-4127-B91E-0A81EC72CEB3}.Debug|x86.Build.0 = Debug|Any CPU
		{1E8AD4AC-A62F-4127-B91E-0A81EC72CEB3}.Release|Any CPU.ActiveCfg = Release|Any CPU
		{1E8AD4AC-A62F-4127-B91E-0A81EC72CEB3}.Release|Any CPU.Build.0 = Release|Any CPU
		{1E8AD4AC-A62F-4127-B91E-0A81EC72CEB3}.Release|x64.ActiveCfg = Release|Any CPU
		{1E8AD4AC-A62F-4127-B91E-0A81EC72CEB3}.Release|x64.Build.0 = Release|Any CPU
		{1E8AD4AC-A62F-4127-B91E-0A81EC72CEB3}.Release|x86.ActiveCfg = Release|Any CPU
		{1E8AD4AC-A62F-4127-B91E-0A81EC72CEB3}.Release|x86.Build.0 = Release|Any CPU
		{DC03C078-92E6-4A95-B66B-C9671EB0FB10}.Debug|Any CPU.ActiveCfg = Debug|Any CPU
		{DC03C078-92E6-4A95-B66B-C9671EB0FB10}.Debug|Any CPU.Build.0 = Debug|Any CPU
		{DC03C078-92E6-4A95-B66B-C9671EB0FB10}.Debug|x64.ActiveCfg = Debug|Any CPU
		{DC03C078-92E6-4A95-B66B-C9671EB0FB10}.Debug|x64.Build.0 = Debug|Any CPU
		{DC03C078-92E6-4A95-B66B-C9671EB0FB10}.Debug|x86.ActiveCfg = Debug|Any CPU
		{DC03C078-92E6-4A95-B66B-C9671EB0FB10}.Debug|x86.Build.0 = Debug|Any CPU
		{DC03C078-92E6-4A95-B66B-C9671EB0FB10}.Release|Any CPU.ActiveCfg = Release|Any CPU
		{DC03C078-92E6-4A95-B66B-C9671EB0FB10}.Release|Any CPU.Build.0 = Release|Any CPU
		{DC03C078-92E6-4A95-B66B-C9671EB0FB10}.Release|x64.ActiveCfg = Release|Any CPU
		{DC03C078-92E6-4A95-B66B-C9671EB0FB10}.Release|x64.Build.0 = Release|Any CPU
		{DC03C078-92E6-4A95-B66B-C9671EB0FB10}.Release|x86.ActiveCfg = Release|Any CPU
		{DC03C078-92E6-4A95-B66B-C9671EB0FB10}.Release|x86.Build.0 = Release|Any CPU
		{C4BD7874-E62C-4B49-A3C2-C2A2EAE7729C}.Debug|Any CPU.ActiveCfg = Debug|Any CPU
		{C4BD7874-E62C-4B49-A3C2-C2A2EAE7729C}.Debug|Any CPU.Build.0 = Debug|Any CPU
		{C4BD7874-E62C-4B49-A3C2-C2A2EAE7729C}.Debug|x64.ActiveCfg = Debug|Any CPU
		{C4BD7874-E62C-4B49-A3C2-C2A2EAE7729C}.Debug|x64.Build.0 = Debug|Any CPU
		{C4BD7874-E62C-4B49-A3C2-C2A2EAE7729C}.Debug|x86.ActiveCfg = Debug|Any CPU
		{C4BD7874-E62C-4B49-A3C2-C2A2EAE7729C}.Debug|x86.Build.0 = Debug|Any CPU
		{C4BD7874-E62C-4B49-A3C2-C2A2EAE7729C}.Release|Any CPU.ActiveCfg = Release|Any CPU
		{C4BD7874-E62C-4B49-A3C2-C2A2EAE7729C}.Release|Any CPU.Build.0 = Release|Any CPU
		{C4BD7874-E62C-4B49-A3C2-C2A2EAE7729C}.Release|x64.ActiveCfg = Release|Any CPU
		{C4BD7874-E62C-4B49-A3C2-C2A2EAE7729C}.Release|x64.Build.0 = Release|Any CPU
		{C4BD7874-E62C-4B49-A3C2-C2A2EAE7729C}.Release|x86.ActiveCfg = Release|Any CPU
		{C4BD7874-E62C-4B49-A3C2-C2A2EAE7729C}.Release|x86.Build.0 = Release|Any CPU
		{CD8BD9DD-F36D-45DA-A314-B98C0C177405}.Debug|Any CPU.ActiveCfg = Debug|Any CPU
		{CD8BD9DD-F36D-45DA-A314-B98C0C177405}.Debug|Any CPU.Build.0 = Debug|Any CPU
		{CD8BD9DD-F36D-45DA-A314-B98C0C177405}.Debug|x64.ActiveCfg = Debug|Any CPU
		{CD8BD9DD-F36D-45DA-A314-B98C0C177405}.Debug|x64.Build.0 = Debug|Any CPU
		{CD8BD9DD-F36D-45DA-A314-B98C0C177405}.Debug|x86.ActiveCfg = Debug|Any CPU
		{CD8BD9DD-F36D-45DA-A314-B98C0C177405}.Debug|x86.Build.0 = Debug|Any CPU
		{CD8BD9DD-F36D-45DA-A314-B98C0C177405}.Release|Any CPU.ActiveCfg = Release|Any CPU
		{CD8BD9DD-F36D-45DA-A314-B98C0C177405}.Release|Any CPU.Build.0 = Release|Any CPU
		{CD8BD9DD-F36D-45DA-A314-B98C0C177405}.Release|x64.ActiveCfg = Release|Any CPU
		{CD8BD9DD-F36D-45DA-A314-B98C0C177405}.Release|x64.Build.0 = Release|Any CPU
		{CD8BD9DD-F36D-45DA-A314-B98C0C177405}.Release|x86.ActiveCfg = Release|Any CPU
		{CD8BD9DD-F36D-45DA-A314-B98C0C177405}.Release|x86.Build.0 = Release|Any CPU
	EndGlobalSection
	GlobalSection(SolutionProperties) = preSolution
		HideSolutionNode = FALSE
	EndGlobalSection
	GlobalSection(NestedProjects) = preSolution
		{C1A4A020-5504-4A47-87F9-79E697EF6038} = {EEA616BB-6AD2-4F34-BC4B-1F430277B31D}
		{532DB39C-B5CF-46E8-A9FA-C6A7A36CF622} = {EEA616BB-6AD2-4F34-BC4B-1F430277B31D}
		{B6443248-A5A9-4A65-A27D-578CA53B6D48} = {EEA616BB-6AD2-4F34-BC4B-1F430277B31D}
		{643C89A8-AE7D-44EC-B39A-38FD007F24FD} = {EEA616BB-6AD2-4F34-BC4B-1F430277B31D}
		{C1DC7DCC-7F55-4F64-81DD-C07FBB59DD3F} = {EEA616BB-6AD2-4F34-BC4B-1F430277B31D}
		{F1CC4E4C-EA65-43F9-8D46-9C7C5198C9DF} = {EEA616BB-6AD2-4F34-BC4B-1F430277B31D}
		{19066B60-E3F8-4841-B1D9-4BDFCF89006E} = {EEA616BB-6AD2-4F34-BC4B-1F430277B31D}
		{4599BBDB-B78D-4DA6-AA04-B35EA8930C2D} = {EEA616BB-6AD2-4F34-BC4B-1F430277B31D}
		{2CED22C5-2069-4C60-B105-D1511C7BED3E} = {EEA616BB-6AD2-4F34-BC4B-1F430277B31D}
		{D4AA3216-5580-4FA8-B710-666B6AD997DC} = {EEA616BB-6AD2-4F34-BC4B-1F430277B31D}
		{31ABE287-5E31-43E0-BCF6-26CF5CFF6BCF} = {EEA616BB-6AD2-4F34-BC4B-1F430277B31D}
		{3D83B373-85D3-4CD2-A782-4A6B13C4BF32} = {EEA616BB-6AD2-4F34-BC4B-1F430277B31D}
		{04BFD98B-F344-4049-B960-11EE25B0CF77} = {EEA616BB-6AD2-4F34-BC4B-1F430277B31D}
		{B0066630-39BD-4EA4-8B10-03D08ADB6FFF} = {EEA616BB-6AD2-4F34-BC4B-1F430277B31D}
		{30B6E5FF-E2C2-44C6-A23B-4320C5916551} = {EEA616BB-6AD2-4F34-BC4B-1F430277B31D}
		{4C51BF15-563F-4CCF-8ED1-B99C3012BF8D} = {EEA616BB-6AD2-4F34-BC4B-1F430277B31D}
		{7A374CCD-AF39-4EFE-97B6-9E782DC6C807} = {EEA616BB-6AD2-4F34-BC4B-1F430277B31D}
		{9327A779-27D9-479C-9B36-E5C93213B3C3} = {EEA616BB-6AD2-4F34-BC4B-1F430277B31D}
		{8F861581-2F74-4A2F-B777-4E6B4E0CBE36} = {EEA616BB-6AD2-4F34-BC4B-1F430277B31D}
		{FAE36FFE-8277-497A-A537-BBAD964404E8} = {EEA616BB-6AD2-4F34-BC4B-1F430277B31D}
		{1E8AD4AC-A62F-4127-B91E-0A81EC72CEB3} = {EEA616BB-6AD2-4F34-BC4B-1F430277B31D}
		{DC03C078-92E6-4A95-B66B-C9671EB0FB10} = {EEA616BB-6AD2-4F34-BC4B-1F430277B31D}
		{C4BD7874-E62C-4B49-A3C2-C2A2EAE7729C} = {EEA616BB-6AD2-4F34-BC4B-1F430277B31D}
		{CD8BD9DD-F36D-45DA-A314-B98C0C177405} = {EEA616BB-6AD2-4F34-BC4B-1F430277B31D}
	EndGlobalSection
	GlobalSection(ExtensibilityGlobals) = postSolution
		SolutionGuid = {5EDA2D1C-FA1E-49A0-A67C-5267D7503BB2}
	EndGlobalSection
EndGlobal
