
Microsoft Visual Studio Solution File, Format Version 12.00
# Visual Studio Version 16
VisualStudioVersion = 16.6.30114.105
MinimumVisualStudioVersion = 10.0.40219.1
Project("{9A19103F-16F7-4668-BE54-9A1E7A4F7556}") = "R5T.D0037.Construction", "R5T.D0037.Construction\R5T.D0037.Construction.csproj", "{0FDC3F50-144E-4381-8FBD-F18ADF363E25}"
EndProject
Project("{9A19103F-16F7-4668-BE54-9A1E7A4F7556}") = "R5T.D0037.Base", "R5T.D0037.Base\R5T.D0037.Base.csproj", "{7DBE76CB-D35F-4EC2-9F6D-C8BDA9778E42}"
EndProject
Project("{9A19103F-16F7-4668-BE54-9A1E7A4F7556}") = "R5T.D0038.Base", "..\..\R5T.D0038\source\R5T.D0038.Base\R5T.D0038.Base.csproj", "{C1A4A020-5504-4A47-87F9-79E697EF6038}"
EndProject
Project("{2150E333-8FDC-42A3-9474-1A3956D46DE8}") = "_Dependencies", "_Dependencies", "{EEA616BB-6AD2-4F34-BC4B-1F430277B31D}"
EndProject
Project("{9A19103F-16F7-4668-BE54-9A1E7A4F7556}") = "R5T.D0037.D0038", "R5T.D0037.D0038\R5T.D0037.D0038.csproj", "{6DBE04EC-D945-4A24-B16A-2DB556637F13}"
EndProject
Project("{9A19103F-16F7-4668-BE54-9A1E7A4F7556}") = "R5T.T0010", "..\..\R5T.T0010\source\R5T.T0010\R5T.T0010.csproj", "{532DB39C-B5CF-46E8-A9FA-C6A7A36CF622}"
EndProject
Project("{9A19103F-16F7-4668-BE54-9A1E7A4F7556}") = "R5T.Stagira", "..\..\R5T.Stagira\source\R5T.Stagira\R5T.Stagira.csproj", "{B6443248-A5A9-4A65-A27D-578CA53B6D48}"
EndProject
Project("{9A19103F-16F7-4668-BE54-9A1E7A4F7556}") = "R5T.Dacia.Extensions", "..\..\R5T.Dacia.Extensions\source\R5T.Dacia.Extensions\R5T.Dacia.Extensions.csproj", "{643C89A8-AE7D-44EC-B39A-38FD007F24FD}"
EndProject
Project("{9A19103F-16F7-4668-BE54-9A1E7A4F7556}") = "R5T.Dacia", "..\..\R5T.Dacia\source\R5T.Dacia\R5T.Dacia.csproj", "{C1DC7DCC-7F55-4F64-81DD-C07FBB59DD3F}"
EndProject
Project("{9A19103F-16F7-4668-BE54-9A1E7A4F7556}") = "R5T.Magyar", "..\..\R5T.Magyar\source\R5T.Magyar\R5T.Magyar.csproj", "{F1CC4E4C-EA65-43F9-8D46-9C7C5198C9DF}"
EndProject
Global
	GlobalSection(SolutionConfigurationPlatforms) = preSolution
		Debug|Any CPU = Debug|Any CPU
		Debug|x64 = Debug|x64
		Debug|x86 = Debug|x86
		Release|Any CPU = Release|Any CPU
		Release|x64 = Release|x64
		Release|x86 = Release|x86
	EndGlobalSection
	GlobalSection(ProjectConfigurationPlatforms) = postSolution
		{0FDC3F50-144E-4381-8FBD-F18ADF363E25}.Debug|Any CPU.ActiveCfg = Debug|Any CPU
		{0FDC3F50-144E-4381-8FBD-F18ADF363E25}.Debug|Any CPU.Build.0 = Debug|Any CPU
		{0FDC3F50-144E-4381-8FBD-F18ADF363E25}.Debug|x64.ActiveCfg = Debug|Any CPU
		{0FDC3F50-144E-4381-8FBD-F18ADF363E25}.Debug|x64.Build.0 = Debug|Any CPU
		{0FDC3F50-144E-4381-8FBD-F18ADF363E25}.Debug|x86.ActiveCfg = Debug|Any CPU
		{0FDC3F50-144E-4381-8FBD-F18ADF363E25}.Debug|x86.Build.0 = Debug|Any CPU
		{0FDC3F50-144E-4381-8FBD-F18ADF363E25}.Release|Any CPU.ActiveCfg = Release|Any CPU
		{0FDC3F50-144E-4381-8FBD-F18ADF363E25}.Release|Any CPU.Build.0 = Release|Any CPU
		{0FDC3F50-144E-4381-8FBD-F18ADF363E25}.Release|x64.ActiveCfg = Release|Any CPU
		{0FDC3F50-144E-4381-8FBD-F18ADF363E25}.Release|x64.Build.0 = Release|Any CPU
		{0FDC3F50-144E-4381-8FBD-F18ADF363E25}.Release|x86.ActiveCfg = Release|Any CPU
		{0FDC3F50-144E-4381-8FBD-F18ADF363E25}.Release|x86.Build.0 = Release|Any CPU
		{7DBE76CB-D35F-4EC2-9F6D-C8BDA9778E42}.Debug|Any CPU.ActiveCfg = Debug|Any CPU
		{7DBE76CB-D35F-4EC2-9F6D-C8BDA9778E42}.Debug|Any CPU.Build.0 = Debug|Any CPU
		{7DBE76CB-D35F-4EC2-9F6D-C8BDA9778E42}.Debug|x64.ActiveCfg = Debug|Any CPU
		{7DBE76CB-D35F-4EC2-9F6D-C8BDA9778E42}.Debug|x64.Build.0 = Debug|Any CPU
		{7DBE76CB-D35F-4EC2-9F6D-C8BDA9778E42}.Debug|x86.ActiveCfg = Debug|Any CPU
		{7DBE76CB-D35F-4EC2-9F6D-C8BDA9778E42}.Debug|x86.Build.0 = Debug|Any CPU
		{7DBE76CB-D35F-4EC2-9F6D-C8BDA9778E42}.Release|Any CPU.ActiveCfg = Release|Any CPU
		{7DBE76CB-D35F-4EC2-9F6D-C8BDA9778E42}.Release|Any CPU.Build.0 = Release|Any CPU
		{7DBE76CB-D35F-4EC2-9F6D-C8BDA9778E42}.Release|x64.ActiveCfg = Release|Any CPU
		{7DBE76CB-D35F-4EC2-9F6D-C8BDA9778E42}.Release|x64.Build.0 = Release|Any CPU
		{7DBE76CB-D35F-4EC2-9F6D-C8BDA9778E42}.Release|x86.ActiveCfg = Release|Any CPU
		{7DBE76CB-D35F-4EC2-9F6D-C8BDA9778E42}.Release|x86.Build.0 = Release|Any CPU
		{C1A4A020-5504-4A47-87F9-79E697EF6038}.Debug|Any CPU.ActiveCfg = Debug|Any CPU
		{C1A4A020-5504-4A47-87F9-79E697EF6038}.Debug|Any CPU.Build.0 = Debug|Any CPU
		{C1A4A020-5504-4A47-87F9-79E697EF6038}.Debug|x64.ActiveCfg = Debug|Any CPU
		{C1A4A020-5504-4A47-87F9-79E697EF6038}.Debug|x64.Build.0 = Debug|Any CPU
		{C1A4A020-5504-4A47-87F9-79E697EF6038}.Debug|x86.ActiveCfg = Debug|Any CPU
		{C1A4A020-5504-4A47-87F9-79E697EF6038}.Debug|x86.Build.0 = Debug|Any CPU
		{C1A4A020-5504-4A47-87F9-79E697EF6038}.Release|Any CPU.ActiveCfg = Release|Any CPU
		{C1A4A020-5504-4A47-87F9-79E697EF6038}.Release|Any CPU.Build.0 = Release|Any CPU
		{C1A4A020-5504-4A47-87F9-79E697EF6038}.Release|x64.ActiveCfg = Release|Any CPU
		{C1A4A020-5504-4A47-87F9-79E697EF6038}.Release|x64.Build.0 = Release|Any CPU
		{C1A4A020-5504-4A47-87F9-79E697EF6038}.Release|x86.ActiveCfg = Release|Any CPU
		{C1A4A020-5504-4A47-87F9-79E697EF6038}.Release|x86.Build.0 = Release|Any CPU
		{6DBE04EC-D945-4A24-B16A-2DB556637F13}.Debug|Any CPU.ActiveCfg = Debug|Any CPU
		{6DBE04EC-D945-4A24-B16A-2DB556637F13}.Debug|Any CPU.Build.0 = Debug|Any CPU
		{6DBE04EC-D945-4A24-B16A-2DB556637F13}.Debug|x64.ActiveCfg = Debug|Any CPU
		{6DBE04EC-D945-4A24-B16A-2DB556637F13}.Debug|x64.Build.0 = Debug|Any CPU
		{6DBE04EC-D945-4A24-B16A-2DB556637F13}.Debug|x86.ActiveCfg = Debug|Any CPU
		{6DBE04EC-D945-4A24-B16A-2DB556637F13}.Debug|x86.Build.0 = Debug|Any CPU
		{6DBE04EC-D945-4A24-B16A-2DB556637F13}.Release|Any CPU.ActiveCfg = Release|Any CPU
		{6DBE04EC-D945-4A24-B16A-2DB556637F13}.Release|Any CPU.Build.0 = Release|Any CPU
		{6DBE04EC-D945-4A24-B16A-2DB556637F13}.Release|x64.ActiveCfg = Release|Any CPU
		{6DBE04EC-D945-4A24-B16A-2DB556637F13}.Release|x64.Build.0 = Release|Any CPU
		{6DBE04EC-D945-4A24-B16A-2DB556637F13}.Release|x86.ActiveCfg = Release|Any CPU
		{6DBE04EC-D945-4A24-B16A-2DB556637F13}.Release|x86.Build.0 = Release|Any CPU
		{532DB39C-B5CF-46E8-A9FA-C6A7A36CF622}.Debug|Any CPU.ActiveCfg = Debug|Any CPU
		{532DB39C-B5CF-46E8-A9FA-C6A7A36CF622}.Debug|Any CPU.Build.0 = Debug|Any CPU
		{532DB39C-B5CF-46E8-A9FA-C6A7A36CF622}.Debug|x64.ActiveCfg = Debug|Any CPU
		{532DB39C-B5CF-46E8-A9FA-C6A7A36CF622}.Debug|x64.Build.0 = Debug|Any CPU
		{532DB39C-B5CF-46E8-A9FA-C6A7A36CF622}.Debug|x86.ActiveCfg = Debug|Any CPU
		{532DB39C-B5CF-46E8-A9FA-C6A7A36CF622}.Debug|x86.Build.0 = Debug|Any CPU
		{532DB39C-B5CF-46E8-A9FA-C6A7A36CF622}.Release|Any CPU.ActiveCfg = Release|Any CPU
		{532DB39C-B5CF-46E8-A9FA-C6A7A36CF622}.Release|Any CPU.Build.0 = Release|Any CPU
		{532DB39C-B5CF-46E8-A9FA-C6A7A36CF622}.Release|x64.ActiveCfg = Release|Any CPU
		{532DB39C-B5CF-46E8-A9FA-C6A7A36CF622}.Release|x64.Build.0 = Release|Any CPU
		{532DB39C-B5CF-46E8-A9FA-C6A7A36CF622}.Release|x86.ActiveCfg = Release|Any CPU
		{532DB39C-B5CF-46E8-A9FA-C6A7A36CF622}.Release|x86.Build.0 = Release|Any CPU
		{B6443248-A5A9-4A65-A27D-578CA53B6D48}.Debug|Any CPU.ActiveCfg = Debug|Any CPU
		{B6443248-A5A9-4A65-A27D-578CA53B6D48}.Debug|Any CPU.Build.0 = Debug|Any CPU
		{B6443248-A5A9-4A65-A27D-578CA53B6D48}.Debug|x64.ActiveCfg = Debug|Any CPU
		{B6443248-A5A9-4A65-A27D-578CA53B6D48}.Debug|x64.Build.0 = Debug|Any CPU
		{B6443248-A5A9-4A65-A27D-578CA53B6D48}.Debug|x86.ActiveCfg = Debug|Any CPU
		{B6443248-A5A9-4A65-A27D-578CA53B6D48}.Debug|x86.Build.0 = Debug|Any CPU
		{B6443248-A5A9-4A65-A27D-578CA53B6D48}.Release|Any CPU.ActiveCfg = Release|Any CPU
		{B6443248-A5A9-4A65-A27D-578CA53B6D48}.Release|Any CPU.Build.0 = Release|Any CPU
		{B6443248-A5A9-4A65-A27D-578CA53B6D48}.Release|x64.ActiveCfg = Release|Any CPU
		{B6443248-A5A9-4A65-A27D-578CA53B6D48}.Release|x64.Build.0 = Release|Any CPU
		{B6443248-A5A9-4A65-A27D-578CA53B6D48}.Release|x86.ActiveCfg = Release|Any CPU
		{B6443248-A5A9-4A65-A27D-578CA53B6D48}.Release|x86.Build.0 = Release|Any CPU
		{643C89A8-AE7D-44EC-B39A-38FD007F24FD}.Debug|Any CPU.ActiveCfg = Debug|Any CPU
		{643C89A8-AE7D-44EC-B39A-38FD007F24FD}.Debug|Any CPU.Build.0 = Debug|Any CPU
		{643C89A8-AE7D-44EC-B39A-38FD007F24FD}.Debug|x64.ActiveCfg = Debug|Any CPU
		{643C89A8-AE7D-44EC-B39A-38FD007F24FD}.Debug|x64.Build.0 = Debug|Any CPU
		{643C89A8-AE7D-44EC-B39A-38FD007F24FD}.Debug|x86.ActiveCfg = Debug|Any CPU
		{643C89A8-AE7D-44EC-B39A-38FD007F24FD}.Debug|x86.Build.0 = Debug|Any CPU
		{643C89A8-AE7D-44EC-B39A-38FD007F24FD}.Release|Any CPU.ActiveCfg = Release|Any CPU
		{643C89A8-AE7D-44EC-B39A-38FD007F24FD}.Release|Any CPU.Build.0 = Release|Any CPU
		{643C89A8-AE7D-44EC-B39A-38FD007F24FD}.Release|x64.ActiveCfg = Release|Any CPU
		{643C89A8-AE7D-44EC-B39A-38FD007F24FD}.Release|x64.Build.0 = Release|Any CPU
		{643C89A8-AE7D-44EC-B39A-38FD007F24FD}.Release|x86.ActiveCfg = Release|Any CPU
		{643C89A8-AE7D-44EC-B39A-38FD007F24FD}.Release|x86.Build.0 = Release|Any CPU
		{C1DC7DCC-7F55-4F64-81DD-C07FBB59DD3F}.Debug|Any CPU.ActiveCfg = Debug|Any CPU
		{C1DC7DCC-7F55-4F64-81DD-C07FBB59DD3F}.Debug|Any CPU.Build.0 = Debug|Any CPU
		{C1DC7DCC-7F55-4F64-81DD-C07FBB59DD3F}.Debug|x64.ActiveCfg = Debug|Any CPU
		{C1DC7DCC-7F55-4F64-81DD-C07FBB59DD3F}.Debug|x64.Build.0 = Debug|Any CPU
		{C1DC7DCC-7F55-4F64-81DD-C07FBB59DD3F}.Debug|x86.ActiveCfg = Debug|Any CPU
		{C1DC7DCC-7F55-4F64-81DD-C07FBB59DD3F}.Debug|x86.Build.0 = Debug|Any CPU
		{C1DC7DCC-7F55-4F64-81DD-C07FBB59DD3F}.Release|Any CPU.ActiveCfg = Release|Any CPU
		{C1DC7DCC-7F55-4F64-81DD-C07FBB59DD3F}.Release|Any CPU.Build.0 = Release|Any CPU
		{C1DC7DCC-7F55-4F64-81DD-C07FBB59DD3F}.Release|x64.ActiveCfg = Release|Any CPU
		{C1DC7DCC-7F55-4F64-81DD-C07FBB59DD3F}.Release|x64.Build.0 = Release|Any CPU
		{C1DC7DCC-7F55-4F64-81DD-C07FBB59DD3F}.Release|x86.ActiveCfg = Release|Any CPU
		{C1DC7DCC-7F55-4F64-81DD-C07FBB59DD3F}.Release|x86.Build.0 = Release|Any CPU
		{F1CC4E4C-EA65-43F9-8D46-9C7C5198C9DF}.Debug|Any CPU.ActiveCfg = Debug|Any CPU
		{F1CC4E4C-EA65-43F9-8D46-9C7C5198C9DF}.Debug|Any CPU.Build.0 = Debug|Any CPU
		{F1CC4E4C-EA65-43F9-8D46-9C7C5198C9DF}.Debug|x64.ActiveCfg = Debug|Any CPU
		{F1CC4E4C-EA65-43F9-8D46-9C7C5198C9DF}.Debug|x64.Build.0 = Debug|Any CPU
		{F1CC4E4C-EA65-43F9-8D46-9C7C5198C9DF}.Debug|x86.ActiveCfg = Debug|Any CPU
		{F1CC4E4C-EA65-43F9-8D46-9C7C5198C9DF}.Debug|x86.Build.0 = Debug|Any CPU
		{F1CC4E4C-EA65-43F9-8D46-9C7C5198C9DF}.Release|Any CPU.ActiveCfg = Release|Any CPU
		{F1CC4E4C-EA65-43F9-8D46-9C7C5198C9DF}.Release|Any CPU.Build.0 = Release|Any CPU
		{F1CC4E4C-EA65-43F9-8D46-9C7C5198C9DF}.Release|x64.ActiveCfg = Release|Any CPU
		{F1CC4E4C-EA65-43F9-8D46-9C7C5198C9DF}.Release|x64.Build.0 = Release|Any CPU
		{F1CC4E4C-EA65-43F9-8D46-9C7C5198C9DF}.Release|x86.ActiveCfg = Release|Any CPU
		{F1CC4E4C-EA65-43F9-8D46-9C7C5198C9DF}.Release|x86.Build.0 = Release|Any CPU
	EndGlobalSection
	GlobalSection(SolutionProperties) = preSolution
		HideSolutionNode = FALSE
	EndGlobalSection
	GlobalSection(NestedProjects) = preSolution
		{C1A4A020-5504-4A47-87F9-79E697EF6038} = {EEA616BB-6AD2-4F34-BC4B-1F430277B31D}
		{532DB39C-B5CF-46E8-A9FA-C6A7A36CF622} = {EEA616BB-6AD2-4F34-BC4B-1F430277B31D}
		{B6443248-A5A9-4A65-A27D-578CA53B6D48} = {EEA616BB-6AD2-4F34-BC4B-1F430277B31D}
		{643C89A8-AE7D-44EC-B39A-38FD007F24FD} = {EEA616BB-6AD2-4F34-BC4B-1F430277B31D}
		{C1DC7DCC-7F55-4F64-81DD-C07FBB59DD3F} = {EEA616BB-6AD2-4F34-BC4B-1F430277B31D}
		{F1CC4E4C-EA65-43F9-8D46-9C7C5198C9DF} = {EEA616BB-6AD2-4F34-BC4B-1F430277B31D}
	EndGlobalSection
	GlobalSection(ExtensibilityGlobals) = postSolution
		SolutionGuid = {5EDA2D1C-FA1E-49A0-A67C-5267D7503BB2}
	EndGlobalSection
EndGlobal
