
Microsoft Visual Studio Solution File, Format Version 12.00
# Visual Studio Version 16
VisualStudioVersion = 16.6.30114.105
MinimumVisualStudioVersion = 10.0.40219.1
Project("{9A19103F-16F7-4668-BE54-9A1E7A4F7556}") = "R5T.D0037.Construction", "R5T.D0037.Construction\R5T.D0037.Construction.csproj", "{0FDC3F50-144E-4381-8FBD-F18ADF363E25}"
EndProject
Project("{9A19103F-16F7-4668-BE54-9A1E7A4F7556}") = "R5T.D0037.Base", "R5T.D0037.Base\R5T.D0037.Base.csproj", "{7DBE76CB-D35F-4EC2-9F6D-C8BDA9778E42}"
EndProject
Project("{9A19103F-16F7-4668-BE54-9A1E7A4F7556}") = "R5T.D0038.Base", "..\..\R5T.D0038\source\R5T.D0038.Base\R5T.D0038.Base.csproj", "{C1A4A020-5504-4A47-87F9-79E697EF6038}"
EndProject
Project("{2150E333-8FDC-42A3-9474-1A3956D46DE8}") = "_Dependencies", "_Dependencies", "{EEA616BB-6AD2-4F34-BC4B-1F430277B31D}"
EndProject
Project("{9A19103F-16F7-4668-BE54-9A1E7A4F7556}") = "R5T.D0037.D0038", "R5T.D0037.D0038\R5T.D0037.D0038.csproj", "{6DBE04EC-D945-4A24-B16A-2DB556637F13}"
EndProject
Project("{9A19103F-16F7-4668-BE54-9A1E7A4F7556}") = "R5T.T0010", "..\..\R5T.T0010\source\R5T.T0010\R5T.T0010.csproj", "{532DB39C-B5CF-46E8-A9FA-C6A7A36CF622}"
EndProject
Project("{9A19103F-16F7-4668-BE54-9A1E7A4F7556}") = "R5T.Stagira", "..\..\R5T.Stagira\source\R5T.Stagira\R5T.Stagira.csproj", "{B6443248-A5A9-4A65-A27D-578CA53B6D48}"
EndProject
Project("{9A19103F-16F7-4668-BE54-9A1E7A4F7556}") = "R5T.Dacia.Extensions", "..\..\R5T.Dacia.Extensions\source\R5T.Dacia.Extensions\R5T.Dacia.Extensions.csproj", "{643C89A8-AE7D-44EC-B39A-38FD007F24FD}"
EndProject
Project("{9A19103F-16F7-4668-BE54-9A1E7A4F7556}") = "R5T.Dacia", "..\..\R5T.Dacia\source\R5T.Dacia\R5T.Dacia.csproj", "{C1DC7DCC-7F55-4F64-81DD-C07FBB59DD3F}"
EndProject
Project("{9A19103F-16F7-4668-BE54-9A1E7A4F7556}") = "R5T.Magyar", "..\..\R5T.Magyar\source\R5T.Magyar\R5T.Magyar.csproj", "{F1CC4E4C-EA65-43F9-8D46-9C7C5198C9DF}"
EndProject
Project("{9A19103F-16F7-4668-BE54-9A1E7A4F7556}") = "R5T.D0038.A001", "..\..\R5T.D0038\source\R5T.D0038.A001\R5T.D0038.A001.csproj", "{FB59763F-A232-41F9-89D0-E6E22B3BE3BF}"
EndProject
Project("{FAE04EC0-301F-11D3-BF4B-00C04F79EFBC}") = "R5T.D0037.A001", "R5T.D0037.A001\R5T.D0037.A001.csproj", "{7DDF5067-0637-435C-8D7E-CE5E9AA25EDB}"
EndProject
Project("{9A19103F-16F7-4668-BE54-9A1E7A4F7556}") = "R5T.D0046.A001", "..\..\R5T.D0046\source\R5T.D0046.A001\R5T.D0046.A001.csproj", "{C24F2B9B-39DF-492F-B638-F42739E2A108}"
EndProject
Project("{9A19103F-16F7-4668-BE54-9A1E7A4F7556}") = "R5T.D0082.D001.I001", "..\..\R5T.D0082\source\R5T.D0082.D001.I001\R5T.D0082.D001.I001.csproj", "{F55E5DE2-0464-4278-93CC-998E6AF9ED11}"
EndProject
Project("{9A19103F-16F7-4668-BE54-9A1E7A4F7556}") = "R5T.Aalborg", "..\..\R5T.Aalborg\source\R5T.Aalborg\R5T.Aalborg.csproj", "{647C3CB0-C7C6-4B9A-A7FF-50CD2D5ADC76}"
EndProject
Project("{9A19103F-16F7-4668-BE54-9A1E7A4F7556}") = "R5T.Aalborg.Abstractions", "..\..\R5T.Aalborg\source\R5T.Aalborg.Abstractions\R5T.Aalborg.Abstractions.csproj", "{3054F31B-3F1A-4AE4-ADE1-304D1D7276D3}"
EndProject
Project("{9A19103F-16F7-4668-BE54-9A1E7A4F7556}") = "R5T.Newport.Extensions", "..\..\R5T.Newport\source\R5T.Newport.Extensions\R5T.Newport.Extensions.csproj", "{66AD4565-4297-4A10-AAB7-6AEEA973CA51}"
EndProject
Project("{9A19103F-16F7-4668-BE54-9A1E7A4F7556}") = "R5T.T0039.T002", "..\..\R5T.T0039\source\R5T.T0039.T002\R5T.T0039.T002.csproj", "{62040CF3-2636-4CD2-950C-89953B2D9021}"
EndProject
Project("{9A19103F-16F7-4668-BE54-9A1E7A4F7556}") = "R5T.Newport", "..\..\R5T.Newport\source\R5T.Newport\R5T.Newport.csproj", "{4ACD7629-749B-481F-A873-0400A73F5C71}"
EndProject
Project("{9A19103F-16F7-4668-BE54-9A1E7A4F7556}") = "R5T.Suebia.Base", "..\..\R5T.Suebia\source\R5T.Suebia.Base\R5T.Suebia.Base.csproj", "{93D3777C-0EB8-47A7-A039-2F212176CDC8}"
EndProject
Project("{9A19103F-16F7-4668-BE54-9A1E7A4F7556}") = "R5T.D0082.D001.Base", "..\..\R5T.D0082\source\R5T.D0082.D001.Base\R5T.D0082.D001.Base.csproj", "{5F82B040-450C-4D99-9091-9D37DD245B52}"
EndProject
Project("{9A19103F-16F7-4668-BE54-9A1E7A4F7556}") = "R5T.Dacia.T002", "..\..\R5T.Dacia\source\R5T.Dacia.T002\R5T.Dacia.T002.csproj", "{0A3F3EE9-13C8-49F5-8DCE-871F7EF1F6A9}"
EndProject
Project("{9A19103F-16F7-4668-BE54-9A1E7A4F7556}") = "R5T.T0021", "..\..\R5T.T0021\source\R5T.T0021\R5T.T0021.csproj", "{452FB673-9E80-465B-9916-40B2B130DA06}"
EndProject
Project("{9A19103F-16F7-4668-BE54-9A1E7A4F7556}") = "R5T.D0046.Default", "..\..\R5T.D0046\source\R5T.D0046.Default\R5T.D0046.Default.csproj", "{EDDAC2DA-28F7-4281-BA61-39747C92502B}"
EndProject
Project("{9A19103F-16F7-4668-BE54-9A1E7A4F7556}") = "R5T.D0046.Base", "..\..\R5T.D0046\source\R5T.D0046.Base\R5T.D0046.Base.csproj", "{674BDB21-15FC-45A1-B705-6EFE38BE0351}"
EndProject
Project("{9A19103F-16F7-4668-BE54-9A1E7A4F7556}") = "R5T.D0038.L0001", "..\..\R5T.D0038\source\R5T.D0038.L0001\R5T.D0038.L0001.csproj", "{F5D04BB5-915A-4B4E-8DA9-031E789A8F7D}"
EndProject
Project("{9A19103F-16F7-4668-BE54-9A1E7A4F7556}") = "R5T.L0001.Extensions", "..\..\R5T.L0001\source\R5T.L0001.Extensions\R5T.L0001.Extensions.csproj", "{821738EE-4D45-474A-BD50-CEDF32272340}"
EndProject
Project("{9A19103F-16F7-4668-BE54-9A1E7A4F7556}") = "R5T.L0001", "..\..\R5T.L0001\source\R5T.L0001\R5T.L0001.csproj", "{31B5B40E-26F9-4C9C-9D07-C0FD298EA0FE}"
EndProject
Project("{9A19103F-16F7-4668-BE54-9A1E7A4F7556}") = "R5T.T0008", "..\..\R5T.T0008\source\R5T.T0008\R5T.T0008.csproj", "{1DC13E3C-8F43-4DED-86D0-86EB5BC59174}"
EndProject
Global
	GlobalSection(SolutionConfigurationPlatforms) = preSolution
		Debug|Any CPU = Debug|Any CPU
		Debug|x64 = Debug|x64
		Debug|x86 = Debug|x86
		Release|Any CPU = Release|Any CPU
		Release|x64 = Release|x64
		Release|x86 = Release|x86
	EndGlobalSection
	GlobalSection(ProjectConfigurationPlatforms) = postSolution
		{0FDC3F50-144E-4381-8FBD-F18ADF363E25}.Debug|Any CPU.ActiveCfg = Debug|Any CPU
		{0FDC3F50-144E-4381-8FBD-F18ADF363E25}.Debug|Any CPU.Build.0 = Debug|Any CPU
		{0FDC3F50-144E-4381-8FBD-F18ADF363E25}.Debug|x64.ActiveCfg = Debug|Any CPU
		{0FDC3F50-144E-4381-8FBD-F18ADF363E25}.Debug|x64.Build.0 = Debug|Any CPU
		{0FDC3F50-144E-4381-8FBD-F18ADF363E25}.Debug|x86.ActiveCfg = Debug|Any CPU
		{0FDC3F50-144E-4381-8FBD-F18ADF363E25}.Debug|x86.Build.0 = Debug|Any CPU
		{0FDC3F50-144E-4381-8FBD-F18ADF363E25}.Release|Any CPU.ActiveCfg = Release|Any CPU
		{0FDC3F50-144E-4381-8FBD-F18ADF363E25}.Release|Any CPU.Build.0 = Release|Any CPU
		{0FDC3F50-144E-4381-8FBD-F18ADF363E25}.Release|x64.ActiveCfg = Release|Any CPU
		{0FDC3F50-144E-4381-8FBD-F18ADF363E25}.Release|x64.Build.0 = Release|Any CPU
		{0FDC3F50-144E-4381-8FBD-F18ADF363E25}.Release|x86.ActiveCfg = Release|Any CPU
		{0FDC3F50-144E-4381-8FBD-F18ADF363E25}.Release|x86.Build.0 = Release|Any CPU
		{7DBE76CB-D35F-4EC2-9F6D-C8BDA9778E42}.Debug|Any CPU.ActiveCfg = Debug|Any CPU
		{7DBE76CB-D35F-4EC2-9F6D-C8BDA9778E42}.Debug|Any CPU.Build.0 = Debug|Any CPU
		{7DBE76CB-D35F-4EC2-9F6D-C8BDA9778E42}.Debug|x64.ActiveCfg = Debug|Any CPU
		{7DBE76CB-D35F-4EC2-9F6D-C8BDA9778E42}.Debug|x64.Build.0 = Debug|Any CPU
		{7DBE76CB-D35F-4EC2-9F6D-C8BDA9778E42}.Debug|x86.ActiveCfg = Debug|Any CPU
		{7DBE76CB-D35F-4EC2-9F6D-C8BDA9778E42}.Debug|x86.Build.0 = Debug|Any CPU
		{7DBE76CB-D35F-4EC2-9F6D-C8BDA9778E42}.Release|Any CPU.ActiveCfg = Release|Any CPU
		{7DBE76CB-D35F-4EC2-9F6D-C8BDA9778E42}.Release|Any CPU.Build.0 = Release|Any CPU
		{7DBE76CB-D35F-4EC2-9F6D-C8BDA9778E42}.Release|x64.ActiveCfg = Release|Any CPU
		{7DBE76CB-D35F-4EC2-9F6D-C8BDA9778E42}.Release|x64.Build.0 = Release|Any CPU
		{7DBE76CB-D35F-4EC2-9F6D-C8BDA9778E42}.Release|x86.ActiveCfg = Release|Any CPU
		{7DBE76CB-D35F-4EC2-9F6D-C8BDA9778E42}.Release|x86.Build.0 = Release|Any CPU
		{C1A4A020-5504-4A47-87F9-79E697EF6038}.Debug|Any CPU.ActiveCfg = Debug|Any CPU
		{C1A4A020-5504-4A47-87F9-79E697EF6038}.Debug|Any CPU.Build.0 = Debug|Any CPU
		{C1A4A020-5504-4A47-87F9-79E697EF6038}.Debug|x64.ActiveCfg = Debug|Any CPU
		{C1A4A020-5504-4A47-87F9-79E697EF6038}.Debug|x64.Build.0 = Debug|Any CPU
		{C1A4A020-5504-4A47-87F9-79E697EF6038}.Debug|x86.ActiveCfg = Debug|Any CPU
		{C1A4A020-5504-4A47-87F9-79E697EF6038}.Debug|x86.Build.0 = Debug|Any CPU
		{C1A4A020-5504-4A47-87F9-79E697EF6038}.Release|Any CPU.ActiveCfg = Release|Any CPU
		{C1A4A020-5504-4A47-87F9-79E697EF6038}.Release|Any CPU.Build.0 = Release|Any CPU
		{C1A4A020-5504-4A47-87F9-79E697EF6038}.Release|x64.ActiveCfg = Release|Any CPU
		{C1A4A020-5504-4A47-87F9-79E697EF6038}.Release|x64.Build.0 = Release|Any CPU
		{C1A4A020-5504-4A47-87F9-79E697EF6038}.Release|x86.ActiveCfg = Release|Any CPU
		{C1A4A020-5504-4A47-87F9-79E697EF6038}.Release|x86.Build.0 = Release|Any CPU
		{6DBE04EC-D945-4A24-B16A-2DB556637F13}.Debug|Any CPU.ActiveCfg = Debug|Any CPU
		{6DBE04EC-D945-4A24-B16A-2DB556637F13}.Debug|Any CPU.Build.0 = Debug|Any CPU
		{6DBE04EC-D945-4A24-B16A-2DB556637F13}.Debug|x64.ActiveCfg = Debug|Any CPU
		{6DBE04EC-D945-4A24-B16A-2DB556637F13}.Debug|x64.Build.0 = Debug|Any CPU
		{6DBE04EC-D945-4A24-B16A-2DB556637F13}.Debug|x86.ActiveCfg = Debug|Any CPU
		{6DBE04EC-D945-4A24-B16A-2DB556637F13}.Debug|x86.Build.0 = Debug|Any CPU
		{6DBE04EC-D945-4A24-B16A-2DB556637F13}.Release|Any CPU.ActiveCfg = Release|Any CPU
		{6DBE04EC-D945-4A24-B16A-2DB556637F13}.Release|Any CPU.Build.0 = Release|Any CPU
		{6DBE04EC-D945-4A24-B16A-2DB556637F13}.Release|x64.ActiveCfg = Release|Any CPU
		{6DBE04EC-D945-4A24-B16A-2DB556637F13}.Release|x64.Build.0 = Release|Any CPU
		{6DBE04EC-D945-4A24-B16A-2DB556637F13}.Release|x86.ActiveCfg = Release|Any CPU
		{6DBE04EC-D945-4A24-B16A-2DB556637F13}.Release|x86.Build.0 = Release|Any CPU
		{532DB39C-B5CF-46E8-A9FA-C6A7A36CF622}.Debug|Any CPU.ActiveCfg = Debug|Any CPU
		{532DB39C-B5CF-46E8-A9FA-C6A7A36CF622}.Debug|Any CPU.Build.0 = Debug|Any CPU
		{532DB39C-B5CF-46E8-A9FA-C6A7A36CF622}.Debug|x64.ActiveCfg = Debug|Any CPU
		{532DB39C-B5CF-46E8-A9FA-C6A7A36CF622}.Debug|x64.Build.0 = Debug|Any CPU
		{532DB39C-B5CF-46E8-A9FA-C6A7A36CF622}.Debug|x86.ActiveCfg = Debug|Any CPU
		{532DB39C-B5CF-46E8-A9FA-C6A7A36CF622}.Debug|x86.Build.0 = Debug|Any CPU
		{532DB39C-B5CF-46E8-A9FA-C6A7A36CF622}.Release|Any CPU.ActiveCfg = Release|Any CPU
		{532DB39C-B5CF-46E8-A9FA-C6A7A36CF622}.Release|Any CPU.Build.0 = Release|Any CPU
		{532DB39C-B5CF-46E8-A9FA-C6A7A36CF622}.Release|x64.ActiveCfg = Release|Any CPU
		{532DB39C-B5CF-46E8-A9FA-C6A7A36CF622}.Release|x64.Build.0 = Release|Any CPU
		{532DB39C-B5CF-46E8-A9FA-C6A7A36CF622}.Release|x86.ActiveCfg = Release|Any CPU
		{532DB39C-B5CF-46E8-A9FA-C6A7A36CF622}.Release|x86.Build.0 = Release|Any CPU
		{B6443248-A5A9-4A65-A27D-578CA53B6D48}.Debug|Any CPU.ActiveCfg = Debug|Any CPU
		{B6443248-A5A9-4A65-A27D-578CA53B6D48}.Debug|Any CPU.Build.0 = Debug|Any CPU
		{B6443248-A5A9-4A65-A27D-578CA53B6D48}.Debug|x64.ActiveCfg = Debug|Any CPU
		{B6443248-A5A9-4A65-A27D-578CA53B6D48}.Debug|x64.Build.0 = Debug|Any CPU
		{B6443248-A5A9-4A65-A27D-578CA53B6D48}.Debug|x86.ActiveCfg = Debug|Any CPU
		{B6443248-A5A9-4A65-A27D-578CA53B6D48}.Debug|x86.Build.0 = Debug|Any CPU
		{B6443248-A5A9-4A65-A27D-578CA53B6D48}.Release|Any CPU.ActiveCfg = Release|Any CPU
		{B6443248-A5A9-4A65-A27D-578CA53B6D48}.Release|Any CPU.Build.0 = Release|Any CPU
		{B6443248-A5A9-4A65-A27D-578CA53B6D48}.Release|x64.ActiveCfg = Release|Any CPU
		{B6443248-A5A9-4A65-A27D-578CA53B6D48}.Release|x64.Build.0 = Release|Any CPU
		{B6443248-A5A9-4A65-A27D-578CA53B6D48}.Release|x86.ActiveCfg = Release|Any CPU
		{B6443248-A5A9-4A65-A27D-578CA53B6D48}.Release|x86.Build.0 = Release|Any CPU
		{643C89A8-AE7D-44EC-B39A-38FD007F24FD}.Debug|Any CPU.ActiveCfg = Debug|Any CPU
		{643C89A8-AE7D-44EC-B39A-38FD007F24FD}.Debug|Any CPU.Build.0 = Debug|Any CPU
		{643C89A8-AE7D-44EC-B39A-38FD007F24FD}.Debug|x64.ActiveCfg = Debug|Any CPU
		{643C89A8-AE7D-44EC-B39A-38FD007F24FD}.Debug|x64.Build.0 = Debug|Any CPU
		{643C89A8-AE7D-44EC-B39A-38FD007F24FD}.Debug|x86.ActiveCfg = Debug|Any CPU
		{643C89A8-AE7D-44EC-B39A-38FD007F24FD}.Debug|x86.Build.0 = Debug|Any CPU
		{643C89A8-AE7D-44EC-B39A-38FD007F24FD}.Release|Any CPU.ActiveCfg = Release|Any CPU
		{643C89A8-AE7D-44EC-B39A-38FD007F24FD}.Release|Any CPU.Build.0 = Release|Any CPU
		{643C89A8-AE7D-44EC-B39A-38FD007F24FD}.Release|x64.ActiveCfg = Release|Any CPU
		{643C89A8-AE7D-44EC-B39A-38FD007F24FD}.Release|x64.Build.0 = Release|Any CPU
		{643C89A8-AE7D-44EC-B39A-38FD007F24FD}.Release|x86.ActiveCfg = Release|Any CPU
		{643C89A8-AE7D-44EC-B39A-38FD007F24FD}.Release|x86.Build.0 = Release|Any CPU
		{C1DC7DCC-7F55-4F64-81DD-C07FBB59DD3F}.Debug|Any CPU.ActiveCfg = Debug|Any CPU
		{C1DC7DCC-7F55-4F64-81DD-C07FBB59DD3F}.Debug|Any CPU.Build.0 = Debug|Any CPU
		{C1DC7DCC-7F55-4F64-81DD-C07FBB59DD3F}.Debug|x64.ActiveCfg = Debug|Any CPU
		{C1DC7DCC-7F55-4F64-81DD-C07FBB59DD3F}.Debug|x64.Build.0 = Debug|Any CPU
		{C1DC7DCC-7F55-4F64-81DD-C07FBB59DD3F}.Debug|x86.ActiveCfg = Debug|Any CPU
		{C1DC7DCC-7F55-4F64-81DD-C07FBB59DD3F}.Debug|x86.Build.0 = Debug|Any CPU
		{C1DC7DCC-7F55-4F64-81DD-C07FBB59DD3F}.Release|Any CPU.ActiveCfg = Release|Any CPU
		{C1DC7DCC-7F55-4F64-81DD-C07FBB59DD3F}.Release|Any CPU.Build.0 = Release|Any CPU
		{C1DC7DCC-7F55-4F64-81DD-C07FBB59DD3F}.Release|x64.ActiveCfg = Release|Any CPU
		{C1DC7DCC-7F55-4F64-81DD-C07FBB59DD3F}.Release|x64.Build.0 = Release|Any CPU
		{C1DC7DCC-7F55-4F64-81DD-C07FBB59DD3F}.Release|x86.ActiveCfg = Release|Any CPU
		{C1DC7DCC-7F55-4F64-81DD-C07FBB59DD3F}.Release|x86.Build.0 = Release|Any CPU
		{F1CC4E4C-EA65-43F9-8D46-9C7C5198C9DF}.Debug|Any CPU.ActiveCfg = Debug|Any CPU
		{F1CC4E4C-EA65-43F9-8D46-9C7C5198C9DF}.Debug|Any CPU.Build.0 = Debug|Any CPU
		{F1CC4E4C-EA65-43F9-8D46-9C7C5198C9DF}.Debug|x64.ActiveCfg = Debug|Any CPU
		{F1CC4E4C-EA65-43F9-8D46-9C7C5198C9DF}.Debug|x64.Build.0 = Debug|Any CPU
		{F1CC4E4C-EA65-43F9-8D46-9C7C5198C9DF}.Debug|x86.ActiveCfg = Debug|Any CPU
		{F1CC4E4C-EA65-43F9-8D46-9C7C5198C9DF}.Debug|x86.Build.0 = Debug|Any CPU
		{F1CC4E4C-EA65-43F9-8D46-9C7C5198C9DF}.Release|Any CPU.ActiveCfg = Release|Any CPU
		{F1CC4E4C-EA65-43F9-8D46-9C7C5198C9DF}.Release|Any CPU.Build.0 = Release|Any CPU
		{F1CC4E4C-EA65-43F9-8D46-9C7C5198C9DF}.Release|x64.ActiveCfg = Release|Any CPU
		{F1CC4E4C-EA65-43F9-8D46-9C7C5198C9DF}.Release|x64.Build.0 = Release|Any CPU
		{F1CC4E4C-EA65-43F9-8D46-9C7C5198C9DF}.Release|x86.ActiveCfg = Release|Any CPU
		{F1CC4E4C-EA65-43F9-8D46-9C7C5198C9DF}.Release|x86.Build.0 = Release|Any CPU
		{FB59763F-A232-41F9-89D0-E6E22B3BE3BF}.Debug|Any CPU.ActiveCfg = Debug|Any CPU
		{FB59763F-A232-41F9-89D0-E6E22B3BE3BF}.Debug|Any CPU.Build.0 = Debug|Any CPU
		{FB59763F-A232-41F9-89D0-E6E22B3BE3BF}.Debug|x64.ActiveCfg = Debug|Any CPU
		{FB59763F-A232-41F9-89D0-E6E22B3BE3BF}.Debug|x64.Build.0 = Debug|Any CPU
		{FB59763F-A232-41F9-89D0-E6E22B3BE3BF}.Debug|x86.ActiveCfg = Debug|Any CPU
		{FB59763F-A232-41F9-89D0-E6E22B3BE3BF}.Debug|x86.Build.0 = Debug|Any CPU
		{FB59763F-A232-41F9-89D0-E6E22B3BE3BF}.Release|Any CPU.ActiveCfg = Release|Any CPU
		{FB59763F-A232-41F9-89D0-E6E22B3BE3BF}.Release|Any CPU.Build.0 = Release|Any CPU
		{FB59763F-A232-41F9-89D0-E6E22B3BE3BF}.Release|x64.ActiveCfg = Release|Any CPU
		{FB59763F-A232-41F9-89D0-E6E22B3BE3BF}.Release|x64.Build.0 = Release|Any CPU
		{FB59763F-A232-41F9-89D0-E6E22B3BE3BF}.Release|x86.ActiveCfg = Release|Any CPU
		{FB59763F-A232-41F9-89D0-E6E22B3BE3BF}.Release|x86.Build.0 = Release|Any CPU
		{7DDF5067-0637-435C-8D7E-CE5E9AA25EDB}.Debug|Any CPU.ActiveCfg = Debug|Any CPU
		{7DDF5067-0637-435C-8D7E-CE5E9AA25EDB}.Debug|Any CPU.Build.0 = Debug|Any CPU
		{7DDF5067-0637-435C-8D7E-CE5E9AA25EDB}.Debug|x64.ActiveCfg = Debug|Any CPU
		{7DDF5067-0637-435C-8D7E-CE5E9AA25EDB}.Debug|x64.Build.0 = Debug|Any CPU
		{7DDF5067-0637-435C-8D7E-CE5E9AA25EDB}.Debug|x86.ActiveCfg = Debug|Any CPU
		{7DDF5067-0637-435C-8D7E-CE5E9AA25EDB}.Debug|x86.Build.0 = Debug|Any CPU
		{7DDF5067-0637-435C-8D7E-CE5E9AA25EDB}.Release|Any CPU.ActiveCfg = Release|Any CPU
		{7DDF5067-0637-435C-8D7E-CE5E9AA25EDB}.Release|Any CPU.Build.0 = Release|Any CPU
		{7DDF5067-0637-435C-8D7E-CE5E9AA25EDB}.Release|x64.ActiveCfg = Release|Any CPU
		{7DDF5067-0637-435C-8D7E-CE5E9AA25EDB}.Release|x64.Build.0 = Release|Any CPU
		{7DDF5067-0637-435C-8D7E-CE5E9AA25EDB}.Release|x86.ActiveCfg = Release|Any CPU
		{7DDF5067-0637-435C-8D7E-CE5E9AA25EDB}.Release|x86.Build.0 = Release|Any CPU
		{C24F2B9B-39DF-492F-B638-F42739E2A108}.Debug|Any CPU.ActiveCfg = Debug|Any CPU
		{C24F2B9B-39DF-492F-B638-F42739E2A108}.Debug|Any CPU.Build.0 = Debug|Any CPU
		{C24F2B9B-39DF-492F-B638-F42739E2A108}.Debug|x64.ActiveCfg = Debug|Any CPU
		{C24F2B9B-39DF-492F-B638-F42739E2A108}.Debug|x64.Build.0 = Debug|Any CPU
		{C24F2B9B-39DF-492F-B638-F42739E2A108}.Debug|x86.ActiveCfg = Debug|Any CPU
		{C24F2B9B-39DF-492F-B638-F42739E2A108}.Debug|x86.Build.0 = Debug|Any CPU
		{C24F2B9B-39DF-492F-B638-F42739E2A108}.Release|Any CPU.ActiveCfg = Release|Any CPU
		{C24F2B9B-39DF-492F-B638-F42739E2A108}.Release|Any CPU.Build.0 = Release|Any CPU
		{C24F2B9B-39DF-492F-B638-F42739E2A108}.Release|x64.ActiveCfg = Release|Any CPU
		{C24F2B9B-39DF-492F-B638-F42739E2A108}.Release|x64.Build.0 = Release|Any CPU
		{C24F2B9B-39DF-492F-B638-F42739E2A108}.Release|x86.ActiveCfg = Release|Any CPU
		{C24F2B9B-39DF-492F-B638-F42739E2A108}.Release|x86.Build.0 = Release|Any CPU
		{F55E5DE2-0464-4278-93CC-998E6AF9ED11}.Debug|Any CPU.ActiveCfg = Debug|Any CPU
		{F55E5DE2-0464-4278-93CC-998E6AF9ED11}.Debug|Any CPU.Build.0 = Debug|Any CPU
		{F55E5DE2-0464-4278-93CC-998E6AF9ED11}.Debug|x64.ActiveCfg = Debug|Any CPU
		{F55E5DE2-0464-4278-93CC-998E6AF9ED11}.Debug|x64.Build.0 = Debug|Any CPU
		{F55E5DE2-0464-4278-93CC-998E6AF9ED11}.Debug|x86.ActiveCfg = Debug|Any CPU
		{F55E5DE2-0464-4278-93CC-998E6AF9ED11}.Debug|x86.Build.0 = Debug|Any CPU
		{F55E5DE2-0464-4278-93CC-998E6AF9ED11}.Release|Any CPU.ActiveCfg = Release|Any CPU
		{F55E5DE2-0464-4278-93CC-998E6AF9ED11}.Release|Any CPU.Build.0 = Release|Any CPU
		{F55E5DE2-0464-4278-93CC-998E6AF9ED11}.Release|x64.ActiveCfg = Release|Any CPU
		{F55E5DE2-0464-4278-93CC-998E6AF9ED11}.Release|x64.Build.0 = Release|Any CPU
		{F55E5DE2-0464-4278-93CC-998E6AF9ED11}.Release|x86.ActiveCfg = Release|Any CPU
		{F55E5DE2-0464-4278-93CC-998E6AF9ED11}.Release|x86.Build.0 = Release|Any CPU
		{647C3CB0-C7C6-4B9A-A7FF-50CD2D5ADC76}.Debug|Any CPU.ActiveCfg = Debug|Any CPU
		{647C3CB0-C7C6-4B9A-A7FF-50CD2D5ADC76}.Debug|Any CPU.Build.0 = Debug|Any CPU
		{647C3CB0-C7C6-4B9A-A7FF-50CD2D5ADC76}.Debug|x64.ActiveCfg = Debug|Any CPU
		{647C3CB0-C7C6-4B9A-A7FF-50CD2D5ADC76}.Debug|x64.Build.0 = Debug|Any CPU
		{647C3CB0-C7C6-4B9A-A7FF-50CD2D5ADC76}.Debug|x86.ActiveCfg = Debug|Any CPU
		{647C3CB0-C7C6-4B9A-A7FF-50CD2D5ADC76}.Debug|x86.Build.0 = Debug|Any CPU
		{647C3CB0-C7C6-4B9A-A7FF-50CD2D5ADC76}.Release|Any CPU.ActiveCfg = Release|Any CPU
		{647C3CB0-C7C6-4B9A-A7FF-50CD2D5ADC76}.Release|Any CPU.Build.0 = Release|Any CPU
		{647C3CB0-C7C6-4B9A-A7FF-50CD2D5ADC76}.Release|x64.ActiveCfg = Release|Any CPU
		{647C3CB0-C7C6-4B9A-A7FF-50CD2D5ADC76}.Release|x64.Build.0 = Release|Any CPU
		{647C3CB0-C7C6-4B9A-A7FF-50CD2D5ADC76}.Release|x86.ActiveCfg = Release|Any CPU
		{647C3CB0-C7C6-4B9A-A7FF-50CD2D5ADC76}.Release|x86.Build.0 = Release|Any CPU
		{3054F31B-3F1A-4AE4-ADE1-304D1D7276D3}.Debug|Any CPU.ActiveCfg = Debug|Any CPU
		{3054F31B-3F1A-4AE4-ADE1-304D1D7276D3}.Debug|Any CPU.Build.0 = Debug|Any CPU
		{3054F31B-3F1A-4AE4-ADE1-304D1D7276D3}.Debug|x64.ActiveCfg = Debug|Any CPU
		{3054F31B-3F1A-4AE4-ADE1-304D1D7276D3}.Debug|x64.Build.0 = Debug|Any CPU
		{3054F31B-3F1A-4AE4-ADE1-304D1D7276D3}.Debug|x86.ActiveCfg = Debug|Any CPU
		{3054F31B-3F1A-4AE4-ADE1-304D1D7276D3}.Debug|x86.Build.0 = Debug|Any CPU
		{3054F31B-3F1A-4AE4-ADE1-304D1D7276D3}.Release|Any CPU.ActiveCfg = Release|Any CPU
		{3054F31B-3F1A-4AE4-ADE1-304D1D7276D3}.Release|Any CPU.Build.0 = Release|Any CPU
		{3054F31B-3F1A-4AE4-ADE1-304D1D7276D3}.Release|x64.ActiveCfg = Release|Any CPU
		{3054F31B-3F1A-4AE4-ADE1-304D1D7276D3}.Release|x64.Build.0 = Release|Any CPU
		{3054F31B-3F1A-4AE4-ADE1-304D1D7276D3}.Release|x86.ActiveCfg = Release|Any CPU
		{3054F31B-3F1A-4AE4-ADE1-304D1D7276D3}.Release|x86.Build.0 = Release|Any CPU
		{66AD4565-4297-4A10-AAB7-6AEEA973CA51}.Debug|Any CPU.ActiveCfg = Debug|Any CPU
		{66AD4565-4297-4A10-AAB7-6AEEA973CA51}.Debug|Any CPU.Build.0 = Debug|Any CPU
		{66AD4565-4297-4A10-AAB7-6AEEA973CA51}.Debug|x64.ActiveCfg = Debug|Any CPU
		{66AD4565-4297-4A10-AAB7-6AEEA973CA51}.Debug|x64.Build.0 = Debug|Any CPU
		{66AD4565-4297-4A10-AAB7-6AEEA973CA51}.Debug|x86.ActiveCfg = Debug|Any CPU
		{66AD4565-4297-4A10-AAB7-6AEEA973CA51}.Debug|x86.Build.0 = Debug|Any CPU
		{66AD4565-4297-4A10-AAB7-6AEEA973CA51}.Release|Any CPU.ActiveCfg = Release|Any CPU
		{66AD4565-4297-4A10-AAB7-6AEEA973CA51}.Release|Any CPU.Build.0 = Release|Any CPU
		{66AD4565-4297-4A10-AAB7-6AEEA973CA51}.Release|x64.ActiveCfg = Release|Any CPU
		{66AD4565-4297-4A10-AAB7-6AEEA973CA51}.Release|x64.Build.0 = Release|Any CPU
		{66AD4565-4297-4A10-AAB7-6AEEA973CA51}.Release|x86.ActiveCfg = Release|Any CPU
		{66AD4565-4297-4A10-AAB7-6AEEA973CA51}.Release|x86.Build.0 = Release|Any CPU
		{62040CF3-2636-4CD2-950C-89953B2D9021}.Debug|Any CPU.ActiveCfg = Debug|Any CPU
		{62040CF3-2636-4CD2-950C-89953B2D9021}.Debug|Any CPU.Build.0 = Debug|Any CPU
		{62040CF3-2636-4CD2-950C-89953B2D9021}.Debug|x64.ActiveCfg = Debug|Any CPU
		{62040CF3-2636-4CD2-950C-89953B2D9021}.Debug|x64.Build.0 = Debug|Any CPU
		{62040CF3-2636-4CD2-950C-89953B2D9021}.Debug|x86.ActiveCfg = Debug|Any CPU
		{62040CF3-2636-4CD2-950C-89953B2D9021}.Debug|x86.Build.0 = Debug|Any CPU
		{62040CF3-2636-4CD2-950C-89953B2D9021}.Release|Any CPU.ActiveCfg = Release|Any CPU
		{62040CF3-2636-4CD2-950C-89953B2D9021}.Release|Any CPU.Build.0 = Release|Any CPU
		{62040CF3-2636-4CD2-950C-89953B2D9021}.Release|x64.ActiveCfg = Release|Any CPU
		{62040CF3-2636-4CD2-950C-89953B2D9021}.Release|x64.Build.0 = Release|Any CPU
		{62040CF3-2636-4CD2-950C-89953B2D9021}.Release|x86.ActiveCfg = Release|Any CPU
		{62040CF3-2636-4CD2-950C-89953B2D9021}.Release|x86.Build.0 = Release|Any CPU
		{4ACD7629-749B-481F-A873-0400A73F5C71}.Debug|Any CPU.ActiveCfg = Debug|Any CPU
		{4ACD7629-749B-481F-A873-0400A73F5C71}.Debug|Any CPU.Build.0 = Debug|Any CPU
		{4ACD7629-749B-481F-A873-0400A73F5C71}.Debug|x64.ActiveCfg = Debug|Any CPU
		{4ACD7629-749B-481F-A873-0400A73F5C71}.Debug|x64.Build.0 = Debug|Any CPU
		{4ACD7629-749B-481F-A873-0400A73F5C71}.Debug|x86.ActiveCfg = Debug|Any CPU
		{4ACD7629-749B-481F-A873-0400A73F5C71}.Debug|x86.Build.0 = Debug|Any CPU
		{4ACD7629-749B-481F-A873-0400A73F5C71}.Release|Any CPU.ActiveCfg = Release|Any CPU
		{4ACD7629-749B-481F-A873-0400A73F5C71}.Release|Any CPU.Build.0 = Release|Any CPU
		{4ACD7629-749B-481F-A873-0400A73F5C71}.Release|x64.ActiveCfg = Release|Any CPU
		{4ACD7629-749B-481F-A873-0400A73F5C71}.Release|x64.Build.0 = Release|Any CPU
		{4ACD7629-749B-481F-A873-0400A73F5C71}.Release|x86.ActiveCfg = Release|Any CPU
		{4ACD7629-749B-481F-A873-0400A73F5C71}.Release|x86.Build.0 = Release|Any CPU
		{93D3777C-0EB8-47A7-A039-2F212176CDC8}.Debug|Any CPU.ActiveCfg = Debug|Any CPU
		{93D3777C-0EB8-47A7-A039-2F212176CDC8}.Debug|Any CPU.Build.0 = Debug|Any CPU
		{93D3777C-0EB8-47A7-A039-2F212176CDC8}.Debug|x64.ActiveCfg = Debug|Any CPU
		{93D3777C-0EB8-47A7-A039-2F212176CDC8}.Debug|x64.Build.0 = Debug|Any CPU
		{93D3777C-0EB8-47A7-A039-2F212176CDC8}.Debug|x86.ActiveCfg = Debug|Any CPU
		{93D3777C-0EB8-47A7-A039-2F212176CDC8}.Debug|x86.Build.0 = Debug|Any CPU
		{93D3777C-0EB8-47A7-A039-2F212176CDC8}.Release|Any CPU.ActiveCfg = Release|Any CPU
		{93D3777C-0EB8-47A7-A039-2F212176CDC8}.Release|Any CPU.Build.0 = Release|Any CPU
		{93D3777C-0EB8-47A7-A039-2F212176CDC8}.Release|x64.ActiveCfg = Release|Any CPU
		{93D3777C-0EB8-47A7-A039-2F212176CDC8}.Release|x64.Build.0 = Release|Any CPU
		{93D3777C-0EB8-47A7-A039-2F212176CDC8}.Release|x86.ActiveCfg = Release|Any CPU
		{93D3777C-0EB8-47A7-A039-2F212176CDC8}.Release|x86.Build.0 = Release|Any CPU
		{5F82B040-450C-4D99-9091-9D37DD245B52}.Debug|Any CPU.ActiveCfg = Debug|Any CPU
		{5F82B040-450C-4D99-9091-9D37DD245B52}.Debug|Any CPU.Build.0 = Debug|Any CPU
		{5F82B040-450C-4D99-9091-9D37DD245B52}.Debug|x64.ActiveCfg = Debug|Any CPU
		{5F82B040-450C-4D99-9091-9D37DD245B52}.Debug|x64.Build.0 = Debug|Any CPU
		{5F82B040-450C-4D99-9091-9D37DD245B52}.Debug|x86.ActiveCfg = Debug|Any CPU
		{5F82B040-450C-4D99-9091-9D37DD245B52}.Debug|x86.Build.0 = Debug|Any CPU
		{5F82B040-450C-4D99-9091-9D37DD245B52}.Release|Any CPU.ActiveCfg = Release|Any CPU
		{5F82B040-450C-4D99-9091-9D37DD245B52}.Release|Any CPU.Build.0 = Release|Any CPU
		{5F82B040-450C-4D99-9091-9D37DD245B52}.Release|x64.ActiveCfg = Release|Any CPU
		{5F82B040-450C-4D99-9091-9D37DD245B52}.Release|x64.Build.0 = Release|Any CPU
		{5F82B040-450C-4D99-9091-9D37DD245B52}.Release|x86.ActiveCfg = Release|Any CPU
		{5F82B040-450C-4D99-9091-9D37DD245B52}.Release|x86.Build.0 = Release|Any CPU
		{0A3F3EE9-13C8-49F5-8DCE-871F7EF1F6A9}.Debug|Any CPU.ActiveCfg = Debug|Any CPU
		{0A3F3EE9-13C8-49F5-8DCE-871F7EF1F6A9}.Debug|Any CPU.Build.0 = Debug|Any CPU
		{0A3F3EE9-13C8-49F5-8DCE-871F7EF1F6A9}.Debug|x64.ActiveCfg = Debug|Any CPU
		{0A3F3EE9-13C8-49F5-8DCE-871F7EF1F6A9}.Debug|x64.Build.0 = Debug|Any CPU
		{0A3F3EE9-13C8-49F5-8DCE-871F7EF1F6A9}.Debug|x86.ActiveCfg = Debug|Any CPU
		{0A3F3EE9-13C8-49F5-8DCE-871F7EF1F6A9}.Debug|x86.Build.0 = Debug|Any CPU
		{0A3F3EE9-13C8-49F5-8DCE-871F7EF1F6A9}.Release|Any CPU.ActiveCfg = Release|Any CPU
		{0A3F3EE9-13C8-49F5-8DCE-871F7EF1F6A9}.Release|Any CPU.Build.0 = Release|Any CPU
		{0A3F3EE9-13C8-49F5-8DCE-871F7EF1F6A9}.Release|x64.ActiveCfg = Release|Any CPU
		{0A3F3EE9-13C8-49F5-8DCE-871F7EF1F6A9}.Release|x64.Build.0 = Release|Any CPU
		{0A3F3EE9-13C8-49F5-8DCE-871F7EF1F6A9}.Release|x86.ActiveCfg = Release|Any CPU
		{0A3F3EE9-13C8-49F5-8DCE-871F7EF1F6A9}.Release|x86.Build.0 = Release|Any CPU
		{452FB673-9E80-465B-9916-40B2B130DA06}.Debug|Any CPU.ActiveCfg = Debug|Any CPU
		{452FB673-9E80-465B-9916-40B2B130DA06}.Debug|Any CPU.Build.0 = Debug|Any CPU
		{452FB673-9E80-465B-9916-40B2B130DA06}.Debug|x64.ActiveCfg = Debug|Any CPU
		{452FB673-9E80-465B-9916-40B2B130DA06}.Debug|x64.Build.0 = Debug|Any CPU
		{452FB673-9E80-465B-9916-40B2B130DA06}.Debug|x86.ActiveCfg = Debug|Any CPU
		{452FB673-9E80-465B-9916-40B2B130DA06}.Debug|x86.Build.0 = Debug|Any CPU
		{452FB673-9E80-465B-9916-40B2B130DA06}.Release|Any CPU.ActiveCfg = Release|Any CPU
		{452FB673-9E80-465B-9916-40B2B130DA06}.Release|Any CPU.Build.0 = Release|Any CPU
		{452FB673-9E80-465B-9916-40B2B130DA06}.Release|x64.ActiveCfg = Release|Any CPU
		{452FB673-9E80-465B-9916-40B2B130DA06}.Release|x64.Build.0 = Release|Any CPU
		{452FB673-9E80-465B-9916-40B2B130DA06}.Release|x86.ActiveCfg = Release|Any CPU
		{452FB673-9E80-465B-9916-40B2B130DA06}.Release|x86.Build.0 = Release|Any CPU
		{EDDAC2DA-28F7-4281-BA61-39747C92502B}.Debug|Any CPU.ActiveCfg = Debug|Any CPU
		{EDDAC2DA-28F7-4281-BA61-39747C92502B}.Debug|Any CPU.Build.0 = Debug|Any CPU
		{EDDAC2DA-28F7-4281-BA61-39747C92502B}.Debug|x64.ActiveCfg = Debug|Any CPU
		{EDDAC2DA-28F7-4281-BA61-39747C92502B}.Debug|x64.Build.0 = Debug|Any CPU
		{EDDAC2DA-28F7-4281-BA61-39747C92502B}.Debug|x86.ActiveCfg = Debug|Any CPU
		{EDDAC2DA-28F7-4281-BA61-39747C92502B}.Debug|x86.Build.0 = Debug|Any CPU
		{EDDAC2DA-28F7-4281-BA61-39747C92502B}.Release|Any CPU.ActiveCfg = Release|Any CPU
		{EDDAC2DA-28F7-4281-BA61-39747C92502B}.Release|Any CPU.Build.0 = Release|Any CPU
		{EDDAC2DA-28F7-4281-BA61-39747C92502B}.Release|x64.ActiveCfg = Release|Any CPU
		{EDDAC2DA-28F7-4281-BA61-39747C92502B}.Release|x64.Build.0 = Release|Any CPU
		{EDDAC2DA-28F7-4281-BA61-39747C92502B}.Release|x86.ActiveCfg = Release|Any CPU
		{EDDAC2DA-28F7-4281-BA61-39747C92502B}.Release|x86.Build.0 = Release|Any CPU
		{674BDB21-15FC-45A1-B705-6EFE38BE0351}.Debug|Any CPU.ActiveCfg = Debug|Any CPU
		{674BDB21-15FC-45A1-B705-6EFE38BE0351}.Debug|Any CPU.Build.0 = Debug|Any CPU
		{674BDB21-15FC-45A1-B705-6EFE38BE0351}.Debug|x64.ActiveCfg = Debug|Any CPU
		{674BDB21-15FC-45A1-B705-6EFE38BE0351}.Debug|x64.Build.0 = Debug|Any CPU
		{674BDB21-15FC-45A1-B705-6EFE38BE0351}.Debug|x86.ActiveCfg = Debug|Any CPU
		{674BDB21-15FC-45A1-B705-6EFE38BE0351}.Debug|x86.Build.0 = Debug|Any CPU
		{674BDB21-15FC-45A1-B705-6EFE38BE0351}.Release|Any CPU.ActiveCfg = Release|Any CPU
		{674BDB21-15FC-45A1-B705-6EFE38BE0351}.Release|Any CPU.Build.0 = Release|Any CPU
		{674BDB21-15FC-45A1-B705-6EFE38BE0351}.Release|x64.ActiveCfg = Release|Any CPU
		{674BDB21-15FC-45A1-B705-6EFE38BE0351}.Release|x64.Build.0 = Release|Any CPU
		{674BDB21-15FC-45A1-B705-6EFE38BE0351}.Release|x86.ActiveCfg = Release|Any CPU
		{674BDB21-15FC-45A1-B705-6EFE38BE0351}.Release|x86.Build.0 = Release|Any CPU
		{F5D04BB5-915A-4B4E-8DA9-031E789A8F7D}.Debug|Any CPU.ActiveCfg = Debug|Any CPU
		{F5D04BB5-915A-4B4E-8DA9-031E789A8F7D}.Debug|Any CPU.Build.0 = Debug|Any CPU
		{F5D04BB5-915A-4B4E-8DA9-031E789A8F7D}.Debug|x64.ActiveCfg = Debug|Any CPU
		{F5D04BB5-915A-4B4E-8DA9-031E789A8F7D}.Debug|x64.Build.0 = Debug|Any CPU
		{F5D04BB5-915A-4B4E-8DA9-031E789A8F7D}.Debug|x86.ActiveCfg = Debug|Any CPU
		{F5D04BB5-915A-4B4E-8DA9-031E789A8F7D}.Debug|x86.Build.0 = Debug|Any CPU
		{F5D04BB5-915A-4B4E-8DA9-031E789A8F7D}.Release|Any CPU.ActiveCfg = Release|Any CPU
		{F5D04BB5-915A-4B4E-8DA9-031E789A8F7D}.Release|Any CPU.Build.0 = Release|Any CPU
		{F5D04BB5-915A-4B4E-8DA9-031E789A8F7D}.Release|x64.ActiveCfg = Release|Any CPU
		{F5D04BB5-915A-4B4E-8DA9-031E789A8F7D}.Release|x64.Build.0 = Release|Any CPU
		{F5D04BB5-915A-4B4E-8DA9-031E789A8F7D}.Release|x86.ActiveCfg = Release|Any CPU
		{F5D04BB5-915A-4B4E-8DA9-031E789A8F7D}.Release|x86.Build.0 = Release|Any CPU
		{821738EE-4D45-474A-BD50-CEDF32272340}.Debug|Any CPU.ActiveCfg = Debug|Any CPU
		{821738EE-4D45-474A-BD50-CEDF32272340}.Debug|Any CPU.Build.0 = Debug|Any CPU
		{821738EE-4D45-474A-BD50-CEDF32272340}.Debug|x64.ActiveCfg = Debug|Any CPU
		{821738EE-4D45-474A-BD50-CEDF32272340}.Debug|x64.Build.0 = Debug|Any CPU
		{821738EE-4D45-474A-BD50-CEDF32272340}.Debug|x86.ActiveCfg = Debug|Any CPU
		{821738EE-4D45-474A-BD50-CEDF32272340}.Debug|x86.Build.0 = Debug|Any CPU
		{821738EE-4D45-474A-BD50-CEDF32272340}.Release|Any CPU.ActiveCfg = Release|Any CPU
		{821738EE-4D45-474A-BD50-CEDF32272340}.Release|Any CPU.Build.0 = Release|Any CPU
		{821738EE-4D45-474A-BD50-CEDF32272340}.Release|x64.ActiveCfg = Release|Any CPU
		{821738EE-4D45-474A-BD50-CEDF32272340}.Release|x64.Build.0 = Release|Any CPU
		{821738EE-4D45-474A-BD50-CEDF32272340}.Release|x86.ActiveCfg = Release|Any CPU
		{821738EE-4D45-474A-BD50-CEDF32272340}.Release|x86.Build.0 = Release|Any CPU
		{31B5B40E-26F9-4C9C-9D07-C0FD298EA0FE}.Debug|Any CPU.ActiveCfg = Debug|Any CPU
		{31B5B40E-26F9-4C9C-9D07-C0FD298EA0FE}.Debug|Any CPU.Build.0 = Debug|Any CPU
		{31B5B40E-26F9-4C9C-9D07-C0FD298EA0FE}.Debug|x64.ActiveCfg = Debug|Any CPU
		{31B5B40E-26F9-4C9C-9D07-C0FD298EA0FE}.Debug|x64.Build.0 = Debug|Any CPU
		{31B5B40E-26F9-4C9C-9D07-C0FD298EA0FE}.Debug|x86.ActiveCfg = Debug|Any CPU
		{31B5B40E-26F9-4C9C-9D07-C0FD298EA0FE}.Debug|x86.Build.0 = Debug|Any CPU
		{31B5B40E-26F9-4C9C-9D07-C0FD298EA0FE}.Release|Any CPU.ActiveCfg = Release|Any CPU
		{31B5B40E-26F9-4C9C-9D07-C0FD298EA0FE}.Release|Any CPU.Build.0 = Release|Any CPU
		{31B5B40E-26F9-4C9C-9D07-C0FD298EA0FE}.Release|x64.ActiveCfg = Release|Any CPU
		{31B5B40E-26F9-4C9C-9D07-C0FD298EA0FE}.Release|x64.Build.0 = Release|Any CPU
		{31B5B40E-26F9-4C9C-9D07-C0FD298EA0FE}.Release|x86.ActiveCfg = Release|Any CPU
		{31B5B40E-26F9-4C9C-9D07-C0FD298EA0FE}.Release|x86.Build.0 = Release|Any CPU
		{1DC13E3C-8F43-4DED-86D0-86EB5BC59174}.Debug|Any CPU.ActiveCfg = Debug|Any CPU
		{1DC13E3C-8F43-4DED-86D0-86EB5BC59174}.Debug|Any CPU.Build.0 = Debug|Any CPU
		{1DC13E3C-8F43-4DED-86D0-86EB5BC59174}.Debug|x64.ActiveCfg = Debug|Any CPU
		{1DC13E3C-8F43-4DED-86D0-86EB5BC59174}.Debug|x64.Build.0 = Debug|Any CPU
		{1DC13E3C-8F43-4DED-86D0-86EB5BC59174}.Debug|x86.ActiveCfg = Debug|Any CPU
		{1DC13E3C-8F43-4DED-86D0-86EB5BC59174}.Debug|x86.Build.0 = Debug|Any CPU
		{1DC13E3C-8F43-4DED-86D0-86EB5BC59174}.Release|Any CPU.ActiveCfg = Release|Any CPU
		{1DC13E3C-8F43-4DED-86D0-86EB5BC59174}.Release|Any CPU.Build.0 = Release|Any CPU
		{1DC13E3C-8F43-4DED-86D0-86EB5BC59174}.Release|x64.ActiveCfg = Release|Any CPU
		{1DC13E3C-8F43-4DED-86D0-86EB5BC59174}.Release|x64.Build.0 = Release|Any CPU
		{1DC13E3C-8F43-4DED-86D0-86EB5BC59174}.Release|x86.ActiveCfg = Release|Any CPU
		{1DC13E3C-8F43-4DED-86D0-86EB5BC59174}.Release|x86.Build.0 = Release|Any CPU
	EndGlobalSection
	GlobalSection(SolutionProperties) = preSolution
		HideSolutionNode = FALSE
	EndGlobalSection
	GlobalSection(NestedProjects) = preSolution
		{C1A4A020-5504-4A47-87F9-79E697EF6038} = {EEA616BB-6AD2-4F34-BC4B-1F430277B31D}
		{532DB39C-B5CF-46E8-A9FA-C6A7A36CF622} = {EEA616BB-6AD2-4F34-BC4B-1F430277B31D}
		{B6443248-A5A9-4A65-A27D-578CA53B6D48} = {EEA616BB-6AD2-4F34-BC4B-1F430277B31D}
		{643C89A8-AE7D-44EC-B39A-38FD007F24FD} = {EEA616BB-6AD2-4F34-BC4B-1F430277B31D}
		{C1DC7DCC-7F55-4F64-81DD-C07FBB59DD3F} = {EEA616BB-6AD2-4F34-BC4B-1F430277B31D}
		{F1CC4E4C-EA65-43F9-8D46-9C7C5198C9DF} = {EEA616BB-6AD2-4F34-BC4B-1F430277B31D}
		{FB59763F-A232-41F9-89D0-E6E22B3BE3BF} = {EEA616BB-6AD2-4F34-BC4B-1F430277B31D}
		{C24F2B9B-39DF-492F-B638-F42739E2A108} = {EEA616BB-6AD2-4F34-BC4B-1F430277B31D}
		{F55E5DE2-0464-4278-93CC-998E6AF9ED11} = {EEA616BB-6AD2-4F34-BC4B-1F430277B31D}
		{647C3CB0-C7C6-4B9A-A7FF-50CD2D5ADC76} = {EEA616BB-6AD2-4F34-BC4B-1F430277B31D}
		{3054F31B-3F1A-4AE4-ADE1-304D1D7276D3} = {EEA616BB-6AD2-4F34-BC4B-1F430277B31D}
		{66AD4565-4297-4A10-AAB7-6AEEA973CA51} = {EEA616BB-6AD2-4F34-BC4B-1F430277B31D}
		{62040CF3-2636-4CD2-950C-89953B2D9021} = {EEA616BB-6AD2-4F34-BC4B-1F430277B31D}
		{4ACD7629-749B-481F-A873-0400A73F5C71} = {EEA616BB-6AD2-4F34-BC4B-1F430277B31D}
		{93D3777C-0EB8-47A7-A039-2F212176CDC8} = {EEA616BB-6AD2-4F34-BC4B-1F430277B31D}
		{5F82B040-450C-4D99-9091-9D37DD245B52} = {EEA616BB-6AD2-4F34-BC4B-1F430277B31D}
		{0A3F3EE9-13C8-49F5-8DCE-871F7EF1F6A9} = {EEA616BB-6AD2-4F34-BC4B-1F430277B31D}
		{452FB673-9E80-465B-9916-40B2B130DA06} = {EEA616BB-6AD2-4F34-BC4B-1F430277B31D}
		{EDDAC2DA-28F7-4281-BA61-39747C92502B} = {EEA616BB-6AD2-4F34-BC4B-1F430277B31D}
		{674BDB21-15FC-45A1-B705-6EFE38BE0351} = {EEA616BB-6AD2-4F34-BC4B-1F430277B31D}
		{F5D04BB5-915A-4B4E-8DA9-031E789A8F7D} = {EEA616BB-6AD2-4F34-BC4B-1F430277B31D}
		{821738EE-4D45-474A-BD50-CEDF32272340} = {EEA616BB-6AD2-4F34-BC4B-1F430277B31D}
		{31B5B40E-26F9-4C9C-9D07-C0FD298EA0FE} = {EEA616BB-6AD2-4F34-BC4B-1F430277B31D}
		{1DC13E3C-8F43-4DED-86D0-86EB5BC59174} = {EEA616BB-6AD2-4F34-BC4B-1F430277B31D}
	EndGlobalSection
	GlobalSection(ExtensibilityGlobals) = postSolution
		SolutionGuid = {5EDA2D1C-FA1E-49A0-A67C-5267D7503BB2}
	EndGlobalSection
EndGlobal
