
Microsoft Visual Studio Solution File, Format Version 12.00
# Visual Studio 15
VisualStudioVersion = 15.0.26124.0
MinimumVisualStudioVersion = 15.0.26124.0
Project("{9A19103F-16F7-4668-BE54-9A1E7A4F7556}") = "R5T.D0037.Construction", "R5T.D0037.Construction\R5T.D0037.Construction.csproj", "{0FDC3F50-144E-4381-8FBD-F18ADF363E25}"
EndProject
Project("{9A19103F-16F7-4668-BE54-9A1E7A4F7556}") = "R5T.D0037", "R5T.D0037\R5T.D0037.csproj", "{32277632-8C76-4EFC-B9EE-3ABF788606F6}"
EndProject
Project("{9A19103F-16F7-4668-BE54-9A1E7A4F7556}") = "R5T.D0037.Base", "R5T.D0037.Base\R5T.D0037.Base.csproj", "{7DBE76CB-D35F-4EC2-9F6D-C8BDA9778E42}"
EndProject
Project("{9A19103F-16F7-4668-BE54-9A1E7A4F7556}") = "R5T.D0038.Base", "..\..\R5T.D0038\source\R5T.D0038.Base\R5T.D0038.Base.csproj", "{C1A4A020-5504-4A47-87F9-79E697EF6038}"
EndProject
Project("{2150E333-8FDC-42A3-9474-1A3956D46DE8}") = "_Dependencies", "_Dependencies", "{EEA616BB-6AD2-4F34-BC4B-1F430277B31D}"
EndProject
Project("{9A19103F-16F7-4668-BE54-9A1E7A4F7556}") = "R5T.D0037.D0038", "R5T.D0037.D0038\R5T.D0037.D0038.csproj", "{6DBE04EC-D945-4A24-B16A-2DB556637F13}"
EndProject
Project("{9A19103F-16F7-4668-BE54-9A1E7A4F7556}") = "R5T.T0010", "..\..\R5T.T0010\source\R5T.T0010\R5T.T0010.csproj", "{532DB39C-B5CF-46E8-A9FA-C6A7A36CF622}"
EndProject
Project("{9A19103F-16F7-4668-BE54-9A1E7A4F7556}") = "R5T.Stagira", "..\..\R5T.Stagira\source\R5T.Stagira\R5T.Stagira.csproj", "{B6443248-A5A9-4A65-A27D-578CA53B6D48}"
EndProject
Project("{9A19103F-16F7-4668-BE54-9A1E7A4F7556}") = "R5T.Dacia.Extensions", "..\..\R5T.Dacia.Extensions\source\R5T.Dacia.Extensions\R5T.Dacia.Extensions.csproj", "{643C89A8-AE7D-44EC-B39A-38FD007F24FD}"
EndProject
Project("{9A19103F-16F7-4668-BE54-9A1E7A4F7556}") = "R5T.Dacia", "..\..\R5T.Dacia\source\R5T.Dacia\R5T.Dacia.csproj", "{C1DC7DCC-7F55-4F64-81DD-C07FBB59DD3F}"
EndProject
Project("{9A19103F-16F7-4668-BE54-9A1E7A4F7556}") = "R5T.D0037.Standard", "R5T.D0037.Standard\R5T.D0037.Standard.csproj", "{674D9CE9-E5F5-432C-B413-27120B629350}"
EndProject
Project("{9A19103F-16F7-4668-BE54-9A1E7A4F7556}") = "R5T.D0038.L0001", "..\..\R5T.D0038\source\R5T.D0038.L0001\R5T.D0038.L0001.csproj", "{39940DE5-DCAE-407C-9E6C-75FB3578F535}"
EndProject
Project("{9A19103F-16F7-4668-BE54-9A1E7A4F7556}") = "R5T.L0001.Extensions", "..\..\R5T.L0001\source\R5T.L0001.Extensions\R5T.L0001.Extensions.csproj", "{FD6B7E3C-4708-40E1-979B-7D00227177FA}"
EndProject
Project("{9A19103F-16F7-4668-BE54-9A1E7A4F7556}") = "R5T.L0001", "..\..\R5T.L0001\source\R5T.L0001\R5T.L0001.csproj", "{4BB9D65F-A406-4C2B-B2C4-F0ED3826DDBD}"
EndProject
Project("{9A19103F-16F7-4668-BE54-9A1E7A4F7556}") = "R5T.T0008", "..\..\R5T.T0008\source\R5T.T0008\R5T.T0008.csproj", "{80C27A9F-E150-4525-9EAA-E0E448398815}"
EndProject
Project("{9A19103F-16F7-4668-BE54-9A1E7A4F7556}") = "R5T.Magyar", "..\..\R5T.Magyar\source\R5T.Magyar\R5T.Magyar.csproj", "{F1CC4E4C-EA65-43F9-8D46-9C7C5198C9DF}"
EndProject
Project("{9A19103F-16F7-4668-BE54-9A1E7A4F7556}") = "R5T.D0046.Base", "..\..\R5T.D0046\source\R5T.D0046.Base\R5T.D0046.Base.csproj", "{5005C4AC-D9EF-4E9B-AB0E-7F29AFA2E35A}"
EndProject
Project("{9A19103F-16F7-4668-BE54-9A1E7A4F7556}") = "R5T.Aalborg", "..\..\R5T.Aalborg\source\R5T.Aalborg\R5T.Aalborg.csproj", "{48B12B33-B498-47D3-91CA-260F151DD7E3}"
EndProject
Project("{9A19103F-16F7-4668-BE54-9A1E7A4F7556}") = "R5T.D0046.Standard", "..\..\R5T.D0046\source\R5T.D0046.Standard\R5T.D0046.Standard.csproj", "{41AE8006-70AF-4304-A456-A267AD84D411}"
EndProject
Project("{9A19103F-16F7-4668-BE54-9A1E7A4F7556}") = "R5T.Polidea.Standard", "..\..\R5T.Polidea\source\R5T.Polidea.Standard\R5T.Polidea.Standard.csproj", "{F87E6A83-C154-4548-A4B3-1866783351BE}"
EndProject
Project("{9A19103F-16F7-4668-BE54-9A1E7A4F7556}") = "R5T.Polidea.Sardinia", "..\..\R5T.Polidea.Sardinia\source\R5T.Polidea.Sardinia\R5T.Polidea.Sardinia.csproj", "{12E784A5-40B7-403C-87A5-7AC08FF31D68}"
EndProject
Project("{9A19103F-16F7-4668-BE54-9A1E7A4F7556}") = "R5T.Polidea", "..\..\R5T.Polidea\source\R5T.Polidea\R5T.Polidea.csproj", "{50021392-1703-498E-A7A9-0D46D3E6E470}"
EndProject
Project("{9A19103F-16F7-4668-BE54-9A1E7A4F7556}") = "R5T.Sardinia", "..\..\R5T.Sardinia\source\R5T.Sardinia\R5T.Sardinia.csproj", "{B212C052-A1C5-4AE6-8A47-CEC1242330F7}"
EndProject
Project("{9A19103F-16F7-4668-BE54-9A1E7A4F7556}") = "R5T.Exeter", "..\..\R5T.Exeter\source\R5T.Exeter\R5T.Exeter.csproj", "{D831088F-82BE-47C0-BE55-F061A78E7B49}"
EndProject
Project("{9A19103F-16F7-4668-BE54-9A1E7A4F7556}") = "R5T.Chamavia.Extensions", "..\..\R5T.Chamavia.Extensions\source\R5T.Chamavia.Extensions\R5T.Chamavia.Extensions.csproj", "{D7628BF9-2DEB-4C05-B4CA-FDDC1E8E0345}"
EndProject
Project("{9A19103F-16F7-4668-BE54-9A1E7A4F7556}") = "R5T.Chamavia", "..\..\R5T.Chamavia\source\R5T.Chamavia\R5T.Chamavia.csproj", "{962FD148-43E2-4781-BA39-521A07EADFD6}"
EndProject
Project("{9A19103F-16F7-4668-BE54-9A1E7A4F7556}") = "R5T.Langobard.Extensions", "..\..\R5T.Langobard.Extensions\source\R5T.Langobard.Extensions\R5T.Langobard.Extensions.csproj", "{21DEE9D5-B377-4B72-81A4-48D3C5C43293}"
EndProject
Project("{9A19103F-16F7-4668-BE54-9A1E7A4F7556}") = "R5T.Langobard", "..\..\R5T.Langobard\source\R5T.Langobard\R5T.Langobard.csproj", "{82483BC2-6C46-4735-8ED9-0A86F23DCDF1}"
EndProject
Project("{9A19103F-16F7-4668-BE54-9A1E7A4F7556}") = "R5T.Opatia", "..\..\R5T.Opatia\source\R5T.Opatia\R5T.Opatia.csproj", "{08D23FEC-0E16-4C57-806A-6B8CEF11020F}"
EndProject
Project("{9A19103F-16F7-4668-BE54-9A1E7A4F7556}") = "R5T.Polidea.Suebia", "..\..\R5T.Polidea.Suebia\source\R5T.Polidea.Suebia\R5T.Polidea.Suebia.csproj", "{291AC966-31D0-4CB3-AE59-529EDB473808}"
EndProject
Project("{9A19103F-16F7-4668-BE54-9A1E7A4F7556}") = "R5T.Suebia.Extensions", "..\..\R5T.Suebia.Extensions\source\R5T.Suebia.Extensions\R5T.Suebia.Extensions.csproj", "{2DBF7C46-D533-4130-96C0-73AC577B5180}"
EndProject
Project("{9A19103F-16F7-4668-BE54-9A1E7A4F7556}") = "R5T.Suebia.Base", "..\..\R5T.Suebia.Base\source\R5T.Suebia.Base\R5T.Suebia.Base.csproj", "{E614C8F5-927F-4654-A37C-39E539E38512}"
EndProject
Project("{9A19103F-16F7-4668-BE54-9A1E7A4F7556}") = "R5T.Polidea.Default", "..\..\R5T.Polidea\source\R5T.Polidea.Default\R5T.Polidea.Default.csproj", "{3618EA13-DF48-4D71-9CE5-EF4AEE0E6FD5}"
EndProject
Project("{9A19103F-16F7-4668-BE54-9A1E7A4F7556}") = "R5T.Polidea.Base", "..\..\R5T.Polidea\source\R5T.Polidea.Base\R5T.Polidea.Base.csproj", "{C967D7C6-2627-4641-B129-0AEEE7481016}"
EndProject
Project("{9A19103F-16F7-4668-BE54-9A1E7A4F7556}") = "R5T.D0046.Default", "..\..\R5T.D0046\source\R5T.D0046.Default\R5T.D0046.Default.csproj", "{9B8AB52C-35FF-4167-AEB8-154A8BCE554D}"
EndProject
Global
	GlobalSection(SolutionConfigurationPlatforms) = preSolution
		Debug|Any CPU = Debug|Any CPU
		Debug|x64 = Debug|x64
		Debug|x86 = Debug|x86
		Release|Any CPU = Release|Any CPU
		Release|x64 = Release|x64
		Release|x86 = Release|x86
	EndGlobalSection
	GlobalSection(ProjectConfigurationPlatforms) = postSolution
		{0FDC3F50-144E-4381-8FBD-F18ADF363E25}.Debug|Any CPU.ActiveCfg = Debug|Any CPU
		{0FDC3F50-144E-4381-8FBD-F18ADF363E25}.Debug|Any CPU.Build.0 = Debug|Any CPU
		{0FDC3F50-144E-4381-8FBD-F18ADF363E25}.Debug|x64.ActiveCfg = Debug|Any CPU
		{0FDC3F50-144E-4381-8FBD-F18ADF363E25}.Debug|x64.Build.0 = Debug|Any CPU
		{0FDC3F50-144E-4381-8FBD-F18ADF363E25}.Debug|x86.ActiveCfg = Debug|Any CPU
		{0FDC3F50-144E-4381-8FBD-F18ADF363E25}.Debug|x86.Build.0 = Debug|Any CPU
		{0FDC3F50-144E-4381-8FBD-F18ADF363E25}.Release|Any CPU.ActiveCfg = Release|Any CPU
		{0FDC3F50-144E-4381-8FBD-F18ADF363E25}.Release|Any CPU.Build.0 = Release|Any CPU
		{0FDC3F50-144E-4381-8FBD-F18ADF363E25}.Release|x64.ActiveCfg = Release|Any CPU
		{0FDC3F50-144E-4381-8FBD-F18ADF363E25}.Release|x64.Build.0 = Release|Any CPU
		{0FDC3F50-144E-4381-8FBD-F18ADF363E25}.Release|x86.ActiveCfg = Release|Any CPU
		{0FDC3F50-144E-4381-8FBD-F18ADF363E25}.Release|x86.Build.0 = Release|Any CPU
		{32277632-8C76-4EFC-B9EE-3ABF788606F6}.Debug|Any CPU.ActiveCfg = Debug|Any CPU
		{32277632-8C76-4EFC-B9EE-3ABF788606F6}.Debug|Any CPU.Build.0 = Debug|Any CPU
		{32277632-8C76-4EFC-B9EE-3ABF788606F6}.Debug|x64.ActiveCfg = Debug|Any CPU
		{32277632-8C76-4EFC-B9EE-3ABF788606F6}.Debug|x64.Build.0 = Debug|Any CPU
		{32277632-8C76-4EFC-B9EE-3ABF788606F6}.Debug|x86.ActiveCfg = Debug|Any CPU
		{32277632-8C76-4EFC-B9EE-3ABF788606F6}.Debug|x86.Build.0 = Debug|Any CPU
		{32277632-8C76-4EFC-B9EE-3ABF788606F6}.Release|Any CPU.ActiveCfg = Release|Any CPU
		{32277632-8C76-4EFC-B9EE-3ABF788606F6}.Release|Any CPU.Build.0 = Release|Any CPU
		{32277632-8C76-4EFC-B9EE-3ABF788606F6}.Release|x64.ActiveCfg = Release|Any CPU
		{32277632-8C76-4EFC-B9EE-3ABF788606F6}.Release|x64.Build.0 = Release|Any CPU
		{32277632-8C76-4EFC-B9EE-3ABF788606F6}.Release|x86.ActiveCfg = Release|Any CPU
		{32277632-8C76-4EFC-B9EE-3ABF788606F6}.Release|x86.Build.0 = Release|Any CPU
		{7DBE76CB-D35F-4EC2-9F6D-C8BDA9778E42}.Debug|Any CPU.ActiveCfg = Debug|Any CPU
		{7DBE76CB-D35F-4EC2-9F6D-C8BDA9778E42}.Debug|Any CPU.Build.0 = Debug|Any CPU
		{7DBE76CB-D35F-4EC2-9F6D-C8BDA9778E42}.Debug|x64.ActiveCfg = Debug|Any CPU
		{7DBE76CB-D35F-4EC2-9F6D-C8BDA9778E42}.Debug|x64.Build.0 = Debug|Any CPU
		{7DBE76CB-D35F-4EC2-9F6D-C8BDA9778E42}.Debug|x86.ActiveCfg = Debug|Any CPU
		{7DBE76CB-D35F-4EC2-9F6D-C8BDA9778E42}.Debug|x86.Build.0 = Debug|Any CPU
		{7DBE76CB-D35F-4EC2-9F6D-C8BDA9778E42}.Release|Any CPU.ActiveCfg = Release|Any CPU
		{7DBE76CB-D35F-4EC2-9F6D-C8BDA9778E42}.Release|Any CPU.Build.0 = Release|Any CPU
		{7DBE76CB-D35F-4EC2-9F6D-C8BDA9778E42}.Release|x64.ActiveCfg = Release|Any CPU
		{7DBE76CB-D35F-4EC2-9F6D-C8BDA9778E42}.Release|x64.Build.0 = Release|Any CPU
		{7DBE76CB-D35F-4EC2-9F6D-C8BDA9778E42}.Release|x86.ActiveCfg = Release|Any CPU
		{7DBE76CB-D35F-4EC2-9F6D-C8BDA9778E42}.Release|x86.Build.0 = Release|Any CPU
		{C1A4A020-5504-4A47-87F9-79E697EF6038}.Debug|Any CPU.ActiveCfg = Debug|Any CPU
		{C1A4A020-5504-4A47-87F9-79E697EF6038}.Debug|Any CPU.Build.0 = Debug|Any CPU
		{C1A4A020-5504-4A47-87F9-79E697EF6038}.Debug|x64.ActiveCfg = Debug|Any CPU
		{C1A4A020-5504-4A47-87F9-79E697EF6038}.Debug|x64.Build.0 = Debug|Any CPU
		{C1A4A020-5504-4A47-87F9-79E697EF6038}.Debug|x86.ActiveCfg = Debug|Any CPU
		{C1A4A020-5504-4A47-87F9-79E697EF6038}.Debug|x86.Build.0 = Debug|Any CPU
		{C1A4A020-5504-4A47-87F9-79E697EF6038}.Release|Any CPU.ActiveCfg = Release|Any CPU
		{C1A4A020-5504-4A47-87F9-79E697EF6038}.Release|Any CPU.Build.0 = Release|Any CPU
		{C1A4A020-5504-4A47-87F9-79E697EF6038}.Release|x64.ActiveCfg = Release|Any CPU
		{C1A4A020-5504-4A47-87F9-79E697EF6038}.Release|x64.Build.0 = Release|Any CPU
		{C1A4A020-5504-4A47-87F9-79E697EF6038}.Release|x86.ActiveCfg = Release|Any CPU
		{C1A4A020-5504-4A47-87F9-79E697EF6038}.Release|x86.Build.0 = Release|Any CPU
		{6DBE04EC-D945-4A24-B16A-2DB556637F13}.Debug|Any CPU.ActiveCfg = Debug|Any CPU
		{6DBE04EC-D945-4A24-B16A-2DB556637F13}.Debug|Any CPU.Build.0 = Debug|Any CPU
		{6DBE04EC-D945-4A24-B16A-2DB556637F13}.Debug|x64.ActiveCfg = Debug|Any CPU
		{6DBE04EC-D945-4A24-B16A-2DB556637F13}.Debug|x64.Build.0 = Debug|Any CPU
		{6DBE04EC-D945-4A24-B16A-2DB556637F13}.Debug|x86.ActiveCfg = Debug|Any CPU
		{6DBE04EC-D945-4A24-B16A-2DB556637F13}.Debug|x86.Build.0 = Debug|Any CPU
		{6DBE04EC-D945-4A24-B16A-2DB556637F13}.Release|Any CPU.ActiveCfg = Release|Any CPU
		{6DBE04EC-D945-4A24-B16A-2DB556637F13}.Release|Any CPU.Build.0 = Release|Any CPU
		{6DBE04EC-D945-4A24-B16A-2DB556637F13}.Release|x64.ActiveCfg = Release|Any CPU
		{6DBE04EC-D945-4A24-B16A-2DB556637F13}.Release|x64.Build.0 = Release|Any CPU
		{6DBE04EC-D945-4A24-B16A-2DB556637F13}.Release|x86.ActiveCfg = Release|Any CPU
		{6DBE04EC-D945-4A24-B16A-2DB556637F13}.Release|x86.Build.0 = Release|Any CPU
		{532DB39C-B5CF-46E8-A9FA-C6A7A36CF622}.Debug|Any CPU.ActiveCfg = Debug|Any CPU
		{532DB39C-B5CF-46E8-A9FA-C6A7A36CF622}.Debug|Any CPU.Build.0 = Debug|Any CPU
		{532DB39C-B5CF-46E8-A9FA-C6A7A36CF622}.Debug|x64.ActiveCfg = Debug|Any CPU
		{532DB39C-B5CF-46E8-A9FA-C6A7A36CF622}.Debug|x64.Build.0 = Debug|Any CPU
		{532DB39C-B5CF-46E8-A9FA-C6A7A36CF622}.Debug|x86.ActiveCfg = Debug|Any CPU
		{532DB39C-B5CF-46E8-A9FA-C6A7A36CF622}.Debug|x86.Build.0 = Debug|Any CPU
		{532DB39C-B5CF-46E8-A9FA-C6A7A36CF622}.Release|Any CPU.ActiveCfg = Release|Any CPU
		{532DB39C-B5CF-46E8-A9FA-C6A7A36CF622}.Release|Any CPU.Build.0 = Release|Any CPU
		{532DB39C-B5CF-46E8-A9FA-C6A7A36CF622}.Release|x64.ActiveCfg = Release|Any CPU
		{532DB39C-B5CF-46E8-A9FA-C6A7A36CF622}.Release|x64.Build.0 = Release|Any CPU
		{532DB39C-B5CF-46E8-A9FA-C6A7A36CF622}.Release|x86.ActiveCfg = Release|Any CPU
		{532DB39C-B5CF-46E8-A9FA-C6A7A36CF622}.Release|x86.Build.0 = Release|Any CPU
		{B6443248-A5A9-4A65-A27D-578CA53B6D48}.Debug|Any CPU.ActiveCfg = Debug|Any CPU
		{B6443248-A5A9-4A65-A27D-578CA53B6D48}.Debug|Any CPU.Build.0 = Debug|Any CPU
		{B6443248-A5A9-4A65-A27D-578CA53B6D48}.Debug|x64.ActiveCfg = Debug|Any CPU
		{B6443248-A5A9-4A65-A27D-578CA53B6D48}.Debug|x64.Build.0 = Debug|Any CPU
		{B6443248-A5A9-4A65-A27D-578CA53B6D48}.Debug|x86.ActiveCfg = Debug|Any CPU
		{B6443248-A5A9-4A65-A27D-578CA53B6D48}.Debug|x86.Build.0 = Debug|Any CPU
		{B6443248-A5A9-4A65-A27D-578CA53B6D48}.Release|Any CPU.ActiveCfg = Release|Any CPU
		{B6443248-A5A9-4A65-A27D-578CA53B6D48}.Release|Any CPU.Build.0 = Release|Any CPU
		{B6443248-A5A9-4A65-A27D-578CA53B6D48}.Release|x64.ActiveCfg = Release|Any CPU
		{B6443248-A5A9-4A65-A27D-578CA53B6D48}.Release|x64.Build.0 = Release|Any CPU
		{B6443248-A5A9-4A65-A27D-578CA53B6D48}.Release|x86.ActiveCfg = Release|Any CPU
		{B6443248-A5A9-4A65-A27D-578CA53B6D48}.Release|x86.Build.0 = Release|Any CPU
		{643C89A8-AE7D-44EC-B39A-38FD007F24FD}.Debug|Any CPU.ActiveCfg = Debug|Any CPU
		{643C89A8-AE7D-44EC-B39A-38FD007F24FD}.Debug|Any CPU.Build.0 = Debug|Any CPU
		{643C89A8-AE7D-44EC-B39A-38FD007F24FD}.Debug|x64.ActiveCfg = Debug|Any CPU
		{643C89A8-AE7D-44EC-B39A-38FD007F24FD}.Debug|x64.Build.0 = Debug|Any CPU
		{643C89A8-AE7D-44EC-B39A-38FD007F24FD}.Debug|x86.ActiveCfg = Debug|Any CPU
		{643C89A8-AE7D-44EC-B39A-38FD007F24FD}.Debug|x86.Build.0 = Debug|Any CPU
		{643C89A8-AE7D-44EC-B39A-38FD007F24FD}.Release|Any CPU.ActiveCfg = Release|Any CPU
		{643C89A8-AE7D-44EC-B39A-38FD007F24FD}.Release|Any CPU.Build.0 = Release|Any CPU
		{643C89A8-AE7D-44EC-B39A-38FD007F24FD}.Release|x64.ActiveCfg = Release|Any CPU
		{643C89A8-AE7D-44EC-B39A-38FD007F24FD}.Release|x64.Build.0 = Release|Any CPU
		{643C89A8-AE7D-44EC-B39A-38FD007F24FD}.Release|x86.ActiveCfg = Release|Any CPU
		{643C89A8-AE7D-44EC-B39A-38FD007F24FD}.Release|x86.Build.0 = Release|Any CPU
		{C1DC7DCC-7F55-4F64-81DD-C07FBB59DD3F}.Debug|Any CPU.ActiveCfg = Debug|Any CPU
		{C1DC7DCC-7F55-4F64-81DD-C07FBB59DD3F}.Debug|Any CPU.Build.0 = Debug|Any CPU
		{C1DC7DCC-7F55-4F64-81DD-C07FBB59DD3F}.Debug|x64.ActiveCfg = Debug|Any CPU
		{C1DC7DCC-7F55-4F64-81DD-C07FBB59DD3F}.Debug|x64.Build.0 = Debug|Any CPU
		{C1DC7DCC-7F55-4F64-81DD-C07FBB59DD3F}.Debug|x86.ActiveCfg = Debug|Any CPU
		{C1DC7DCC-7F55-4F64-81DD-C07FBB59DD3F}.Debug|x86.Build.0 = Debug|Any CPU
		{C1DC7DCC-7F55-4F64-81DD-C07FBB59DD3F}.Release|Any CPU.ActiveCfg = Release|Any CPU
		{C1DC7DCC-7F55-4F64-81DD-C07FBB59DD3F}.Release|Any CPU.Build.0 = Release|Any CPU
		{C1DC7DCC-7F55-4F64-81DD-C07FBB59DD3F}.Release|x64.ActiveCfg = Release|Any CPU
		{C1DC7DCC-7F55-4F64-81DD-C07FBB59DD3F}.Release|x64.Build.0 = Release|Any CPU
		{C1DC7DCC-7F55-4F64-81DD-C07FBB59DD3F}.Release|x86.ActiveCfg = Release|Any CPU
		{C1DC7DCC-7F55-4F64-81DD-C07FBB59DD3F}.Release|x86.Build.0 = Release|Any CPU
		{674D9CE9-E5F5-432C-B413-27120B629350}.Debug|Any CPU.ActiveCfg = Debug|Any CPU
		{674D9CE9-E5F5-432C-B413-27120B629350}.Debug|Any CPU.Build.0 = Debug|Any CPU
		{674D9CE9-E5F5-432C-B413-27120B629350}.Debug|x64.ActiveCfg = Debug|Any CPU
		{674D9CE9-E5F5-432C-B413-27120B629350}.Debug|x64.Build.0 = Debug|Any CPU
		{674D9CE9-E5F5-432C-B413-27120B629350}.Debug|x86.ActiveCfg = Debug|Any CPU
		{674D9CE9-E5F5-432C-B413-27120B629350}.Debug|x86.Build.0 = Debug|Any CPU
		{674D9CE9-E5F5-432C-B413-27120B629350}.Release|Any CPU.ActiveCfg = Release|Any CPU
		{674D9CE9-E5F5-432C-B413-27120B629350}.Release|Any CPU.Build.0 = Release|Any CPU
		{674D9CE9-E5F5-432C-B413-27120B629350}.Release|x64.ActiveCfg = Release|Any CPU
		{674D9CE9-E5F5-432C-B413-27120B629350}.Release|x64.Build.0 = Release|Any CPU
		{674D9CE9-E5F5-432C-B413-27120B629350}.Release|x86.ActiveCfg = Release|Any CPU
		{674D9CE9-E5F5-432C-B413-27120B629350}.Release|x86.Build.0 = Release|Any CPU
		{39940DE5-DCAE-407C-9E6C-75FB3578F535}.Debug|Any CPU.ActiveCfg = Debug|Any CPU
		{39940DE5-DCAE-407C-9E6C-75FB3578F535}.Debug|Any CPU.Build.0 = Debug|Any CPU
		{39940DE5-DCAE-407C-9E6C-75FB3578F535}.Debug|x64.ActiveCfg = Debug|Any CPU
		{39940DE5-DCAE-407C-9E6C-75FB3578F535}.Debug|x64.Build.0 = Debug|Any CPU
		{39940DE5-DCAE-407C-9E6C-75FB3578F535}.Debug|x86.ActiveCfg = Debug|Any CPU
		{39940DE5-DCAE-407C-9E6C-75FB3578F535}.Debug|x86.Build.0 = Debug|Any CPU
		{39940DE5-DCAE-407C-9E6C-75FB3578F535}.Release|Any CPU.ActiveCfg = Release|Any CPU
		{39940DE5-DCAE-407C-9E6C-75FB3578F535}.Release|Any CPU.Build.0 = Release|Any CPU
		{39940DE5-DCAE-407C-9E6C-75FB3578F535}.Release|x64.ActiveCfg = Release|Any CPU
		{39940DE5-DCAE-407C-9E6C-75FB3578F535}.Release|x64.Build.0 = Release|Any CPU
		{39940DE5-DCAE-407C-9E6C-75FB3578F535}.Release|x86.ActiveCfg = Release|Any CPU
		{39940DE5-DCAE-407C-9E6C-75FB3578F535}.Release|x86.Build.0 = Release|Any CPU
		{FD6B7E3C-4708-40E1-979B-7D00227177FA}.Debug|Any CPU.ActiveCfg = Debug|Any CPU
		{FD6B7E3C-4708-40E1-979B-7D00227177FA}.Debug|Any CPU.Build.0 = Debug|Any CPU
		{FD6B7E3C-4708-40E1-979B-7D00227177FA}.Debug|x64.ActiveCfg = Debug|Any CPU
		{FD6B7E3C-4708-40E1-979B-7D00227177FA}.Debug|x64.Build.0 = Debug|Any CPU
		{FD6B7E3C-4708-40E1-979B-7D00227177FA}.Debug|x86.ActiveCfg = Debug|Any CPU
		{FD6B7E3C-4708-40E1-979B-7D00227177FA}.Debug|x86.Build.0 = Debug|Any CPU
		{FD6B7E3C-4708-40E1-979B-7D00227177FA}.Release|Any CPU.ActiveCfg = Release|Any CPU
		{FD6B7E3C-4708-40E1-979B-7D00227177FA}.Release|Any CPU.Build.0 = Release|Any CPU
		{FD6B7E3C-4708-40E1-979B-7D00227177FA}.Release|x64.ActiveCfg = Release|Any CPU
		{FD6B7E3C-4708-40E1-979B-7D00227177FA}.Release|x64.Build.0 = Release|Any CPU
		{FD6B7E3C-4708-40E1-979B-7D00227177FA}.Release|x86.ActiveCfg = Release|Any CPU
		{FD6B7E3C-4708-40E1-979B-7D00227177FA}.Release|x86.Build.0 = Release|Any CPU
		{4BB9D65F-A406-4C2B-B2C4-F0ED3826DDBD}.Debug|Any CPU.ActiveCfg = Debug|Any CPU
		{4BB9D65F-A406-4C2B-B2C4-F0ED3826DDBD}.Debug|Any CPU.Build.0 = Debug|Any CPU
		{4BB9D65F-A406-4C2B-B2C4-F0ED3826DDBD}.Debug|x64.ActiveCfg = Debug|Any CPU
		{4BB9D65F-A406-4C2B-B2C4-F0ED3826DDBD}.Debug|x64.Build.0 = Debug|Any CPU
		{4BB9D65F-A406-4C2B-B2C4-F0ED3826DDBD}.Debug|x86.ActiveCfg = Debug|Any CPU
		{4BB9D65F-A406-4C2B-B2C4-F0ED3826DDBD}.Debug|x86.Build.0 = Debug|Any CPU
		{4BB9D65F-A406-4C2B-B2C4-F0ED3826DDBD}.Release|Any CPU.ActiveCfg = Release|Any CPU
		{4BB9D65F-A406-4C2B-B2C4-F0ED3826DDBD}.Release|Any CPU.Build.0 = Release|Any CPU
		{4BB9D65F-A406-4C2B-B2C4-F0ED3826DDBD}.Release|x64.ActiveCfg = Release|Any CPU
		{4BB9D65F-A406-4C2B-B2C4-F0ED3826DDBD}.Release|x64.Build.0 = Release|Any CPU
		{4BB9D65F-A406-4C2B-B2C4-F0ED3826DDBD}.Release|x86.ActiveCfg = Release|Any CPU
		{4BB9D65F-A406-4C2B-B2C4-F0ED3826DDBD}.Release|x86.Build.0 = Release|Any CPU
		{80C27A9F-E150-4525-9EAA-E0E448398815}.Debug|Any CPU.ActiveCfg = Debug|Any CPU
		{80C27A9F-E150-4525-9EAA-E0E448398815}.Debug|Any CPU.Build.0 = Debug|Any CPU
		{80C27A9F-E150-4525-9EAA-E0E448398815}.Debug|x64.ActiveCfg = Debug|Any CPU
		{80C27A9F-E150-4525-9EAA-E0E448398815}.Debug|x64.Build.0 = Debug|Any CPU
		{80C27A9F-E150-4525-9EAA-E0E448398815}.Debug|x86.ActiveCfg = Debug|Any CPU
		{80C27A9F-E150-4525-9EAA-E0E448398815}.Debug|x86.Build.0 = Debug|Any CPU
		{80C27A9F-E150-4525-9EAA-E0E448398815}.Release|Any CPU.ActiveCfg = Release|Any CPU
		{80C27A9F-E150-4525-9EAA-E0E448398815}.Release|Any CPU.Build.0 = Release|Any CPU
		{80C27A9F-E150-4525-9EAA-E0E448398815}.Release|x64.ActiveCfg = Release|Any CPU
		{80C27A9F-E150-4525-9EAA-E0E448398815}.Release|x64.Build.0 = Release|Any CPU
		{80C27A9F-E150-4525-9EAA-E0E448398815}.Release|x86.ActiveCfg = Release|Any CPU
		{80C27A9F-E150-4525-9EAA-E0E448398815}.Release|x86.Build.0 = Release|Any CPU
		{F1CC4E4C-EA65-43F9-8D46-9C7C5198C9DF}.Debug|Any CPU.ActiveCfg = Debug|Any CPU
		{F1CC4E4C-EA65-43F9-8D46-9C7C5198C9DF}.Debug|Any CPU.Build.0 = Debug|Any CPU
		{F1CC4E4C-EA65-43F9-8D46-9C7C5198C9DF}.Debug|x64.ActiveCfg = Debug|Any CPU
		{F1CC4E4C-EA65-43F9-8D46-9C7C5198C9DF}.Debug|x64.Build.0 = Debug|Any CPU
		{F1CC4E4C-EA65-43F9-8D46-9C7C5198C9DF}.Debug|x86.ActiveCfg = Debug|Any CPU
		{F1CC4E4C-EA65-43F9-8D46-9C7C5198C9DF}.Debug|x86.Build.0 = Debug|Any CPU
		{F1CC4E4C-EA65-43F9-8D46-9C7C5198C9DF}.Release|Any CPU.ActiveCfg = Release|Any CPU
		{F1CC4E4C-EA65-43F9-8D46-9C7C5198C9DF}.Release|Any CPU.Build.0 = Release|Any CPU
		{F1CC4E4C-EA65-43F9-8D46-9C7C5198C9DF}.Release|x64.ActiveCfg = Release|Any CPU
		{F1CC4E4C-EA65-43F9-8D46-9C7C5198C9DF}.Release|x64.Build.0 = Release|Any CPU
		{F1CC4E4C-EA65-43F9-8D46-9C7C5198C9DF}.Release|x86.ActiveCfg = Release|Any CPU
		{F1CC4E4C-EA65-43F9-8D46-9C7C5198C9DF}.Release|x86.Build.0 = Release|Any CPU
		{5005C4AC-D9EF-4E9B-AB0E-7F29AFA2E35A}.Debug|Any CPU.ActiveCfg = Debug|Any CPU
		{5005C4AC-D9EF-4E9B-AB0E-7F29AFA2E35A}.Debug|Any CPU.Build.0 = Debug|Any CPU
		{5005C4AC-D9EF-4E9B-AB0E-7F29AFA2E35A}.Debug|x64.ActiveCfg = Debug|Any CPU
		{5005C4AC-D9EF-4E9B-AB0E-7F29AFA2E35A}.Debug|x64.Build.0 = Debug|Any CPU
		{5005C4AC-D9EF-4E9B-AB0E-7F29AFA2E35A}.Debug|x86.ActiveCfg = Debug|Any CPU
		{5005C4AC-D9EF-4E9B-AB0E-7F29AFA2E35A}.Debug|x86.Build.0 = Debug|Any CPU
		{5005C4AC-D9EF-4E9B-AB0E-7F29AFA2E35A}.Release|Any CPU.ActiveCfg = Release|Any CPU
		{5005C4AC-D9EF-4E9B-AB0E-7F29AFA2E35A}.Release|Any CPU.Build.0 = Release|Any CPU
		{5005C4AC-D9EF-4E9B-AB0E-7F29AFA2E35A}.Release|x64.ActiveCfg = Release|Any CPU
		{5005C4AC-D9EF-4E9B-AB0E-7F29AFA2E35A}.Release|x64.Build.0 = Release|Any CPU
		{5005C4AC-D9EF-4E9B-AB0E-7F29AFA2E35A}.Release|x86.ActiveCfg = Release|Any CPU
		{5005C4AC-D9EF-4E9B-AB0E-7F29AFA2E35A}.Release|x86.Build.0 = Release|Any CPU
		{48B12B33-B498-47D3-91CA-260F151DD7E3}.Debug|Any CPU.ActiveCfg = Debug|Any CPU
		{48B12B33-B498-47D3-91CA-260F151DD7E3}.Debug|Any CPU.Build.0 = Debug|Any CPU
		{48B12B33-B498-47D3-91CA-260F151DD7E3}.Debug|x64.ActiveCfg = Debug|Any CPU
		{48B12B33-B498-47D3-91CA-260F151DD7E3}.Debug|x64.Build.0 = Debug|Any CPU
		{48B12B33-B498-47D3-91CA-260F151DD7E3}.Debug|x86.ActiveCfg = Debug|Any CPU
		{48B12B33-B498-47D3-91CA-260F151DD7E3}.Debug|x86.Build.0 = Debug|Any CPU
		{48B12B33-B498-47D3-91CA-260F151DD7E3}.Release|Any CPU.ActiveCfg = Release|Any CPU
		{48B12B33-B498-47D3-91CA-260F151DD7E3}.Release|Any CPU.Build.0 = Release|Any CPU
		{48B12B33-B498-47D3-91CA-260F151DD7E3}.Release|x64.ActiveCfg = Release|Any CPU
		{48B12B33-B498-47D3-91CA-260F151DD7E3}.Release|x64.Build.0 = Release|Any CPU
		{48B12B33-B498-47D3-91CA-260F151DD7E3}.Release|x86.ActiveCfg = Release|Any CPU
		{48B12B33-B498-47D3-91CA-260F151DD7E3}.Release|x86.Build.0 = Release|Any CPU
		{41AE8006-70AF-4304-A456-A267AD84D411}.Debug|Any CPU.ActiveCfg = Debug|Any CPU
		{41AE8006-70AF-4304-A456-A267AD84D411}.Debug|Any CPU.Build.0 = Debug|Any CPU
		{41AE8006-70AF-4304-A456-A267AD84D411}.Debug|x64.ActiveCfg = Debug|Any CPU
		{41AE8006-70AF-4304-A456-A267AD84D411}.Debug|x64.Build.0 = Debug|Any CPU
		{41AE8006-70AF-4304-A456-A267AD84D411}.Debug|x86.ActiveCfg = Debug|Any CPU
		{41AE8006-70AF-4304-A456-A267AD84D411}.Debug|x86.Build.0 = Debug|Any CPU
		{41AE8006-70AF-4304-A456-A267AD84D411}.Release|Any CPU.ActiveCfg = Release|Any CPU
		{41AE8006-70AF-4304-A456-A267AD84D411}.Release|Any CPU.Build.0 = Release|Any CPU
		{41AE8006-70AF-4304-A456-A267AD84D411}.Release|x64.ActiveCfg = Release|Any CPU
		{41AE8006-70AF-4304-A456-A267AD84D411}.Release|x64.Build.0 = Release|Any CPU
		{41AE8006-70AF-4304-A456-A267AD84D411}.Release|x86.ActiveCfg = Release|Any CPU
		{41AE8006-70AF-4304-A456-A267AD84D411}.Release|x86.Build.0 = Release|Any CPU
		{F87E6A83-C154-4548-A4B3-1866783351BE}.Debug|Any CPU.ActiveCfg = Debug|Any CPU
		{F87E6A83-C154-4548-A4B3-1866783351BE}.Debug|Any CPU.Build.0 = Debug|Any CPU
		{F87E6A83-C154-4548-A4B3-1866783351BE}.Debug|x64.ActiveCfg = Debug|Any CPU
		{F87E6A83-C154-4548-A4B3-1866783351BE}.Debug|x64.Build.0 = Debug|Any CPU
		{F87E6A83-C154-4548-A4B3-1866783351BE}.Debug|x86.ActiveCfg = Debug|Any CPU
		{F87E6A83-C154-4548-A4B3-1866783351BE}.Debug|x86.Build.0 = Debug|Any CPU
		{F87E6A83-C154-4548-A4B3-1866783351BE}.Release|Any CPU.ActiveCfg = Release|Any CPU
		{F87E6A83-C154-4548-A4B3-1866783351BE}.Release|Any CPU.Build.0 = Release|Any CPU
		{F87E6A83-C154-4548-A4B3-1866783351BE}.Release|x64.ActiveCfg = Release|Any CPU
		{F87E6A83-C154-4548-A4B3-1866783351BE}.Release|x64.Build.0 = Release|Any CPU
		{F87E6A83-C154-4548-A4B3-1866783351BE}.Release|x86.ActiveCfg = Release|Any CPU
		{F87E6A83-C154-4548-A4B3-1866783351BE}.Release|x86.Build.0 = Release|Any CPU
		{12E784A5-40B7-403C-87A5-7AC08FF31D68}.Debug|Any CPU.ActiveCfg = Debug|Any CPU
		{12E784A5-40B7-403C-87A5-7AC08FF31D68}.Debug|Any CPU.Build.0 = Debug|Any CPU
		{12E784A5-40B7-403C-87A5-7AC08FF31D68}.Debug|x64.ActiveCfg = Debug|Any CPU
		{12E784A5-40B7-403C-87A5-7AC08FF31D68}.Debug|x64.Build.0 = Debug|Any CPU
		{12E784A5-40B7-403C-87A5-7AC08FF31D68}.Debug|x86.ActiveCfg = Debug|Any CPU
		{12E784A5-40B7-403C-87A5-7AC08FF31D68}.Debug|x86.Build.0 = Debug|Any CPU
		{12E784A5-40B7-403C-87A5-7AC08FF31D68}.Release|Any CPU.ActiveCfg = Release|Any CPU
		{12E784A5-40B7-403C-87A5-7AC08FF31D68}.Release|Any CPU.Build.0 = Release|Any CPU
		{12E784A5-40B7-403C-87A5-7AC08FF31D68}.Release|x64.ActiveCfg = Release|Any CPU
		{12E784A5-40B7-403C-87A5-7AC08FF31D68}.Release|x64.Build.0 = Release|Any CPU
		{12E784A5-40B7-403C-87A5-7AC08FF31D68}.Release|x86.ActiveCfg = Release|Any CPU
		{12E784A5-40B7-403C-87A5-7AC08FF31D68}.Release|x86.Build.0 = Release|Any CPU
		{50021392-1703-498E-A7A9-0D46D3E6E470}.Debug|Any CPU.ActiveCfg = Debug|Any CPU
		{50021392-1703-498E-A7A9-0D46D3E6E470}.Debug|Any CPU.Build.0 = Debug|Any CPU
		{50021392-1703-498E-A7A9-0D46D3E6E470}.Debug|x64.ActiveCfg = Debug|Any CPU
		{50021392-1703-498E-A7A9-0D46D3E6E470}.Debug|x64.Build.0 = Debug|Any CPU
		{50021392-1703-498E-A7A9-0D46D3E6E470}.Debug|x86.ActiveCfg = Debug|Any CPU
		{50021392-1703-498E-A7A9-0D46D3E6E470}.Debug|x86.Build.0 = Debug|Any CPU
		{50021392-1703-498E-A7A9-0D46D3E6E470}.Release|Any CPU.ActiveCfg = Release|Any CPU
		{50021392-1703-498E-A7A9-0D46D3E6E470}.Release|Any CPU.Build.0 = Release|Any CPU
		{50021392-1703-498E-A7A9-0D46D3E6E470}.Release|x64.ActiveCfg = Release|Any CPU
		{50021392-1703-498E-A7A9-0D46D3E6E470}.Release|x64.Build.0 = Release|Any CPU
		{50021392-1703-498E-A7A9-0D46D3E6E470}.Release|x86.ActiveCfg = Release|Any CPU
		{50021392-1703-498E-A7A9-0D46D3E6E470}.Release|x86.Build.0 = Release|Any CPU
		{B212C052-A1C5-4AE6-8A47-CEC1242330F7}.Debug|Any CPU.ActiveCfg = Debug|Any CPU
		{B212C052-A1C5-4AE6-8A47-CEC1242330F7}.Debug|Any CPU.Build.0 = Debug|Any CPU
		{B212C052-A1C5-4AE6-8A47-CEC1242330F7}.Debug|x64.ActiveCfg = Debug|Any CPU
		{B212C052-A1C5-4AE6-8A47-CEC1242330F7}.Debug|x64.Build.0 = Debug|Any CPU
		{B212C052-A1C5-4AE6-8A47-CEC1242330F7}.Debug|x86.ActiveCfg = Debug|Any CPU
		{B212C052-A1C5-4AE6-8A47-CEC1242330F7}.Debug|x86.Build.0 = Debug|Any CPU
		{B212C052-A1C5-4AE6-8A47-CEC1242330F7}.Release|Any CPU.ActiveCfg = Release|Any CPU
		{B212C052-A1C5-4AE6-8A47-CEC1242330F7}.Release|Any CPU.Build.0 = Release|Any CPU
		{B212C052-A1C5-4AE6-8A47-CEC1242330F7}.Release|x64.ActiveCfg = Release|Any CPU
		{B212C052-A1C5-4AE6-8A47-CEC1242330F7}.Release|x64.Build.0 = Release|Any CPU
		{B212C052-A1C5-4AE6-8A47-CEC1242330F7}.Release|x86.ActiveCfg = Release|Any CPU
		{B212C052-A1C5-4AE6-8A47-CEC1242330F7}.Release|x86.Build.0 = Release|Any CPU
		{D831088F-82BE-47C0-BE55-F061A78E7B49}.Debug|Any CPU.ActiveCfg = Debug|Any CPU
		{D831088F-82BE-47C0-BE55-F061A78E7B49}.Debug|Any CPU.Build.0 = Debug|Any CPU
		{D831088F-82BE-47C0-BE55-F061A78E7B49}.Debug|x64.ActiveCfg = Debug|Any CPU
		{D831088F-82BE-47C0-BE55-F061A78E7B49}.Debug|x64.Build.0 = Debug|Any CPU
		{D831088F-82BE-47C0-BE55-F061A78E7B49}.Debug|x86.ActiveCfg = Debug|Any CPU
		{D831088F-82BE-47C0-BE55-F061A78E7B49}.Debug|x86.Build.0 = Debug|Any CPU
		{D831088F-82BE-47C0-BE55-F061A78E7B49}.Release|Any CPU.ActiveCfg = Release|Any CPU
		{D831088F-82BE-47C0-BE55-F061A78E7B49}.Release|Any CPU.Build.0 = Release|Any CPU
		{D831088F-82BE-47C0-BE55-F061A78E7B49}.Release|x64.ActiveCfg = Release|Any CPU
		{D831088F-82BE-47C0-BE55-F061A78E7B49}.Release|x64.Build.0 = Release|Any CPU
		{D831088F-82BE-47C0-BE55-F061A78E7B49}.Release|x86.ActiveCfg = Release|Any CPU
		{D831088F-82BE-47C0-BE55-F061A78E7B49}.Release|x86.Build.0 = Release|Any CPU
		{D7628BF9-2DEB-4C05-B4CA-FDDC1E8E0345}.Debug|Any CPU.ActiveCfg = Debug|Any CPU
		{D7628BF9-2DEB-4C05-B4CA-FDDC1E8E0345}.Debug|Any CPU.Build.0 = Debug|Any CPU
		{D7628BF9-2DEB-4C05-B4CA-FDDC1E8E0345}.Debug|x64.ActiveCfg = Debug|Any CPU
		{D7628BF9-2DEB-4C05-B4CA-FDDC1E8E0345}.Debug|x64.Build.0 = Debug|Any CPU
		{D7628BF9-2DEB-4C05-B4CA-FDDC1E8E0345}.Debug|x86.ActiveCfg = Debug|Any CPU
		{D7628BF9-2DEB-4C05-B4CA-FDDC1E8E0345}.Debug|x86.Build.0 = Debug|Any CPU
		{D7628BF9-2DEB-4C05-B4CA-FDDC1E8E0345}.Release|Any CPU.ActiveCfg = Release|Any CPU
		{D7628BF9-2DEB-4C05-B4CA-FDDC1E8E0345}.Release|Any CPU.Build.0 = Release|Any CPU
		{D7628BF9-2DEB-4C05-B4CA-FDDC1E8E0345}.Release|x64.ActiveCfg = Release|Any CPU
		{D7628BF9-2DEB-4C05-B4CA-FDDC1E8E0345}.Release|x64.Build.0 = Release|Any CPU
		{D7628BF9-2DEB-4C05-B4CA-FDDC1E8E0345}.Release|x86.ActiveCfg = Release|Any CPU
		{D7628BF9-2DEB-4C05-B4CA-FDDC1E8E0345}.Release|x86.Build.0 = Release|Any CPU
		{962FD148-43E2-4781-BA39-521A07EADFD6}.Debug|Any CPU.ActiveCfg = Debug|Any CPU
		{962FD148-43E2-4781-BA39-521A07EADFD6}.Debug|Any CPU.Build.0 = Debug|Any CPU
		{962FD148-43E2-4781-BA39-521A07EADFD6}.Debug|x64.ActiveCfg = Debug|Any CPU
		{962FD148-43E2-4781-BA39-521A07EADFD6}.Debug|x64.Build.0 = Debug|Any CPU
		{962FD148-43E2-4781-BA39-521A07EADFD6}.Debug|x86.ActiveCfg = Debug|Any CPU
		{962FD148-43E2-4781-BA39-521A07EADFD6}.Debug|x86.Build.0 = Debug|Any CPU
		{962FD148-43E2-4781-BA39-521A07EADFD6}.Release|Any CPU.ActiveCfg = Release|Any CPU
		{962FD148-43E2-4781-BA39-521A07EADFD6}.Release|Any CPU.Build.0 = Release|Any CPU
		{962FD148-43E2-4781-BA39-521A07EADFD6}.Release|x64.ActiveCfg = Release|Any CPU
		{962FD148-43E2-4781-BA39-521A07EADFD6}.Release|x64.Build.0 = Release|Any CPU
		{962FD148-43E2-4781-BA39-521A07EADFD6}.Release|x86.ActiveCfg = Release|Any CPU
		{962FD148-43E2-4781-BA39-521A07EADFD6}.Release|x86.Build.0 = Release|Any CPU
		{21DEE9D5-B377-4B72-81A4-48D3C5C43293}.Debug|Any CPU.ActiveCfg = Debug|Any CPU
		{21DEE9D5-B377-4B72-81A4-48D3C5C43293}.Debug|Any CPU.Build.0 = Debug|Any CPU
		{21DEE9D5-B377-4B72-81A4-48D3C5C43293}.Debug|x64.ActiveCfg = Debug|Any CPU
		{21DEE9D5-B377-4B72-81A4-48D3C5C43293}.Debug|x64.Build.0 = Debug|Any CPU
		{21DEE9D5-B377-4B72-81A4-48D3C5C43293}.Debug|x86.ActiveCfg = Debug|Any CPU
		{21DEE9D5-B377-4B72-81A4-48D3C5C43293}.Debug|x86.Build.0 = Debug|Any CPU
		{21DEE9D5-B377-4B72-81A4-48D3C5C43293}.Release|Any CPU.ActiveCfg = Release|Any CPU
		{21DEE9D5-B377-4B72-81A4-48D3C5C43293}.Release|Any CPU.Build.0 = Release|Any CPU
		{21DEE9D5-B377-4B72-81A4-48D3C5C43293}.Release|x64.ActiveCfg = Release|Any CPU
		{21DEE9D5-B377-4B72-81A4-48D3C5C43293}.Release|x64.Build.0 = Release|Any CPU
		{21DEE9D5-B377-4B72-81A4-48D3C5C43293}.Release|x86.ActiveCfg = Release|Any CPU
		{21DEE9D5-B377-4B72-81A4-48D3C5C43293}.Release|x86.Build.0 = Release|Any CPU
		{82483BC2-6C46-4735-8ED9-0A86F23DCDF1}.Debug|Any CPU.ActiveCfg = Debug|Any CPU
		{82483BC2-6C46-4735-8ED9-0A86F23DCDF1}.Debug|Any CPU.Build.0 = Debug|Any CPU
		{82483BC2-6C46-4735-8ED9-0A86F23DCDF1}.Debug|x64.ActiveCfg = Debug|Any CPU
		{82483BC2-6C46-4735-8ED9-0A86F23DCDF1}.Debug|x64.Build.0 = Debug|Any CPU
		{82483BC2-6C46-4735-8ED9-0A86F23DCDF1}.Debug|x86.ActiveCfg = Debug|Any CPU
		{82483BC2-6C46-4735-8ED9-0A86F23DCDF1}.Debug|x86.Build.0 = Debug|Any CPU
		{82483BC2-6C46-4735-8ED9-0A86F23DCDF1}.Release|Any CPU.ActiveCfg = Release|Any CPU
		{82483BC2-6C46-4735-8ED9-0A86F23DCDF1}.Release|Any CPU.Build.0 = Release|Any CPU
		{82483BC2-6C46-4735-8ED9-0A86F23DCDF1}.Release|x64.ActiveCfg = Release|Any CPU
		{82483BC2-6C46-4735-8ED9-0A86F23DCDF1}.Release|x64.Build.0 = Release|Any CPU
		{82483BC2-6C46-4735-8ED9-0A86F23DCDF1}.Release|x86.ActiveCfg = Release|Any CPU
		{82483BC2-6C46-4735-8ED9-0A86F23DCDF1}.Release|x86.Build.0 = Release|Any CPU
		{08D23FEC-0E16-4C57-806A-6B8CEF11020F}.Debug|Any CPU.ActiveCfg = Debug|Any CPU
		{08D23FEC-0E16-4C57-806A-6B8CEF11020F}.Debug|Any CPU.Build.0 = Debug|Any CPU
		{08D23FEC-0E16-4C57-806A-6B8CEF11020F}.Debug|x64.ActiveCfg = Debug|Any CPU
		{08D23FEC-0E16-4C57-806A-6B8CEF11020F}.Debug|x64.Build.0 = Debug|Any CPU
		{08D23FEC-0E16-4C57-806A-6B8CEF11020F}.Debug|x86.ActiveCfg = Debug|Any CPU
		{08D23FEC-0E16-4C57-806A-6B8CEF11020F}.Debug|x86.Build.0 = Debug|Any CPU
		{08D23FEC-0E16-4C57-806A-6B8CEF11020F}.Release|Any CPU.ActiveCfg = Release|Any CPU
		{08D23FEC-0E16-4C57-806A-6B8CEF11020F}.Release|Any CPU.Build.0 = Release|Any CPU
		{08D23FEC-0E16-4C57-806A-6B8CEF11020F}.Release|x64.ActiveCfg = Release|Any CPU
		{08D23FEC-0E16-4C57-806A-6B8CEF11020F}.Release|x64.Build.0 = Release|Any CPU
		{08D23FEC-0E16-4C57-806A-6B8CEF11020F}.Release|x86.ActiveCfg = Release|Any CPU
		{08D23FEC-0E16-4C57-806A-6B8CEF11020F}.Release|x86.Build.0 = Release|Any CPU
		{291AC966-31D0-4CB3-AE59-529EDB473808}.Debug|Any CPU.ActiveCfg = Debug|Any CPU
		{291AC966-31D0-4CB3-AE59-529EDB473808}.Debug|Any CPU.Build.0 = Debug|Any CPU
		{291AC966-31D0-4CB3-AE59-529EDB473808}.Debug|x64.ActiveCfg = Debug|Any CPU
		{291AC966-31D0-4CB3-AE59-529EDB473808}.Debug|x64.Build.0 = Debug|Any CPU
		{291AC966-31D0-4CB3-AE59-529EDB473808}.Debug|x86.ActiveCfg = Debug|Any CPU
		{291AC966-31D0-4CB3-AE59-529EDB473808}.Debug|x86.Build.0 = Debug|Any CPU
		{291AC966-31D0-4CB3-AE59-529EDB473808}.Release|Any CPU.ActiveCfg = Release|Any CPU
		{291AC966-31D0-4CB3-AE59-529EDB473808}.Release|Any CPU.Build.0 = Release|Any CPU
		{291AC966-31D0-4CB3-AE59-529EDB473808}.Release|x64.ActiveCfg = Release|Any CPU
		{291AC966-31D0-4CB3-AE59-529EDB473808}.Release|x64.Build.0 = Release|Any CPU
		{291AC966-31D0-4CB3-AE59-529EDB473808}.Release|x86.ActiveCfg = Release|Any CPU
		{291AC966-31D0-4CB3-AE59-529EDB473808}.Release|x86.Build.0 = Release|Any CPU
		{2DBF7C46-D533-4130-96C0-73AC577B5180}.Debug|Any CPU.ActiveCfg = Debug|Any CPU
		{2DBF7C46-D533-4130-96C0-73AC577B5180}.Debug|Any CPU.Build.0 = Debug|Any CPU
		{2DBF7C46-D533-4130-96C0-73AC577B5180}.Debug|x64.ActiveCfg = Debug|Any CPU
		{2DBF7C46-D533-4130-96C0-73AC577B5180}.Debug|x64.Build.0 = Debug|Any CPU
		{2DBF7C46-D533-4130-96C0-73AC577B5180}.Debug|x86.ActiveCfg = Debug|Any CPU
		{2DBF7C46-D533-4130-96C0-73AC577B5180}.Debug|x86.Build.0 = Debug|Any CPU
		{2DBF7C46-D533-4130-96C0-73AC577B5180}.Release|Any CPU.ActiveCfg = Release|Any CPU
		{2DBF7C46-D533-4130-96C0-73AC577B5180}.Release|Any CPU.Build.0 = Release|Any CPU
		{2DBF7C46-D533-4130-96C0-73AC577B5180}.Release|x64.ActiveCfg = Release|Any CPU
		{2DBF7C46-D533-4130-96C0-73AC577B5180}.Release|x64.Build.0 = Release|Any CPU
		{2DBF7C46-D533-4130-96C0-73AC577B5180}.Release|x86.ActiveCfg = Release|Any CPU
		{2DBF7C46-D533-4130-96C0-73AC577B5180}.Release|x86.Build.0 = Release|Any CPU
		{E614C8F5-927F-4654-A37C-39E539E38512}.Debug|Any CPU.ActiveCfg = Debug|Any CPU
		{E614C8F5-927F-4654-A37C-39E539E38512}.Debug|Any CPU.Build.0 = Debug|Any CPU
		{E614C8F5-927F-4654-A37C-39E539E38512}.Debug|x64.ActiveCfg = Debug|Any CPU
		{E614C8F5-927F-4654-A37C-39E539E38512}.Debug|x64.Build.0 = Debug|Any CPU
		{E614C8F5-927F-4654-A37C-39E539E38512}.Debug|x86.ActiveCfg = Debug|Any CPU
		{E614C8F5-927F-4654-A37C-39E539E38512}.Debug|x86.Build.0 = Debug|Any CPU
		{E614C8F5-927F-4654-A37C-39E539E38512}.Release|Any CPU.ActiveCfg = Release|Any CPU
		{E614C8F5-927F-4654-A37C-39E539E38512}.Release|Any CPU.Build.0 = Release|Any CPU
		{E614C8F5-927F-4654-A37C-39E539E38512}.Release|x64.ActiveCfg = Release|Any CPU
		{E614C8F5-927F-4654-A37C-39E539E38512}.Release|x64.Build.0 = Release|Any CPU
		{E614C8F5-927F-4654-A37C-39E539E38512}.Release|x86.ActiveCfg = Release|Any CPU
		{E614C8F5-927F-4654-A37C-39E539E38512}.Release|x86.Build.0 = Release|Any CPU
		{3618EA13-DF48-4D71-9CE5-EF4AEE0E6FD5}.Debug|Any CPU.ActiveCfg = Debug|Any CPU
		{3618EA13-DF48-4D71-9CE5-EF4AEE0E6FD5}.Debug|Any CPU.Build.0 = Debug|Any CPU
		{3618EA13-DF48-4D71-9CE5-EF4AEE0E6FD5}.Debug|x64.ActiveCfg = Debug|Any CPU
		{3618EA13-DF48-4D71-9CE5-EF4AEE0E6FD5}.Debug|x64.Build.0 = Debug|Any CPU
		{3618EA13-DF48-4D71-9CE5-EF4AEE0E6FD5}.Debug|x86.ActiveCfg = Debug|Any CPU
		{3618EA13-DF48-4D71-9CE5-EF4AEE0E6FD5}.Debug|x86.Build.0 = Debug|Any CPU
		{3618EA13-DF48-4D71-9CE5-EF4AEE0E6FD5}.Release|Any CPU.ActiveCfg = Release|Any CPU
		{3618EA13-DF48-4D71-9CE5-EF4AEE0E6FD5}.Release|Any CPU.Build.0 = Release|Any CPU
		{3618EA13-DF48-4D71-9CE5-EF4AEE0E6FD5}.Release|x64.ActiveCfg = Release|Any CPU
		{3618EA13-DF48-4D71-9CE5-EF4AEE0E6FD5}.Release|x64.Build.0 = Release|Any CPU
		{3618EA13-DF48-4D71-9CE5-EF4AEE0E6FD5}.Release|x86.ActiveCfg = Release|Any CPU
		{3618EA13-DF48-4D71-9CE5-EF4AEE0E6FD5}.Release|x86.Build.0 = Release|Any CPU
		{C967D7C6-2627-4641-B129-0AEEE7481016}.Debug|Any CPU.ActiveCfg = Debug|Any CPU
		{C967D7C6-2627-4641-B129-0AEEE7481016}.Debug|Any CPU.Build.0 = Debug|Any CPU
		{C967D7C6-2627-4641-B129-0AEEE7481016}.Debug|x64.ActiveCfg = Debug|Any CPU
		{C967D7C6-2627-4641-B129-0AEEE7481016}.Debug|x64.Build.0 = Debug|Any CPU
		{C967D7C6-2627-4641-B129-0AEEE7481016}.Debug|x86.ActiveCfg = Debug|Any CPU
		{C967D7C6-2627-4641-B129-0AEEE7481016}.Debug|x86.Build.0 = Debug|Any CPU
		{C967D7C6-2627-4641-B129-0AEEE7481016}.Release|Any CPU.ActiveCfg = Release|Any CPU
		{C967D7C6-2627-4641-B129-0AEEE7481016}.Release|Any CPU.Build.0 = Release|Any CPU
		{C967D7C6-2627-4641-B129-0AEEE7481016}.Release|x64.ActiveCfg = Release|Any CPU
		{C967D7C6-2627-4641-B129-0AEEE7481016}.Release|x64.Build.0 = Release|Any CPU
		{C967D7C6-2627-4641-B129-0AEEE7481016}.Release|x86.ActiveCfg = Release|Any CPU
		{C967D7C6-2627-4641-B129-0AEEE7481016}.Release|x86.Build.0 = Release|Any CPU
		{9B8AB52C-35FF-4167-AEB8-154A8BCE554D}.Debug|Any CPU.ActiveCfg = Debug|Any CPU
		{9B8AB52C-35FF-4167-AEB8-154A8BCE554D}.Debug|Any CPU.Build.0 = Debug|Any CPU
		{9B8AB52C-35FF-4167-AEB8-154A8BCE554D}.Debug|x64.ActiveCfg = Debug|Any CPU
		{9B8AB52C-35FF-4167-AEB8-154A8BCE554D}.Debug|x64.Build.0 = Debug|Any CPU
		{9B8AB52C-35FF-4167-AEB8-154A8BCE554D}.Debug|x86.ActiveCfg = Debug|Any CPU
		{9B8AB52C-35FF-4167-AEB8-154A8BCE554D}.Debug|x86.Build.0 = Debug|Any CPU
		{9B8AB52C-35FF-4167-AEB8-154A8BCE554D}.Release|Any CPU.ActiveCfg = Release|Any CPU
		{9B8AB52C-35FF-4167-AEB8-154A8BCE554D}.Release|Any CPU.Build.0 = Release|Any CPU
		{9B8AB52C-35FF-4167-AEB8-154A8BCE554D}.Release|x64.ActiveCfg = Release|Any CPU
		{9B8AB52C-35FF-4167-AEB8-154A8BCE554D}.Release|x64.Build.0 = Release|Any CPU
		{9B8AB52C-35FF-4167-AEB8-154A8BCE554D}.Release|x86.ActiveCfg = Release|Any CPU
		{9B8AB52C-35FF-4167-AEB8-154A8BCE554D}.Release|x86.Build.0 = Release|Any CPU
	EndGlobalSection
	GlobalSection(SolutionProperties) = preSolution
		HideSolutionNode = FALSE
	EndGlobalSection
	GlobalSection(NestedProjects) = preSolution
		{C1A4A020-5504-4A47-87F9-79E697EF6038} = {EEA616BB-6AD2-4F34-BC4B-1F430277B31D}
		{532DB39C-B5CF-46E8-A9FA-C6A7A36CF622} = {EEA616BB-6AD2-4F34-BC4B-1F430277B31D}
		{B6443248-A5A9-4A65-A27D-578CA53B6D48} = {EEA616BB-6AD2-4F34-BC4B-1F430277B31D}
		{643C89A8-AE7D-44EC-B39A-38FD007F24FD} = {EEA616BB-6AD2-4F34-BC4B-1F430277B31D}
		{C1DC7DCC-7F55-4F64-81DD-C07FBB59DD3F} = {EEA616BB-6AD2-4F34-BC4B-1F430277B31D}
		{39940DE5-DCAE-407C-9E6C-75FB3578F535} = {EEA616BB-6AD2-4F34-BC4B-1F430277B31D}
		{FD6B7E3C-4708-40E1-979B-7D00227177FA} = {EEA616BB-6AD2-4F34-BC4B-1F430277B31D}
		{4BB9D65F-A406-4C2B-B2C4-F0ED3826DDBD} = {EEA616BB-6AD2-4F34-BC4B-1F430277B31D}
		{80C27A9F-E150-4525-9EAA-E0E448398815} = {EEA616BB-6AD2-4F34-BC4B-1F430277B31D}
		{F1CC4E4C-EA65-43F9-8D46-9C7C5198C9DF} = {EEA616BB-6AD2-4F34-BC4B-1F430277B31D}
		{5005C4AC-D9EF-4E9B-AB0E-7F29AFA2E35A} = {EEA616BB-6AD2-4F34-BC4B-1F430277B31D}
		{48B12B33-B498-47D3-91CA-260F151DD7E3} = {EEA616BB-6AD2-4F34-BC4B-1F430277B31D}
		{41AE8006-70AF-4304-A456-A267AD84D411} = {EEA616BB-6AD2-4F34-BC4B-1F430277B31D}
		{F87E6A83-C154-4548-A4B3-1866783351BE} = {EEA616BB-6AD2-4F34-BC4B-1F430277B31D}
		{12E784A5-40B7-403C-87A5-7AC08FF31D68} = {EEA616BB-6AD2-4F34-BC4B-1F430277B31D}
		{50021392-1703-498E-A7A9-0D46D3E6E470} = {EEA616BB-6AD2-4F34-BC4B-1F430277B31D}
		{B212C052-A1C5-4AE6-8A47-CEC1242330F7} = {EEA616BB-6AD2-4F34-BC4B-1F430277B31D}
		{D831088F-82BE-47C0-BE55-F061A78E7B49} = {EEA616BB-6AD2-4F34-BC4B-1F430277B31D}
		{D7628BF9-2DEB-4C05-B4CA-FDDC1E8E0345} = {EEA616BB-6AD2-4F34-BC4B-1F430277B31D}
		{962FD148-43E2-4781-BA39-521A07EADFD6} = {EEA616BB-6AD2-4F34-BC4B-1F430277B31D}
		{21DEE9D5-B377-4B72-81A4-48D3C5C43293} = {EEA616BB-6AD2-4F34-BC4B-1F430277B31D}
		{82483BC2-6C46-4735-8ED9-0A86F23DCDF1} = {EEA616BB-6AD2-4F34-BC4B-1F430277B31D}
		{08D23FEC-0E16-4C57-806A-6B8CEF11020F} = {EEA616BB-6AD2-4F34-BC4B-1F430277B31D}
		{291AC966-31D0-4CB3-AE59-529EDB473808} = {EEA616BB-6AD2-4F34-BC4B-1F430277B31D}
		{2DBF7C46-D533-4130-96C0-73AC577B5180} = {EEA616BB-6AD2-4F34-BC4B-1F430277B31D}
		{E614C8F5-927F-4654-A37C-39E539E38512} = {EEA616BB-6AD2-4F34-BC4B-1F430277B31D}
		{3618EA13-DF48-4D71-9CE5-EF4AEE0E6FD5} = {EEA616BB-6AD2-4F34-BC4B-1F430277B31D}
		{C967D7C6-2627-4641-B129-0AEEE7481016} = {EEA616BB-6AD2-4F34-BC4B-1F430277B31D}
		{9B8AB52C-35FF-4167-AEB8-154A8BCE554D} = {EEA616BB-6AD2-4F34-BC4B-1F430277B31D}
	EndGlobalSection
	GlobalSection(ExtensibilityGlobals) = postSolution
		SolutionGuid = {5EDA2D1C-FA1E-49A0-A67C-5267D7503BB2}
	EndGlobalSection
EndGlobal
